
Microsoft Visual Studio Solution File, Format Version 12.00
# Visual Studio 2010
Project("{FAE04EC0-301F-11D3-BF4B-00C04F79EFBC}") = "VrPlayer", "VrPlayer\VrPlayer.csproj", "{D57FC621-BC2F-48B8-804C-F836C0BD1B3C}"
	ProjectSection(ProjectDependencies) = postProject
		{882C310A-2797-44C4-B928-D8971E74FC52} = {882C310A-2797-44C4-B928-D8971E74FC52}
		{08B03E0C-2A45-479C-9E51-FBC6A4255D39} = {08B03E0C-2A45-479C-9E51-FBC6A4255D39}
		{9FA13213-EC7A-4E62-9955-003200B56CFB} = {9FA13213-EC7A-4E62-9955-003200B56CFB}
		{F176E914-E0C9-45D9-8531-1BD54786EF46} = {F176E914-E0C9-45D9-8531-1BD54786EF46}
		{8F8AE632-09A2-4CB1-BE6D-CA712DB35F08} = {8F8AE632-09A2-4CB1-BE6D-CA712DB35F08}
		{A38CA833-600C-47DE-B95E-2A2C880DC40D} = {A38CA833-600C-47DE-B95E-2A2C880DC40D}
		{1CF56440-3A28-41E0-8A57-FEDFF7535FEA} = {1CF56440-3A28-41E0-8A57-FEDFF7535FEA}
		{4416544D-1006-41DB-BB34-E99D9E865DB0} = {4416544D-1006-41DB-BB34-E99D9E865DB0}
		{346E3C64-7497-4110-A350-38C774429C16} = {346E3C64-7497-4110-A350-38C774429C16}
		{8B0D936A-DF16-49B1-AE29-58909CF5D791} = {8B0D936A-DF16-49B1-AE29-58909CF5D791}
		{0E366875-1A30-43C7-B418-CBD4E5FC78DB} = {0E366875-1A30-43C7-B418-CBD4E5FC78DB}
		{764EF976-64F0-4E24-951D-E99BE14FAAC4} = {764EF976-64F0-4E24-951D-E99BE14FAAC4}
		{19DEEA79-AC15-44E8-9634-981D4E506C45} = {19DEEA79-AC15-44E8-9634-981D4E506C45}
		{0BB9887E-2DC3-48A9-B454-0527669B52E1} = {0BB9887E-2DC3-48A9-B454-0527669B52E1}
		{CEC4BE87-986A-4621-8341-E57C4D05F96D} = {CEC4BE87-986A-4621-8341-E57C4D05F96D}
		{165D35AA-8573-4591-A491-E9A26F9802D6} = {165D35AA-8573-4591-A491-E9A26F9802D6}
		{AFEA0AB5-F77D-4DD4-9005-B6447B297AC3} = {AFEA0AB5-F77D-4DD4-9005-B6447B297AC3}
		{3DF912C2-51EF-4B8C-AA22-17ABC2EFD58B} = {3DF912C2-51EF-4B8C-AA22-17ABC2EFD58B}
		{C84195CD-C0A0-46AA-9435-E45B6D2833BE} = {C84195CD-C0A0-46AA-9435-E45B6D2833BE}
		{4C1BD4D8-AC6D-4CE5-9FB5-7E1F25100DED} = {4C1BD4D8-AC6D-4CE5-9FB5-7E1F25100DED}
		{26D53DDA-8C96-44D5-B4F2-B27AD94AEF66} = {26D53DDA-8C96-44D5-B4F2-B27AD94AEF66}
		{042F31E3-71B6-4AC2-8AC3-B1620E15F62A} = {042F31E3-71B6-4AC2-8AC3-B1620E15F62A}
		{26F3CAF3-E68C-47C6-B960-94D550CB8BD4} = {26F3CAF3-E68C-47C6-B960-94D550CB8BD4}
	EndProjectSection
EndProject
Project("{FAE04EC0-301F-11D3-BF4B-00C04F79EFBC}") = "VrPlayer.Tests", "VrPlayer.Tests\VrPlayer.Tests.csproj", "{677368A6-8732-4899-B3E0-A971334C413E}"
EndProject
Project("{2150E333-8FDC-42A3-9474-1A3956D46DE8}") = "Trackers", "Trackers", "{54AE99E5-4BCF-49E1-A26D-FF3AF91A5026}"
EndProject
Project("{FAE04EC0-301F-11D3-BF4B-00C04F79EFBC}") = "VrPlayer.Contracts", "VrPlayer.Contracts\VrPlayer.Contracts.csproj", "{463D0CFD-915F-41ED-9807-D509EBE1124C}"
EndProject
Project("{FAE04EC0-301F-11D3-BF4B-00C04F79EFBC}") = "VrPlayer.Helpers", "VrPlayer.Helpers\VrPlayer.Helpers.csproj", "{D4A54A70-3BB5-4BE5-BEDB-3A41B6C43033}"
EndProject
Project("{FAE04EC0-301F-11D3-BF4B-00C04F79EFBC}") = "VrPlayer.Trackers.KinectTracker", "VrPlayer.Trackers\VrPlayer.Trackers.KinectTracker\VrPlayer.Trackers.KinectTracker.csproj", "{346E3C64-7497-4110-A350-38C774429C16}"
EndProject
Project("{FAE04EC0-301F-11D3-BF4B-00C04F79EFBC}") = "VrPlayer.Trackers.LeapTracker", "VrPlayer.Trackers\VrPlayer.Trackers.LeapTracker\VrPlayer.Trackers.LeapTracker.csproj", "{CA199CCF-3E07-4F57-84E1-3CB6E5B44C2B}"
EndProject
Project("{FAE04EC0-301F-11D3-BF4B-00C04F79EFBC}") = "VrPlayer.Trackers.PsMoveTracker", "VrPlayer.Trackers\VrPlayer.Trackers.PsMoveTracker\VrPlayer.Trackers.PsMoveTracker.csproj", "{8B0D936A-DF16-49B1-AE29-58909CF5D791}"
EndProject
Project("{FAE04EC0-301F-11D3-BF4B-00C04F79EFBC}") = "VrPlayer.Trackers.RazerHydraTracker", "VrPlayer.Trackers\VrPlayer.Trackers.RazerHydraTracker\VrPlayer.Trackers.RazerHydraTracker.csproj", "{0E366875-1A30-43C7-B418-CBD4E5FC78DB}"
EndProject
Project("{FAE04EC0-301F-11D3-BF4B-00C04F79EFBC}") = "VrPlayer.Trackers.VrpnTracker", "VrPlayer.Trackers\VrPlayer.Trackers.VrpnTracker\VrPlayer.Trackers.VrpnTracker.csproj", "{C84195CD-C0A0-46AA-9435-E45B6D2833BE}"
EndProject
Project("{FAE04EC0-301F-11D3-BF4B-00C04F79EFBC}") = "VrPlayer.Trackers.WiimoteTracker", "VrPlayer.Trackers\VrPlayer.Trackers.WiimoteTracker\VrPlayer.Trackers.WiimoteTracker.csproj", "{9FA13213-EC7A-4E62-9955-003200B56CFB}"
EndProject
Project("{2150E333-8FDC-42A3-9474-1A3956D46DE8}") = "Distortions", "Distortions", "{C5A2E175-1D11-49C1-8EB9-A2F3D99B8B74}"
EndProject
Project("{FAE04EC0-301F-11D3-BF4B-00C04F79EFBC}") = "VrPlayer.Distortions.Barrel", "VrPlayer.Distortions\VrPlayer.Distortions.Barrel\VrPlayer.Distortions.Barrel.csproj", "{AFEA0AB5-F77D-4DD4-9005-B6447B297AC3}"
EndProject
Project("{FAE04EC0-301F-11D3-BF4B-00C04F79EFBC}") = "VrPlayer.Distortions.Pincushion", "VrPlayer.Distortions\VrPlayer.Distortions.Pincushion\VrPlayer.Distortions.Pincushion.csproj", "{3DF912C2-51EF-4B8C-AA22-17ABC2EFD58B}"
EndProject
Project("{2150E333-8FDC-42A3-9474-1A3956D46DE8}") = "Effects", "Effects", "{17B38A52-CA16-483D-A783-1318359B6C44}"
EndProject
Project("{FAE04EC0-301F-11D3-BF4B-00C04F79EFBC}") = "VrPlayer.Effects.ColorKeyAlpha", "VrPlayer.Effects\VrPlayer.Effects.ColorKeyAlphaEffect\VrPlayer.Effects.ColorKeyAlpha.csproj", "{042F31E3-71B6-4AC2-8AC3-B1620E15F62A}"
EndProject
Project("{FAE04EC0-301F-11D3-BF4B-00C04F79EFBC}") = "VrPlayer.Effects.DepthMapOverUnder", "VrPlayer.Effects\VrPlayer.Effects.DepthMapOverUnder\VrPlayer.Effects.DepthMapOverUnder.csproj", "{19DEEA79-AC15-44E8-9634-981D4E506C45}"
EndProject
Project("{FAE04EC0-301F-11D3-BF4B-00C04F79EFBC}") = "VrPlayer.Effects.DepthMapSbs", "VrPlayer.Effects\VrPlayer.Effects.DepthMapSbs\VrPlayer.Effects.DepthMapSbs.csproj", "{882C310A-2797-44C4-B928-D8971E74FC52}"
EndProject
Project("{FAE04EC0-301F-11D3-BF4B-00C04F79EFBC}") = "VrPlayer.Effects.UnwrapFishEye", "VrPlayer.Effects\VrPlayer.Effects.UnwrapFishEye\VrPlayer.Effects.UnwrapFishEye.csproj", "{1CF56440-3A28-41E0-8A57-FEDFF7535FEA}"
EndProject
Project("{FAE04EC0-301F-11D3-BF4B-00C04F79EFBC}") = "VrPlayer.Effects.UnwrapFishEyeStereo", "VrPlayer.Effects\VrPlayer.Effects.UnwrapFishEyeStereo\VrPlayer.Effects.UnwrapFishEyeStereo.csproj", "{4416544D-1006-41DB-BB34-E99D9E865DB0}"
EndProject
Project("{2150E333-8FDC-42A3-9474-1A3956D46DE8}") = "Projections", "Projections", "{3E5F8E2F-BA19-4907-A42A-7B72311ADA62}"
EndProject
Project("{FAE04EC0-301F-11D3-BF4B-00C04F79EFBC}") = "VrPlayer.Projections.Cube", "VrPlayer.Projections\VrPlayer.Projections.Cube\VrPlayer.Projections.Cube.csproj", "{A38CA833-600C-47DE-B95E-2A2C880DC40D}"
EndProject
Project("{FAE04EC0-301F-11D3-BF4B-00C04F79EFBC}") = "VrPlayer.Projections.Cylinder", "VrPlayer.Projections\VrPlayer.Projections.Cylinder\VrPlayer.Projections.Cylinder.csproj", "{CEC4BE87-986A-4621-8341-E57C4D05F96D}"
EndProject
Project("{FAE04EC0-301F-11D3-BF4B-00C04F79EFBC}") = "VrPlayer.Projections.Dome", "VrPlayer.Projections\VrPlayer.Projections.Dome\VrPlayer.Projections.Dome.csproj", "{26F3CAF3-E68C-47C6-B960-94D550CB8BD4}"
EndProject
Project("{FAE04EC0-301F-11D3-BF4B-00C04F79EFBC}") = "VrPlayer.Projections.Plane", "VrPlayer.Projections\VrPlayer.Projections.Plane\VrPlayer.Projections.Plane.csproj", "{26D53DDA-8C96-44D5-B4F2-B27AD94AEF66}"
EndProject
Project("{FAE04EC0-301F-11D3-BF4B-00C04F79EFBC}") = "VrPlayer.Projections.Sphere", "VrPlayer.Projections\VrPlayer.Projections.Sphere\VrPlayer.Projections.Sphere.csproj", "{8F8AE632-09A2-4CB1-BE6D-CA712DB35F08}"
EndProject
Project("{FAE04EC0-301F-11D3-BF4B-00C04F79EFBC}") = "VrPlayer.Trackers.OculusRiftTracker", "VrPlayer.Trackers\VrPlayer.Trackers.OculusRiftTracker\VrPlayer.Trackers.OculusRiftTracker.csproj", "{4C1BD4D8-AC6D-4CE5-9FB5-7E1F25100DED}"
EndProject
Project("{FAE04EC0-301F-11D3-BF4B-00C04F79EFBC}") = "VrPlayer.Trackers.MouseTracker", "VrPlayer.Trackers\VrPlayer.Trackers.MouseTracker\VrPlayer.Trackers.MouseTracker.csproj", "{184FEF52-FFEB-4A23-96BB-7BC1ED6299A5}"
EndProject
Project("{FAE04EC0-301F-11D3-BF4B-00C04F79EFBC}") = "VrPlayer.Effects.NoEffect", "VrPlayer.Effects\VrPlayer.Effects.None\VrPlayer.Effects.NoEffect.csproj", "{0BB9887E-2DC3-48A9-B454-0527669B52E1}"
EndProject
Project("{FAE04EC0-301F-11D3-BF4B-00C04F79EFBC}") = "VrPlayer.Distortions.NoDistortion", "VrPlayer.Distortions\VrPlayer.Distortions.NoDistortion\VrPlayer.Distortions.NoDistortion.csproj", "{F176E914-E0C9-45D9-8531-1BD54786EF46}"
EndProject
Project("{FAE04EC0-301F-11D3-BF4B-00C04F79EFBC}") = "VrPlayer.Trackers.TrackIrTracker", "VrPlayer.Trackers\VrPlayer.Trackers.TrackIrTracker\VrPlayer.Trackers.TrackIrTracker.csproj", "{165D35AA-8573-4591-A491-E9A26F9802D6}"
EndProject
Project("{FAE04EC0-301F-11D3-BF4B-00C04F79EFBC}") = "VrPlayer.Projections.File", "VrPlayer.Projections\VrPlayer.Projections.File\VrPlayer.Projections.File.csproj", "{764EF976-64F0-4E24-951D-E99BE14FAAC4}"
EndProject
Project("{FAE04EC0-301F-11D3-BF4B-00C04F79EFBC}") = "VrPlayer.Trackers.NoTracker", "VrPlayer.Trackers\VrPlayer.Trackers.NoTracker\VrPlayer.Trackers.NoTracker.csproj", "{08B03E0C-2A45-479C-9E51-FBC6A4255D39}"
EndProject
Project("{2150E333-8FDC-42A3-9474-1A3956D46DE8}") = "Stabilizer", "Stabilizer", "{CC84EF93-7C69-4977-964D-C7EF9F1AC56D}"
EndProject
Project("{FAE04EC0-301F-11D3-BF4B-00C04F79EFBC}") = "VrPlayer.Stabilizers.Deshaker", "VrPlayer.Stabilizers\VrPlayer.Stabilizers.Deshaker\VrPlayer.Stabilizers.Deshaker.csproj", "{8B7FA04B-F4FE-4178-9C28-1E00098A27B0}"
EndProject
Project("{FAE04EC0-301F-11D3-BF4B-00C04F79EFBC}") = "VrPlayer.Stabilizers.NoStabilizer", "VrPlayer.Stabilizers\VrPlayer.Stabilizers.NoStabilizer\VrPlayer.Stabilizers.NoStabilizer.csproj", "{38FD7175-244A-48BA-89AC-623E51EA964E}"
EndProject
Project("{2150E333-8FDC-42A3-9474-1A3956D46DE8}") = "Medias", "Medias", "{C7945F11-9445-4EF4-8F1D-7DE753B63280}"
EndProject
Project("{FAE04EC0-301F-11D3-BF4B-00C04F79EFBC}") = "VrPlayer.Medias.NoMedia", "VrPlayer.Medias\VrPlayer.Medias.NoMedia\VrPlayer.Medias.NoMedia.csproj", "{7FF13B4B-B041-48CB-8C1B-52A17803A852}"
EndProject
Project("{FAE04EC0-301F-11D3-BF4B-00C04F79EFBC}") = "VrPlayer.Medias.WpfMediaKit", "VrPlayer.Medias\VrPlayer.Medias.WpfMediaKit\VrPlayer.Medias.WpfMediaKit.csproj", "{525C5AF8-654B-417E-8FBF-D872D2D74466}"
EndProject
Project("{FAE04EC0-301F-11D3-BF4B-00C04F79EFBC}") = "VrPlayer.Medias.VlcDotNet", "VrPlayer.Medias\VrPlayer.Medias.VlcDotNet\VrPlayer.Medias.VlcDotNet.csproj", "{FEBB253E-A5E0-42D4-905D-24F2B2AEEEE5}"
EndProject
Project("{FAE04EC0-301F-11D3-BF4B-00C04F79EFBC}") = "VrPlayer.Stabilizers.Csv", "VrPlayer.Stabilizers\VrPlayer.Stabilizers.Csv\VrPlayer.Stabilizers.Csv.csproj", "{4B95FD7A-F991-4331-AA5F-7AD1D76604DF}"
EndProject
Project("{FAE04EC0-301F-11D3-BF4B-00C04F79EFBC}") = "VrPlayer.Medias.Gdi", "VrPlayer.Medias\VrPlayer.Medias.Gdi\VrPlayer.Medias.Gdi.csproj", "{F6AAE40A-529D-4E1C-9D0B-A20B921CCB93}"
EndProject
Project("{FAE04EC0-301F-11D3-BF4B-00C04F79EFBC}") = "VrPlayer.Effects.Anaglyph", "VrPlayer.Effects\VrPlayer.Effects.Anaglyph\VrPlayer.Effects.Anaglyph.csproj", "{C8548661-C061-48E9-9F47-5D278DD9ABE8}"
EndProject
Project("{54435603-DBB4-11D2-8724-00A0C9A8B90C}") = "VrPlayer.Setup", "VrPlayer.Setup\VrPlayer.Setup.vdproj", "{E4A98CD1-7841-4821-87EC-7D0BF623A464}"
EndProject
Project("{FAE04EC0-301F-11D3-BF4B-00C04F79EFBC}") = "VrPlayer.Projections.FullDome", "VrPlayer.Projections\VrPlayer.Projections.FullDome\VrPlayer.Projections.FullDome.csproj", "{B7FCC83A-995C-4A39-8F7D-8A4B783FEA9C}"
EndProject
Project("{FAE04EC0-301F-11D3-BF4B-00C04F79EFBC}") = "VrPlayer.Projections.DualDome", "VrPlayer.Projections\VrPlayer.Projections.DualDome\VrPlayer.Projections.DualDome.csproj", "{0C2FE779-7323-43E4-BDD5-E747DD1CA728}"
EndProject
Project("{FAE04EC0-301F-11D3-BF4B-00C04F79EFBC}") = "VrPlayer.Specs", "VrPlayer.Specs\VrPlayer.Specs.csproj", "{CC070CA7-A305-43CC-996C-C5ED318F1D19}"
EndProject
Project("{FAE04EC0-301F-11D3-BF4B-00C04F79EFBC}") = "VrPlayer.Trackers.YEI3SpaceTracker", "VrPlayer.Trackers\VrPlayer.Trackers.YEI3SpaceTracker\VrPlayer.Trackers.YEI3SpaceTracker.csproj", "{8DDA1375-574C-45F4-970D-714544C5D89E}"
EndProject
Project("{FAE04EC0-301F-11D3-BF4B-00C04F79EFBC}") = "VrPlayer.Projections.DualFullDome", "VrPlayer.Projections\VrPlayer.Projections.DualFullDome\VrPlayer.Projections.DualFullDome.csproj", "{AD76C02B-E7FB-49B7-B8B4-50A7F17E1D16}"
EndProject
Project("{FAE04EC0-301F-11D3-BF4B-00C04F79EFBC}") = "VrPlayer.Effects.Shazzam", "VrPlayer.Effects\VrPlayer.Effects.Shazzam\VrPlayer.Effects.Shazzam.csproj", "{E0054E3B-2912-429C-BD44-EB91D1C3B158}"
EndProject
Project("{FAE04EC0-301F-11D3-BF4B-00C04F79EFBC}") = "ScreenDefinition", "ScreenDefinition\ScreenDefinition.csproj", "{511CAC8B-8070-4562-A8C1-882F67C97B7C}"
EndProject
Project("{FAE04EC0-301F-11D3-BF4B-00C04F79EFBC}") = "Vr.License", "Vr.License\Vr.License.csproj", "{5E54B9F1-7681-4F4E-AA81-FEBC39CA0476}"
EndProject
Project("{FAE04EC0-301F-11D3-BF4B-00C04F79EFBC}") = "Vr.Licence.Generate", "Vr.Licence.Generate\Vr.Licence.Generate.csproj", "{35B31171-5245-449F-8F40-AB626197789B}"
EndProject
Project("{FAE04EC0-301F-11D3-BF4B-00C04F79EFBC}") = "VrPlayer.Licence.Client", "VrPlayer.Licence.Client\VrPlayer.Licence.Client.csproj", "{85B03CB4-8949-440E-9370-0F3DD0FADC42}"
EndProject
Global
	GlobalSection(SolutionConfigurationPlatforms) = preSolution
		Debug|Any CPU = Debug|Any CPU
		Debug|Mixed Platforms = Debug|Mixed Platforms
		Debug|x86 = Debug|x86
		Release|Any CPU = Release|Any CPU
		Release|Mixed Platforms = Release|Mixed Platforms
		Release|x86 = Release|x86
	EndGlobalSection
	GlobalSection(ProjectConfigurationPlatforms) = postSolution
		{D57FC621-BC2F-48B8-804C-F836C0BD1B3C}.Debug|Any CPU.ActiveCfg = Debug|Any CPU
		{D57FC621-BC2F-48B8-804C-F836C0BD1B3C}.Debug|Any CPU.Build.0 = Debug|Any CPU
		{D57FC621-BC2F-48B8-804C-F836C0BD1B3C}.Debug|Mixed Platforms.ActiveCfg = Debug|Any CPU
		{D57FC621-BC2F-48B8-804C-F836C0BD1B3C}.Debug|Mixed Platforms.Build.0 = Debug|Any CPU
		{D57FC621-BC2F-48B8-804C-F836C0BD1B3C}.Debug|x86.ActiveCfg = Debug|x86
		{D57FC621-BC2F-48B8-804C-F836C0BD1B3C}.Debug|x86.Build.0 = Debug|x86
		{D57FC621-BC2F-48B8-804C-F836C0BD1B3C}.Release|Any CPU.ActiveCfg = Release|x86
		{D57FC621-BC2F-48B8-804C-F836C0BD1B3C}.Release|Any CPU.Build.0 = Release|x86
		{D57FC621-BC2F-48B8-804C-F836C0BD1B3C}.Release|Mixed Platforms.ActiveCfg = Release|x86
		{D57FC621-BC2F-48B8-804C-F836C0BD1B3C}.Release|Mixed Platforms.Build.0 = Release|x86
		{D57FC621-BC2F-48B8-804C-F836C0BD1B3C}.Release|x86.ActiveCfg = Release|x86
		{D57FC621-BC2F-48B8-804C-F836C0BD1B3C}.Release|x86.Build.0 = Release|x86
		{677368A6-8732-4899-B3E0-A971334C413E}.Debug|Any CPU.ActiveCfg = Debug|x86
		{677368A6-8732-4899-B3E0-A971334C413E}.Debug|Any CPU.Build.0 = Debug|x86
		{677368A6-8732-4899-B3E0-A971334C413E}.Debug|Mixed Platforms.ActiveCfg = Debug|Any CPU
		{677368A6-8732-4899-B3E0-A971334C413E}.Debug|Mixed Platforms.Build.0 = Debug|Any CPU
		{677368A6-8732-4899-B3E0-A971334C413E}.Debug|x86.ActiveCfg = Debug|Any CPU
		{677368A6-8732-4899-B3E0-A971334C413E}.Release|Any CPU.ActiveCfg = Release|Any CPU
		{677368A6-8732-4899-B3E0-A971334C413E}.Release|Any CPU.Build.0 = Release|Any CPU
		{677368A6-8732-4899-B3E0-A971334C413E}.Release|Mixed Platforms.ActiveCfg = Release|Any CPU
		{677368A6-8732-4899-B3E0-A971334C413E}.Release|Mixed Platforms.Build.0 = Release|Any CPU
		{677368A6-8732-4899-B3E0-A971334C413E}.Release|x86.ActiveCfg = Release|x86
		{677368A6-8732-4899-B3E0-A971334C413E}.Release|x86.Build.0 = Release|x86
		{463D0CFD-915F-41ED-9807-D509EBE1124C}.Debug|Any CPU.ActiveCfg = Debug|Any CPU
		{463D0CFD-915F-41ED-9807-D509EBE1124C}.Debug|Any CPU.Build.0 = Debug|Any CPU
		{463D0CFD-915F-41ED-9807-D509EBE1124C}.Debug|Mixed Platforms.ActiveCfg = Debug|Any CPU
		{463D0CFD-915F-41ED-9807-D509EBE1124C}.Debug|Mixed Platforms.Build.0 = Debug|Any CPU
		{463D0CFD-915F-41ED-9807-D509EBE1124C}.Debug|x86.ActiveCfg = Debug|Any CPU
		{463D0CFD-915F-41ED-9807-D509EBE1124C}.Release|Any CPU.ActiveCfg = Release|Any CPU
		{463D0CFD-915F-41ED-9807-D509EBE1124C}.Release|Any CPU.Build.0 = Release|Any CPU
		{463D0CFD-915F-41ED-9807-D509EBE1124C}.Release|Mixed Platforms.ActiveCfg = Release|Any CPU
		{463D0CFD-915F-41ED-9807-D509EBE1124C}.Release|Mixed Platforms.Build.0 = Release|Any CPU
		{463D0CFD-915F-41ED-9807-D509EBE1124C}.Release|x86.ActiveCfg = Release|x86
		{463D0CFD-915F-41ED-9807-D509EBE1124C}.Release|x86.Build.0 = Release|x86
		{D4A54A70-3BB5-4BE5-BEDB-3A41B6C43033}.Debug|Any CPU.ActiveCfg = Debug|Any CPU
		{D4A54A70-3BB5-4BE5-BEDB-3A41B6C43033}.Debug|Any CPU.Build.0 = Debug|Any CPU
		{D4A54A70-3BB5-4BE5-BEDB-3A41B6C43033}.Debug|Mixed Platforms.ActiveCfg = Debug|Any CPU
		{D4A54A70-3BB5-4BE5-BEDB-3A41B6C43033}.Debug|Mixed Platforms.Build.0 = Debug|Any CPU
		{D4A54A70-3BB5-4BE5-BEDB-3A41B6C43033}.Debug|x86.ActiveCfg = Debug|Any CPU
		{D4A54A70-3BB5-4BE5-BEDB-3A41B6C43033}.Release|Any CPU.ActiveCfg = Release|Any CPU
		{D4A54A70-3BB5-4BE5-BEDB-3A41B6C43033}.Release|Any CPU.Build.0 = Release|Any CPU
		{D4A54A70-3BB5-4BE5-BEDB-3A41B6C43033}.Release|Mixed Platforms.ActiveCfg = Release|Any CPU
		{D4A54A70-3BB5-4BE5-BEDB-3A41B6C43033}.Release|Mixed Platforms.Build.0 = Release|Any CPU
		{D4A54A70-3BB5-4BE5-BEDB-3A41B6C43033}.Release|x86.ActiveCfg = Release|x86
		{D4A54A70-3BB5-4BE5-BEDB-3A41B6C43033}.Release|x86.Build.0 = Release|x86
		{346E3C64-7497-4110-A350-38C774429C16}.Debug|Any CPU.ActiveCfg = Debug|Any CPU
		{346E3C64-7497-4110-A350-38C774429C16}.Debug|Any CPU.Build.0 = Debug|Any CPU
		{346E3C64-7497-4110-A350-38C774429C16}.Debug|Mixed Platforms.ActiveCfg = Debug|Any CPU
		{346E3C64-7497-4110-A350-38C774429C16}.Debug|Mixed Platforms.Build.0 = Debug|Any CPU
		{346E3C64-7497-4110-A350-38C774429C16}.Debug|x86.ActiveCfg = Debug|Any CPU
		{346E3C64-7497-4110-A350-38C774429C16}.Release|Any CPU.ActiveCfg = Release|Any CPU
		{346E3C64-7497-4110-A350-38C774429C16}.Release|Any CPU.Build.0 = Release|Any CPU
		{346E3C64-7497-4110-A350-38C774429C16}.Release|Mixed Platforms.ActiveCfg = Release|Any CPU
		{346E3C64-7497-4110-A350-38C774429C16}.Release|Mixed Platforms.Build.0 = Release|Any CPU
		{346E3C64-7497-4110-A350-38C774429C16}.Release|x86.ActiveCfg = Release|x86
		{346E3C64-7497-4110-A350-38C774429C16}.Release|x86.Build.0 = Release|x86
		{CA199CCF-3E07-4F57-84E1-3CB6E5B44C2B}.Debug|Any CPU.ActiveCfg = Debug|Any CPU
		{CA199CCF-3E07-4F57-84E1-3CB6E5B44C2B}.Debug|Any CPU.Build.0 = Debug|Any CPU
		{CA199CCF-3E07-4F57-84E1-3CB6E5B44C2B}.Debug|Mixed Platforms.ActiveCfg = Debug|Any CPU
		{CA199CCF-3E07-4F57-84E1-3CB6E5B44C2B}.Debug|Mixed Platforms.Build.0 = Debug|Any CPU
		{CA199CCF-3E07-4F57-84E1-3CB6E5B44C2B}.Debug|x86.ActiveCfg = Debug|Any CPU
		{CA199CCF-3E07-4F57-84E1-3CB6E5B44C2B}.Release|Any CPU.ActiveCfg = Release|Any CPU
		{CA199CCF-3E07-4F57-84E1-3CB6E5B44C2B}.Release|Any CPU.Build.0 = Release|Any CPU
		{CA199CCF-3E07-4F57-84E1-3CB6E5B44C2B}.Release|Mixed Platforms.ActiveCfg = Release|Any CPU
		{CA199CCF-3E07-4F57-84E1-3CB6E5B44C2B}.Release|Mixed Platforms.Build.0 = Release|Any CPU
		{CA199CCF-3E07-4F57-84E1-3CB6E5B44C2B}.Release|x86.ActiveCfg = Release|x86
		{CA199CCF-3E07-4F57-84E1-3CB6E5B44C2B}.Release|x86.Build.0 = Release|x86
		{8B0D936A-DF16-49B1-AE29-58909CF5D791}.Debug|Any CPU.ActiveCfg = Debug|Any CPU
		{8B0D936A-DF16-49B1-AE29-58909CF5D791}.Debug|Any CPU.Build.0 = Debug|Any CPU
		{8B0D936A-DF16-49B1-AE29-58909CF5D791}.Debug|Mixed Platforms.ActiveCfg = Debug|Any CPU
		{8B0D936A-DF16-49B1-AE29-58909CF5D791}.Debug|Mixed Platforms.Build.0 = Debug|Any CPU
		{8B0D936A-DF16-49B1-AE29-58909CF5D791}.Debug|x86.ActiveCfg = Debug|Any CPU
		{8B0D936A-DF16-49B1-AE29-58909CF5D791}.Release|Any CPU.ActiveCfg = Release|Any CPU
		{8B0D936A-DF16-49B1-AE29-58909CF5D791}.Release|Any CPU.Build.0 = Release|Any CPU
		{8B0D936A-DF16-49B1-AE29-58909CF5D791}.Release|Mixed Platforms.ActiveCfg = Release|Any CPU
		{8B0D936A-DF16-49B1-AE29-58909CF5D791}.Release|Mixed Platforms.Build.0 = Release|Any CPU
		{8B0D936A-DF16-49B1-AE29-58909CF5D791}.Release|x86.ActiveCfg = Release|x86
		{8B0D936A-DF16-49B1-AE29-58909CF5D791}.Release|x86.Build.0 = Release|x86
		{0E366875-1A30-43C7-B418-CBD4E5FC78DB}.Debug|Any CPU.ActiveCfg = Debug|Any CPU
		{0E366875-1A30-43C7-B418-CBD4E5FC78DB}.Debug|Any CPU.Build.0 = Debug|Any CPU
		{0E366875-1A30-43C7-B418-CBD4E5FC78DB}.Debug|Mixed Platforms.ActiveCfg = Debug|Any CPU
		{0E366875-1A30-43C7-B418-CBD4E5FC78DB}.Debug|Mixed Platforms.Build.0 = Debug|Any CPU
		{0E366875-1A30-43C7-B418-CBD4E5FC78DB}.Debug|x86.ActiveCfg = Debug|Any CPU
		{0E366875-1A30-43C7-B418-CBD4E5FC78DB}.Release|Any CPU.ActiveCfg = Release|Any CPU
		{0E366875-1A30-43C7-B418-CBD4E5FC78DB}.Release|Any CPU.Build.0 = Release|Any CPU
		{0E366875-1A30-43C7-B418-CBD4E5FC78DB}.Release|Mixed Platforms.ActiveCfg = Release|Any CPU
		{0E366875-1A30-43C7-B418-CBD4E5FC78DB}.Release|Mixed Platforms.Build.0 = Release|Any CPU
		{0E366875-1A30-43C7-B418-CBD4E5FC78DB}.Release|x86.ActiveCfg = Release|x86
		{0E366875-1A30-43C7-B418-CBD4E5FC78DB}.Release|x86.Build.0 = Release|x86
		{C84195CD-C0A0-46AA-9435-E45B6D2833BE}.Debug|Any CPU.ActiveCfg = Debug|Any CPU
		{C84195CD-C0A0-46AA-9435-E45B6D2833BE}.Debug|Any CPU.Build.0 = Debug|Any CPU
		{C84195CD-C0A0-46AA-9435-E45B6D2833BE}.Debug|Mixed Platforms.ActiveCfg = Debug|Any CPU
		{C84195CD-C0A0-46AA-9435-E45B6D2833BE}.Debug|Mixed Platforms.Build.0 = Debug|Any CPU
		{C84195CD-C0A0-46AA-9435-E45B6D2833BE}.Debug|x86.ActiveCfg = Debug|Any CPU
		{C84195CD-C0A0-46AA-9435-E45B6D2833BE}.Release|Any CPU.ActiveCfg = Release|Any CPU
		{C84195CD-C0A0-46AA-9435-E45B6D2833BE}.Release|Any CPU.Build.0 = Release|Any CPU
		{C84195CD-C0A0-46AA-9435-E45B6D2833BE}.Release|Mixed Platforms.ActiveCfg = Release|Any CPU
		{C84195CD-C0A0-46AA-9435-E45B6D2833BE}.Release|Mixed Platforms.Build.0 = Release|Any CPU
		{C84195CD-C0A0-46AA-9435-E45B6D2833BE}.Release|x86.ActiveCfg = Release|x86
		{C84195CD-C0A0-46AA-9435-E45B6D2833BE}.Release|x86.Build.0 = Release|x86
		{9FA13213-EC7A-4E62-9955-003200B56CFB}.Debug|Any CPU.ActiveCfg = Debug|Any CPU
		{9FA13213-EC7A-4E62-9955-003200B56CFB}.Debug|Any CPU.Build.0 = Debug|Any CPU
		{9FA13213-EC7A-4E62-9955-003200B56CFB}.Debug|Mixed Platforms.ActiveCfg = Debug|Any CPU
		{9FA13213-EC7A-4E62-9955-003200B56CFB}.Debug|Mixed Platforms.Build.0 = Debug|Any CPU
		{9FA13213-EC7A-4E62-9955-003200B56CFB}.Debug|x86.ActiveCfg = Debug|Any CPU
		{9FA13213-EC7A-4E62-9955-003200B56CFB}.Release|Any CPU.ActiveCfg = Release|Any CPU
		{9FA13213-EC7A-4E62-9955-003200B56CFB}.Release|Any CPU.Build.0 = Release|Any CPU
		{9FA13213-EC7A-4E62-9955-003200B56CFB}.Release|Mixed Platforms.ActiveCfg = Release|Any CPU
		{9FA13213-EC7A-4E62-9955-003200B56CFB}.Release|Mixed Platforms.Build.0 = Release|Any CPU
		{9FA13213-EC7A-4E62-9955-003200B56CFB}.Release|x86.ActiveCfg = Release|x86
		{9FA13213-EC7A-4E62-9955-003200B56CFB}.Release|x86.Build.0 = Release|x86
		{AFEA0AB5-F77D-4DD4-9005-B6447B297AC3}.Debug|Any CPU.ActiveCfg = Debug|Any CPU
		{AFEA0AB5-F77D-4DD4-9005-B6447B297AC3}.Debug|Any CPU.Build.0 = Debug|Any CPU
		{AFEA0AB5-F77D-4DD4-9005-B6447B297AC3}.Debug|Mixed Platforms.ActiveCfg = Debug|Any CPU
		{AFEA0AB5-F77D-4DD4-9005-B6447B297AC3}.Debug|Mixed Platforms.Build.0 = Debug|Any CPU
		{AFEA0AB5-F77D-4DD4-9005-B6447B297AC3}.Debug|x86.ActiveCfg = Debug|Any CPU
		{AFEA0AB5-F77D-4DD4-9005-B6447B297AC3}.Release|Any CPU.ActiveCfg = Release|Any CPU
		{AFEA0AB5-F77D-4DD4-9005-B6447B297AC3}.Release|Any CPU.Build.0 = Release|Any CPU
		{AFEA0AB5-F77D-4DD4-9005-B6447B297AC3}.Release|Mixed Platforms.ActiveCfg = Release|Any CPU
		{AFEA0AB5-F77D-4DD4-9005-B6447B297AC3}.Release|Mixed Platforms.Build.0 = Release|Any CPU
		{AFEA0AB5-F77D-4DD4-9005-B6447B297AC3}.Release|x86.ActiveCfg = Release|x86
		{AFEA0AB5-F77D-4DD4-9005-B6447B297AC3}.Release|x86.Build.0 = Release|x86
		{3DF912C2-51EF-4B8C-AA22-17ABC2EFD58B}.Debug|Any CPU.ActiveCfg = Debug|Any CPU
		{3DF912C2-51EF-4B8C-AA22-17ABC2EFD58B}.Debug|Any CPU.Build.0 = Debug|Any CPU
		{3DF912C2-51EF-4B8C-AA22-17ABC2EFD58B}.Debug|Mixed Platforms.ActiveCfg = Debug|Any CPU
		{3DF912C2-51EF-4B8C-AA22-17ABC2EFD58B}.Debug|Mixed Platforms.Build.0 = Debug|Any CPU
		{3DF912C2-51EF-4B8C-AA22-17ABC2EFD58B}.Debug|x86.ActiveCfg = Debug|Any CPU
		{3DF912C2-51EF-4B8C-AA22-17ABC2EFD58B}.Release|Any CPU.ActiveCfg = Release|Any CPU
		{3DF912C2-51EF-4B8C-AA22-17ABC2EFD58B}.Release|Any CPU.Build.0 = Release|Any CPU
		{3DF912C2-51EF-4B8C-AA22-17ABC2EFD58B}.Release|Mixed Platforms.ActiveCfg = Release|Any CPU
		{3DF912C2-51EF-4B8C-AA22-17ABC2EFD58B}.Release|Mixed Platforms.Build.0 = Release|Any CPU
		{3DF912C2-51EF-4B8C-AA22-17ABC2EFD58B}.Release|x86.ActiveCfg = Release|x86
		{3DF912C2-51EF-4B8C-AA22-17ABC2EFD58B}.Release|x86.Build.0 = Release|x86
		{042F31E3-71B6-4AC2-8AC3-B1620E15F62A}.Debug|Any CPU.ActiveCfg = Debug|Any CPU
		{042F31E3-71B6-4AC2-8AC3-B1620E15F62A}.Debug|Any CPU.Build.0 = Debug|Any CPU
		{042F31E3-71B6-4AC2-8AC3-B1620E15F62A}.Debug|Mixed Platforms.ActiveCfg = Debug|Any CPU
		{042F31E3-71B6-4AC2-8AC3-B1620E15F62A}.Debug|Mixed Platforms.Build.0 = Debug|Any CPU
		{042F31E3-71B6-4AC2-8AC3-B1620E15F62A}.Debug|x86.ActiveCfg = Debug|Any CPU
		{042F31E3-71B6-4AC2-8AC3-B1620E15F62A}.Release|Any CPU.ActiveCfg = Release|Any CPU
		{042F31E3-71B6-4AC2-8AC3-B1620E15F62A}.Release|Any CPU.Build.0 = Release|Any CPU
		{042F31E3-71B6-4AC2-8AC3-B1620E15F62A}.Release|Mixed Platforms.ActiveCfg = Release|Any CPU
		{042F31E3-71B6-4AC2-8AC3-B1620E15F62A}.Release|Mixed Platforms.Build.0 = Release|Any CPU
		{042F31E3-71B6-4AC2-8AC3-B1620E15F62A}.Release|x86.ActiveCfg = Release|x86
		{042F31E3-71B6-4AC2-8AC3-B1620E15F62A}.Release|x86.Build.0 = Release|x86
		{19DEEA79-AC15-44E8-9634-981D4E506C45}.Debug|Any CPU.ActiveCfg = Debug|Any CPU
		{19DEEA79-AC15-44E8-9634-981D4E506C45}.Debug|Any CPU.Build.0 = Debug|Any CPU
		{19DEEA79-AC15-44E8-9634-981D4E506C45}.Debug|Mixed Platforms.ActiveCfg = Debug|Any CPU
		{19DEEA79-AC15-44E8-9634-981D4E506C45}.Debug|Mixed Platforms.Build.0 = Debug|Any CPU
		{19DEEA79-AC15-44E8-9634-981D4E506C45}.Debug|x86.ActiveCfg = Debug|Any CPU
		{19DEEA79-AC15-44E8-9634-981D4E506C45}.Release|Any CPU.ActiveCfg = Release|Any CPU
		{19DEEA79-AC15-44E8-9634-981D4E506C45}.Release|Any CPU.Build.0 = Release|Any CPU
		{19DEEA79-AC15-44E8-9634-981D4E506C45}.Release|Mixed Platforms.ActiveCfg = Release|Any CPU
		{19DEEA79-AC15-44E8-9634-981D4E506C45}.Release|Mixed Platforms.Build.0 = Release|Any CPU
		{19DEEA79-AC15-44E8-9634-981D4E506C45}.Release|x86.ActiveCfg = Release|x86
		{19DEEA79-AC15-44E8-9634-981D4E506C45}.Release|x86.Build.0 = Release|x86
		{882C310A-2797-44C4-B928-D8971E74FC52}.Debug|Any CPU.ActiveCfg = Debug|Any CPU
		{882C310A-2797-44C4-B928-D8971E74FC52}.Debug|Any CPU.Build.0 = Debug|Any CPU
		{882C310A-2797-44C4-B928-D8971E74FC52}.Debug|Mixed Platforms.ActiveCfg = Debug|Any CPU
		{882C310A-2797-44C4-B928-D8971E74FC52}.Debug|Mixed Platforms.Build.0 = Debug|Any CPU
		{882C310A-2797-44C4-B928-D8971E74FC52}.Debug|x86.ActiveCfg = Debug|Any CPU
		{882C310A-2797-44C4-B928-D8971E74FC52}.Release|Any CPU.ActiveCfg = Release|Any CPU
		{882C310A-2797-44C4-B928-D8971E74FC52}.Release|Any CPU.Build.0 = Release|Any CPU
		{882C310A-2797-44C4-B928-D8971E74FC52}.Release|Mixed Platforms.ActiveCfg = Release|Any CPU
		{882C310A-2797-44C4-B928-D8971E74FC52}.Release|Mixed Platforms.Build.0 = Release|Any CPU
		{882C310A-2797-44C4-B928-D8971E74FC52}.Release|x86.ActiveCfg = Release|x86
		{882C310A-2797-44C4-B928-D8971E74FC52}.Release|x86.Build.0 = Release|x86
		{1CF56440-3A28-41E0-8A57-FEDFF7535FEA}.Debug|Any CPU.ActiveCfg = Debug|Any CPU
		{1CF56440-3A28-41E0-8A57-FEDFF7535FEA}.Debug|Any CPU.Build.0 = Debug|Any CPU
		{1CF56440-3A28-41E0-8A57-FEDFF7535FEA}.Debug|Mixed Platforms.ActiveCfg = Debug|Any CPU
		{1CF56440-3A28-41E0-8A57-FEDFF7535FEA}.Debug|Mixed Platforms.Build.0 = Debug|Any CPU
		{1CF56440-3A28-41E0-8A57-FEDFF7535FEA}.Debug|x86.ActiveCfg = Debug|Any CPU
		{1CF56440-3A28-41E0-8A57-FEDFF7535FEA}.Release|Any CPU.ActiveCfg = Release|Any CPU
		{1CF56440-3A28-41E0-8A57-FEDFF7535FEA}.Release|Any CPU.Build.0 = Release|Any CPU
		{1CF56440-3A28-41E0-8A57-FEDFF7535FEA}.Release|Mixed Platforms.ActiveCfg = Release|Any CPU
		{1CF56440-3A28-41E0-8A57-FEDFF7535FEA}.Release|Mixed Platforms.Build.0 = Release|Any CPU
		{1CF56440-3A28-41E0-8A57-FEDFF7535FEA}.Release|x86.ActiveCfg = Release|x86
		{1CF56440-3A28-41E0-8A57-FEDFF7535FEA}.Release|x86.Build.0 = Release|x86
		{4416544D-1006-41DB-BB34-E99D9E865DB0}.Debug|Any CPU.ActiveCfg = Debug|Any CPU
		{4416544D-1006-41DB-BB34-E99D9E865DB0}.Debug|Any CPU.Build.0 = Debug|Any CPU
		{4416544D-1006-41DB-BB34-E99D9E865DB0}.Debug|Mixed Platforms.ActiveCfg = Debug|Any CPU
		{4416544D-1006-41DB-BB34-E99D9E865DB0}.Debug|Mixed Platforms.Build.0 = Debug|Any CPU
		{4416544D-1006-41DB-BB34-E99D9E865DB0}.Debug|x86.ActiveCfg = Debug|Any CPU
		{4416544D-1006-41DB-BB34-E99D9E865DB0}.Release|Any CPU.ActiveCfg = Release|Any CPU
		{4416544D-1006-41DB-BB34-E99D9E865DB0}.Release|Any CPU.Build.0 = Release|Any CPU
		{4416544D-1006-41DB-BB34-E99D9E865DB0}.Release|Mixed Platforms.ActiveCfg = Release|Any CPU
		{4416544D-1006-41DB-BB34-E99D9E865DB0}.Release|Mixed Platforms.Build.0 = Release|Any CPU
		{4416544D-1006-41DB-BB34-E99D9E865DB0}.Release|x86.ActiveCfg = Release|x86
		{4416544D-1006-41DB-BB34-E99D9E865DB0}.Release|x86.Build.0 = Release|x86
		{A38CA833-600C-47DE-B95E-2A2C880DC40D}.Debug|Any CPU.ActiveCfg = Debug|Any CPU
		{A38CA833-600C-47DE-B95E-2A2C880DC40D}.Debug|Any CPU.Build.0 = Debug|Any CPU
		{A38CA833-600C-47DE-B95E-2A2C880DC40D}.Debug|Mixed Platforms.ActiveCfg = Debug|Any CPU
		{A38CA833-600C-47DE-B95E-2A2C880DC40D}.Debug|Mixed Platforms.Build.0 = Debug|Any CPU
		{A38CA833-600C-47DE-B95E-2A2C880DC40D}.Debug|x86.ActiveCfg = Debug|Any CPU
		{A38CA833-600C-47DE-B95E-2A2C880DC40D}.Release|Any CPU.ActiveCfg = Release|Any CPU
		{A38CA833-600C-47DE-B95E-2A2C880DC40D}.Release|Any CPU.Build.0 = Release|Any CPU
		{A38CA833-600C-47DE-B95E-2A2C880DC40D}.Release|Mixed Platforms.ActiveCfg = Release|Any CPU
		{A38CA833-600C-47DE-B95E-2A2C880DC40D}.Release|Mixed Platforms.Build.0 = Release|Any CPU
		{A38CA833-600C-47DE-B95E-2A2C880DC40D}.Release|x86.ActiveCfg = Release|x86
		{A38CA833-600C-47DE-B95E-2A2C880DC40D}.Release|x86.Build.0 = Release|x86
		{CEC4BE87-986A-4621-8341-E57C4D05F96D}.Debug|Any CPU.ActiveCfg = Debug|Any CPU
		{CEC4BE87-986A-4621-8341-E57C4D05F96D}.Debug|Any CPU.Build.0 = Debug|Any CPU
		{CEC4BE87-986A-4621-8341-E57C4D05F96D}.Debug|Mixed Platforms.ActiveCfg = Debug|Any CPU
		{CEC4BE87-986A-4621-8341-E57C4D05F96D}.Debug|Mixed Platforms.Build.0 = Debug|Any CPU
		{CEC4BE87-986A-4621-8341-E57C4D05F96D}.Debug|x86.ActiveCfg = Debug|Any CPU
		{CEC4BE87-986A-4621-8341-E57C4D05F96D}.Release|Any CPU.ActiveCfg = Release|Any CPU
		{CEC4BE87-986A-4621-8341-E57C4D05F96D}.Release|Any CPU.Build.0 = Release|Any CPU
		{CEC4BE87-986A-4621-8341-E57C4D05F96D}.Release|Mixed Platforms.ActiveCfg = Release|Any CPU
		{CEC4BE87-986A-4621-8341-E57C4D05F96D}.Release|Mixed Platforms.Build.0 = Release|Any CPU
		{CEC4BE87-986A-4621-8341-E57C4D05F96D}.Release|x86.ActiveCfg = Release|x86
		{CEC4BE87-986A-4621-8341-E57C4D05F96D}.Release|x86.Build.0 = Release|x86
		{26F3CAF3-E68C-47C6-B960-94D550CB8BD4}.Debug|Any CPU.ActiveCfg = Debug|Any CPU
		{26F3CAF3-E68C-47C6-B960-94D550CB8BD4}.Debug|Any CPU.Build.0 = Debug|Any CPU
		{26F3CAF3-E68C-47C6-B960-94D550CB8BD4}.Debug|Mixed Platforms.ActiveCfg = Debug|Any CPU
		{26F3CAF3-E68C-47C6-B960-94D550CB8BD4}.Debug|Mixed Platforms.Build.0 = Debug|Any CPU
		{26F3CAF3-E68C-47C6-B960-94D550CB8BD4}.Debug|x86.ActiveCfg = Debug|Any CPU
		{26F3CAF3-E68C-47C6-B960-94D550CB8BD4}.Release|Any CPU.ActiveCfg = Release|Any CPU
		{26F3CAF3-E68C-47C6-B960-94D550CB8BD4}.Release|Any CPU.Build.0 = Release|Any CPU
		{26F3CAF3-E68C-47C6-B960-94D550CB8BD4}.Release|Mixed Platforms.ActiveCfg = Release|Any CPU
		{26F3CAF3-E68C-47C6-B960-94D550CB8BD4}.Release|Mixed Platforms.Build.0 = Release|Any CPU
		{26F3CAF3-E68C-47C6-B960-94D550CB8BD4}.Release|x86.ActiveCfg = Release|x86
		{26F3CAF3-E68C-47C6-B960-94D550CB8BD4}.Release|x86.Build.0 = Release|x86
		{26D53DDA-8C96-44D5-B4F2-B27AD94AEF66}.Debug|Any CPU.ActiveCfg = Debug|Any CPU
		{26D53DDA-8C96-44D5-B4F2-B27AD94AEF66}.Debug|Any CPU.Build.0 = Debug|Any CPU
		{26D53DDA-8C96-44D5-B4F2-B27AD94AEF66}.Debug|Mixed Platforms.ActiveCfg = Debug|Any CPU
		{26D53DDA-8C96-44D5-B4F2-B27AD94AEF66}.Debug|Mixed Platforms.Build.0 = Debug|Any CPU
		{26D53DDA-8C96-44D5-B4F2-B27AD94AEF66}.Debug|x86.ActiveCfg = Debug|Any CPU
		{26D53DDA-8C96-44D5-B4F2-B27AD94AEF66}.Release|Any CPU.ActiveCfg = Release|Any CPU
		{26D53DDA-8C96-44D5-B4F2-B27AD94AEF66}.Release|Any CPU.Build.0 = Release|Any CPU
		{26D53DDA-8C96-44D5-B4F2-B27AD94AEF66}.Release|Mixed Platforms.ActiveCfg = Release|Any CPU
		{26D53DDA-8C96-44D5-B4F2-B27AD94AEF66}.Release|Mixed Platforms.Build.0 = Release|Any CPU
		{26D53DDA-8C96-44D5-B4F2-B27AD94AEF66}.Release|x86.ActiveCfg = Release|x86
		{26D53DDA-8C96-44D5-B4F2-B27AD94AEF66}.Release|x86.Build.0 = Release|x86
		{8F8AE632-09A2-4CB1-BE6D-CA712DB35F08}.Debug|Any CPU.ActiveCfg = Debug|Any CPU
		{8F8AE632-09A2-4CB1-BE6D-CA712DB35F08}.Debug|Any CPU.Build.0 = Debug|Any CPU
		{8F8AE632-09A2-4CB1-BE6D-CA712DB35F08}.Debug|Mixed Platforms.ActiveCfg = Debug|Any CPU
		{8F8AE632-09A2-4CB1-BE6D-CA712DB35F08}.Debug|Mixed Platforms.Build.0 = Debug|Any CPU
		{8F8AE632-09A2-4CB1-BE6D-CA712DB35F08}.Debug|x86.ActiveCfg = Debug|Any CPU
		{8F8AE632-09A2-4CB1-BE6D-CA712DB35F08}.Release|Any CPU.ActiveCfg = Release|Any CPU
		{8F8AE632-09A2-4CB1-BE6D-CA712DB35F08}.Release|Any CPU.Build.0 = Release|Any CPU
		{8F8AE632-09A2-4CB1-BE6D-CA712DB35F08}.Release|Mixed Platforms.ActiveCfg = Release|Any CPU
		{8F8AE632-09A2-4CB1-BE6D-CA712DB35F08}.Release|Mixed Platforms.Build.0 = Release|Any CPU
		{8F8AE632-09A2-4CB1-BE6D-CA712DB35F08}.Release|x86.ActiveCfg = Release|x86
		{8F8AE632-09A2-4CB1-BE6D-CA712DB35F08}.Release|x86.Build.0 = Release|x86
		{4C1BD4D8-AC6D-4CE5-9FB5-7E1F25100DED}.Debug|Any CPU.ActiveCfg = Debug|Any CPU
		{4C1BD4D8-AC6D-4CE5-9FB5-7E1F25100DED}.Debug|Any CPU.Build.0 = Debug|Any CPU
		{4C1BD4D8-AC6D-4CE5-9FB5-7E1F25100DED}.Debug|Mixed Platforms.ActiveCfg = Debug|Any CPU
		{4C1BD4D8-AC6D-4CE5-9FB5-7E1F25100DED}.Debug|Mixed Platforms.Build.0 = Debug|Any CPU
		{4C1BD4D8-AC6D-4CE5-9FB5-7E1F25100DED}.Debug|x86.ActiveCfg = Debug|Any CPU
		{4C1BD4D8-AC6D-4CE5-9FB5-7E1F25100DED}.Release|Any CPU.ActiveCfg = Release|Any CPU
		{4C1BD4D8-AC6D-4CE5-9FB5-7E1F25100DED}.Release|Any CPU.Build.0 = Release|Any CPU
		{4C1BD4D8-AC6D-4CE5-9FB5-7E1F25100DED}.Release|Mixed Platforms.ActiveCfg = Release|Any CPU
		{4C1BD4D8-AC6D-4CE5-9FB5-7E1F25100DED}.Release|Mixed Platforms.Build.0 = Release|Any CPU
		{4C1BD4D8-AC6D-4CE5-9FB5-7E1F25100DED}.Release|x86.ActiveCfg = Release|x86
		{4C1BD4D8-AC6D-4CE5-9FB5-7E1F25100DED}.Release|x86.Build.0 = Release|x86
		{184FEF52-FFEB-4A23-96BB-7BC1ED6299A5}.Debug|Any CPU.ActiveCfg = Debug|Any CPU
		{184FEF52-FFEB-4A23-96BB-7BC1ED6299A5}.Debug|Any CPU.Build.0 = Debug|Any CPU
		{184FEF52-FFEB-4A23-96BB-7BC1ED6299A5}.Debug|Mixed Platforms.ActiveCfg = Debug|Any CPU
		{184FEF52-FFEB-4A23-96BB-7BC1ED6299A5}.Debug|Mixed Platforms.Build.0 = Debug|Any CPU
		{184FEF52-FFEB-4A23-96BB-7BC1ED6299A5}.Debug|x86.ActiveCfg = Debug|Any CPU
		{184FEF52-FFEB-4A23-96BB-7BC1ED6299A5}.Release|Any CPU.ActiveCfg = Release|Any CPU
		{184FEF52-FFEB-4A23-96BB-7BC1ED6299A5}.Release|Any CPU.Build.0 = Release|Any CPU
		{184FEF52-FFEB-4A23-96BB-7BC1ED6299A5}.Release|Mixed Platforms.ActiveCfg = Release|Any CPU
		{184FEF52-FFEB-4A23-96BB-7BC1ED6299A5}.Release|Mixed Platforms.Build.0 = Release|Any CPU
		{184FEF52-FFEB-4A23-96BB-7BC1ED6299A5}.Release|x86.ActiveCfg = Release|x86
		{184FEF52-FFEB-4A23-96BB-7BC1ED6299A5}.Release|x86.Build.0 = Release|x86
		{0BB9887E-2DC3-48A9-B454-0527669B52E1}.Debug|Any CPU.ActiveCfg = Debug|Any CPU
		{0BB9887E-2DC3-48A9-B454-0527669B52E1}.Debug|Any CPU.Build.0 = Debug|Any CPU
		{0BB9887E-2DC3-48A9-B454-0527669B52E1}.Debug|Mixed Platforms.ActiveCfg = Debug|Any CPU
		{0BB9887E-2DC3-48A9-B454-0527669B52E1}.Debug|Mixed Platforms.Build.0 = Debug|Any CPU
		{0BB9887E-2DC3-48A9-B454-0527669B52E1}.Debug|x86.ActiveCfg = Debug|Any CPU
		{0BB9887E-2DC3-48A9-B454-0527669B52E1}.Release|Any CPU.ActiveCfg = Release|Any CPU
		{0BB9887E-2DC3-48A9-B454-0527669B52E1}.Release|Any CPU.Build.0 = Release|Any CPU
		{0BB9887E-2DC3-48A9-B454-0527669B52E1}.Release|Mixed Platforms.ActiveCfg = Release|Any CPU
		{0BB9887E-2DC3-48A9-B454-0527669B52E1}.Release|Mixed Platforms.Build.0 = Release|Any CPU
		{0BB9887E-2DC3-48A9-B454-0527669B52E1}.Release|x86.ActiveCfg = Release|x86
		{0BB9887E-2DC3-48A9-B454-0527669B52E1}.Release|x86.Build.0 = Release|x86
		{F176E914-E0C9-45D9-8531-1BD54786EF46}.Debug|Any CPU.ActiveCfg = Debug|Any CPU
		{F176E914-E0C9-45D9-8531-1BD54786EF46}.Debug|Any CPU.Build.0 = Debug|Any CPU
		{F176E914-E0C9-45D9-8531-1BD54786EF46}.Debug|Mixed Platforms.ActiveCfg = Debug|Any CPU
		{F176E914-E0C9-45D9-8531-1BD54786EF46}.Debug|Mixed Platforms.Build.0 = Debug|Any CPU
		{F176E914-E0C9-45D9-8531-1BD54786EF46}.Debug|x86.ActiveCfg = Debug|Any CPU
		{F176E914-E0C9-45D9-8531-1BD54786EF46}.Release|Any CPU.ActiveCfg = Release|Any CPU
		{F176E914-E0C9-45D9-8531-1BD54786EF46}.Release|Any CPU.Build.0 = Release|Any CPU
		{F176E914-E0C9-45D9-8531-1BD54786EF46}.Release|Mixed Platforms.ActiveCfg = Release|Any CPU
		{F176E914-E0C9-45D9-8531-1BD54786EF46}.Release|Mixed Platforms.Build.0 = Release|Any CPU
		{F176E914-E0C9-45D9-8531-1BD54786EF46}.Release|x86.ActiveCfg = Release|x86
		{F176E914-E0C9-45D9-8531-1BD54786EF46}.Release|x86.Build.0 = Release|x86
		{165D35AA-8573-4591-A491-E9A26F9802D6}.Debug|Any CPU.ActiveCfg = Debug|Any CPU
		{165D35AA-8573-4591-A491-E9A26F9802D6}.Debug|Any CPU.Build.0 = Debug|Any CPU
		{165D35AA-8573-4591-A491-E9A26F9802D6}.Debug|Mixed Platforms.ActiveCfg = Debug|Any CPU
		{165D35AA-8573-4591-A491-E9A26F9802D6}.Debug|Mixed Platforms.Build.0 = Debug|Any CPU
		{165D35AA-8573-4591-A491-E9A26F9802D6}.Debug|x86.ActiveCfg = Debug|Any CPU
		{165D35AA-8573-4591-A491-E9A26F9802D6}.Release|Any CPU.ActiveCfg = Release|Any CPU
		{165D35AA-8573-4591-A491-E9A26F9802D6}.Release|Any CPU.Build.0 = Release|Any CPU
		{165D35AA-8573-4591-A491-E9A26F9802D6}.Release|Mixed Platforms.ActiveCfg = Release|Any CPU
		{165D35AA-8573-4591-A491-E9A26F9802D6}.Release|Mixed Platforms.Build.0 = Release|Any CPU
		{165D35AA-8573-4591-A491-E9A26F9802D6}.Release|x86.ActiveCfg = Release|x86
		{165D35AA-8573-4591-A491-E9A26F9802D6}.Release|x86.Build.0 = Release|x86
		{764EF976-64F0-4E24-951D-E99BE14FAAC4}.Debug|Any CPU.ActiveCfg = Debug|Any CPU
		{764EF976-64F0-4E24-951D-E99BE14FAAC4}.Debug|Any CPU.Build.0 = Debug|Any CPU
		{764EF976-64F0-4E24-951D-E99BE14FAAC4}.Debug|Mixed Platforms.ActiveCfg = Debug|Any CPU
		{764EF976-64F0-4E24-951D-E99BE14FAAC4}.Debug|Mixed Platforms.Build.0 = Debug|Any CPU
		{764EF976-64F0-4E24-951D-E99BE14FAAC4}.Debug|x86.ActiveCfg = Debug|Any CPU
		{764EF976-64F0-4E24-951D-E99BE14FAAC4}.Release|Any CPU.ActiveCfg = Release|Any CPU
		{764EF976-64F0-4E24-951D-E99BE14FAAC4}.Release|Any CPU.Build.0 = Release|Any CPU
		{764EF976-64F0-4E24-951D-E99BE14FAAC4}.Release|Mixed Platforms.ActiveCfg = Release|Any CPU
		{764EF976-64F0-4E24-951D-E99BE14FAAC4}.Release|Mixed Platforms.Build.0 = Release|Any CPU
		{764EF976-64F0-4E24-951D-E99BE14FAAC4}.Release|x86.ActiveCfg = Release|x86
		{764EF976-64F0-4E24-951D-E99BE14FAAC4}.Release|x86.Build.0 = Release|x86
		{08B03E0C-2A45-479C-9E51-FBC6A4255D39}.Debug|Any CPU.ActiveCfg = Debug|Any CPU
		{08B03E0C-2A45-479C-9E51-FBC6A4255D39}.Debug|Any CPU.Build.0 = Debug|Any CPU
		{08B03E0C-2A45-479C-9E51-FBC6A4255D39}.Debug|Mixed Platforms.ActiveCfg = Debug|Any CPU
		{08B03E0C-2A45-479C-9E51-FBC6A4255D39}.Debug|Mixed Platforms.Build.0 = Debug|Any CPU
		{08B03E0C-2A45-479C-9E51-FBC6A4255D39}.Debug|x86.ActiveCfg = Debug|Any CPU
		{08B03E0C-2A45-479C-9E51-FBC6A4255D39}.Release|Any CPU.ActiveCfg = Release|Any CPU
		{08B03E0C-2A45-479C-9E51-FBC6A4255D39}.Release|Any CPU.Build.0 = Release|Any CPU
		{08B03E0C-2A45-479C-9E51-FBC6A4255D39}.Release|Mixed Platforms.ActiveCfg = Release|Any CPU
		{08B03E0C-2A45-479C-9E51-FBC6A4255D39}.Release|Mixed Platforms.Build.0 = Release|Any CPU
		{08B03E0C-2A45-479C-9E51-FBC6A4255D39}.Release|x86.ActiveCfg = Release|x86
		{08B03E0C-2A45-479C-9E51-FBC6A4255D39}.Release|x86.Build.0 = Release|x86
		{8B7FA04B-F4FE-4178-9C28-1E00098A27B0}.Debug|Any CPU.ActiveCfg = Debug|Any CPU
		{8B7FA04B-F4FE-4178-9C28-1E00098A27B0}.Debug|Any CPU.Build.0 = Debug|Any CPU
		{8B7FA04B-F4FE-4178-9C28-1E00098A27B0}.Debug|Mixed Platforms.ActiveCfg = Debug|Any CPU
		{8B7FA04B-F4FE-4178-9C28-1E00098A27B0}.Debug|Mixed Platforms.Build.0 = Debug|Any CPU
		{8B7FA04B-F4FE-4178-9C28-1E00098A27B0}.Debug|x86.ActiveCfg = Debug|Any CPU
		{8B7FA04B-F4FE-4178-9C28-1E00098A27B0}.Release|Any CPU.ActiveCfg = Release|Any CPU
		{8B7FA04B-F4FE-4178-9C28-1E00098A27B0}.Release|Any CPU.Build.0 = Release|Any CPU
		{8B7FA04B-F4FE-4178-9C28-1E00098A27B0}.Release|Mixed Platforms.ActiveCfg = Release|Any CPU
		{8B7FA04B-F4FE-4178-9C28-1E00098A27B0}.Release|Mixed Platforms.Build.0 = Release|Any CPU
		{8B7FA04B-F4FE-4178-9C28-1E00098A27B0}.Release|x86.ActiveCfg = Release|x86
		{8B7FA04B-F4FE-4178-9C28-1E00098A27B0}.Release|x86.Build.0 = Release|x86
		{38FD7175-244A-48BA-89AC-623E51EA964E}.Debug|Any CPU.ActiveCfg = Debug|Any CPU
		{38FD7175-244A-48BA-89AC-623E51EA964E}.Debug|Any CPU.Build.0 = Debug|Any CPU
		{38FD7175-244A-48BA-89AC-623E51EA964E}.Debug|Mixed Platforms.ActiveCfg = Debug|Any CPU
		{38FD7175-244A-48BA-89AC-623E51EA964E}.Debug|Mixed Platforms.Build.0 = Debug|Any CPU
		{38FD7175-244A-48BA-89AC-623E51EA964E}.Debug|x86.ActiveCfg = Debug|Any CPU
		{38FD7175-244A-48BA-89AC-623E51EA964E}.Release|Any CPU.ActiveCfg = Release|Any CPU
		{38FD7175-244A-48BA-89AC-623E51EA964E}.Release|Any CPU.Build.0 = Release|Any CPU
		{38FD7175-244A-48BA-89AC-623E51EA964E}.Release|Mixed Platforms.ActiveCfg = Release|Any CPU
		{38FD7175-244A-48BA-89AC-623E51EA964E}.Release|Mixed Platforms.Build.0 = Release|Any CPU
		{38FD7175-244A-48BA-89AC-623E51EA964E}.Release|x86.ActiveCfg = Release|x86
		{38FD7175-244A-48BA-89AC-623E51EA964E}.Release|x86.Build.0 = Release|x86
		{7FF13B4B-B041-48CB-8C1B-52A17803A852}.Debug|Any CPU.ActiveCfg = Debug|Any CPU
		{7FF13B4B-B041-48CB-8C1B-52A17803A852}.Debug|Any CPU.Build.0 = Debug|Any CPU
		{7FF13B4B-B041-48CB-8C1B-52A17803A852}.Debug|Mixed Platforms.ActiveCfg = Debug|Any CPU
		{7FF13B4B-B041-48CB-8C1B-52A17803A852}.Debug|Mixed Platforms.Build.0 = Debug|Any CPU
		{7FF13B4B-B041-48CB-8C1B-52A17803A852}.Debug|x86.ActiveCfg = Debug|Any CPU
		{7FF13B4B-B041-48CB-8C1B-52A17803A852}.Release|Any CPU.ActiveCfg = Release|Any CPU
		{7FF13B4B-B041-48CB-8C1B-52A17803A852}.Release|Any CPU.Build.0 = Release|Any CPU
		{7FF13B4B-B041-48CB-8C1B-52A17803A852}.Release|Mixed Platforms.ActiveCfg = Release|Any CPU
		{7FF13B4B-B041-48CB-8C1B-52A17803A852}.Release|Mixed Platforms.Build.0 = Release|Any CPU
		{7FF13B4B-B041-48CB-8C1B-52A17803A852}.Release|x86.ActiveCfg = Release|x86
		{7FF13B4B-B041-48CB-8C1B-52A17803A852}.Release|x86.Build.0 = Release|x86
		{525C5AF8-654B-417E-8FBF-D872D2D74466}.Debug|Any CPU.ActiveCfg = Debug|Any CPU
		{525C5AF8-654B-417E-8FBF-D872D2D74466}.Debug|Any CPU.Build.0 = Debug|Any CPU
		{525C5AF8-654B-417E-8FBF-D872D2D74466}.Debug|Mixed Platforms.ActiveCfg = Debug|Any CPU
		{525C5AF8-654B-417E-8FBF-D872D2D74466}.Debug|Mixed Platforms.Build.0 = Debug|Any CPU
		{525C5AF8-654B-417E-8FBF-D872D2D74466}.Debug|x86.ActiveCfg = Debug|Any CPU
		{525C5AF8-654B-417E-8FBF-D872D2D74466}.Release|Any CPU.ActiveCfg = Release|Any CPU
		{525C5AF8-654B-417E-8FBF-D872D2D74466}.Release|Any CPU.Build.0 = Release|Any CPU
		{525C5AF8-654B-417E-8FBF-D872D2D74466}.Release|Mixed Platforms.ActiveCfg = Release|Any CPU
		{525C5AF8-654B-417E-8FBF-D872D2D74466}.Release|Mixed Platforms.Build.0 = Release|Any CPU
		{525C5AF8-654B-417E-8FBF-D872D2D74466}.Release|x86.ActiveCfg = Release|x86
		{525C5AF8-654B-417E-8FBF-D872D2D74466}.Release|x86.Build.0 = Release|x86
		{FEBB253E-A5E0-42D4-905D-24F2B2AEEEE5}.Debug|Any CPU.ActiveCfg = Debug|Any CPU
		{FEBB253E-A5E0-42D4-905D-24F2B2AEEEE5}.Debug|Any CPU.Build.0 = Debug|Any CPU
		{FEBB253E-A5E0-42D4-905D-24F2B2AEEEE5}.Debug|Mixed Platforms.ActiveCfg = Debug|Any CPU
		{FEBB253E-A5E0-42D4-905D-24F2B2AEEEE5}.Debug|Mixed Platforms.Build.0 = Debug|Any CPU
		{FEBB253E-A5E0-42D4-905D-24F2B2AEEEE5}.Debug|x86.ActiveCfg = Debug|Any CPU
		{FEBB253E-A5E0-42D4-905D-24F2B2AEEEE5}.Release|Any CPU.ActiveCfg = Release|Any CPU
		{FEBB253E-A5E0-42D4-905D-24F2B2AEEEE5}.Release|Any CPU.Build.0 = Release|Any CPU
		{FEBB253E-A5E0-42D4-905D-24F2B2AEEEE5}.Release|Mixed Platforms.ActiveCfg = Release|Any CPU
		{FEBB253E-A5E0-42D4-905D-24F2B2AEEEE5}.Release|Mixed Platforms.Build.0 = Release|Any CPU
		{FEBB253E-A5E0-42D4-905D-24F2B2AEEEE5}.Release|x86.ActiveCfg = Release|x86
		{FEBB253E-A5E0-42D4-905D-24F2B2AEEEE5}.Release|x86.Build.0 = Release|x86
		{4B95FD7A-F991-4331-AA5F-7AD1D76604DF}.Debug|Any CPU.ActiveCfg = Debug|Any CPU
		{4B95FD7A-F991-4331-AA5F-7AD1D76604DF}.Debug|Any CPU.Build.0 = Debug|Any CPU
		{4B95FD7A-F991-4331-AA5F-7AD1D76604DF}.Debug|Mixed Platforms.ActiveCfg = Debug|Any CPU
		{4B95FD7A-F991-4331-AA5F-7AD1D76604DF}.Debug|Mixed Platforms.Build.0 = Debug|Any CPU
		{4B95FD7A-F991-4331-AA5F-7AD1D76604DF}.Debug|x86.ActiveCfg = Debug|Any CPU
		{4B95FD7A-F991-4331-AA5F-7AD1D76604DF}.Release|Any CPU.ActiveCfg = Release|Any CPU
		{4B95FD7A-F991-4331-AA5F-7AD1D76604DF}.Release|Any CPU.Build.0 = Release|Any CPU
		{4B95FD7A-F991-4331-AA5F-7AD1D76604DF}.Release|Mixed Platforms.ActiveCfg = Release|Any CPU
		{4B95FD7A-F991-4331-AA5F-7AD1D76604DF}.Release|Mixed Platforms.Build.0 = Release|Any CPU
		{4B95FD7A-F991-4331-AA5F-7AD1D76604DF}.Release|x86.ActiveCfg = Release|x86
		{4B95FD7A-F991-4331-AA5F-7AD1D76604DF}.Release|x86.Build.0 = Release|x86
		{F6AAE40A-529D-4E1C-9D0B-A20B921CCB93}.Debug|Any CPU.ActiveCfg = Debug|Any CPU
		{F6AAE40A-529D-4E1C-9D0B-A20B921CCB93}.Debug|Any CPU.Build.0 = Debug|Any CPU
		{F6AAE40A-529D-4E1C-9D0B-A20B921CCB93}.Debug|Mixed Platforms.ActiveCfg = Debug|Any CPU
		{F6AAE40A-529D-4E1C-9D0B-A20B921CCB93}.Debug|Mixed Platforms.Build.0 = Debug|Any CPU
		{F6AAE40A-529D-4E1C-9D0B-A20B921CCB93}.Debug|x86.ActiveCfg = Debug|Any CPU
		{F6AAE40A-529D-4E1C-9D0B-A20B921CCB93}.Release|Any CPU.ActiveCfg = Release|Any CPU
		{F6AAE40A-529D-4E1C-9D0B-A20B921CCB93}.Release|Any CPU.Build.0 = Release|Any CPU
		{F6AAE40A-529D-4E1C-9D0B-A20B921CCB93}.Release|Mixed Platforms.ActiveCfg = Release|Any CPU
		{F6AAE40A-529D-4E1C-9D0B-A20B921CCB93}.Release|Mixed Platforms.Build.0 = Release|Any CPU
		{F6AAE40A-529D-4E1C-9D0B-A20B921CCB93}.Release|x86.ActiveCfg = Release|x86
		{F6AAE40A-529D-4E1C-9D0B-A20B921CCB93}.Release|x86.Build.0 = Release|x86
		{C8548661-C061-48E9-9F47-5D278DD9ABE8}.Debug|Any CPU.ActiveCfg = Debug|Any CPU
		{C8548661-C061-48E9-9F47-5D278DD9ABE8}.Debug|Any CPU.Build.0 = Debug|Any CPU
		{C8548661-C061-48E9-9F47-5D278DD9ABE8}.Debug|Mixed Platforms.ActiveCfg = Debug|Any CPU
		{C8548661-C061-48E9-9F47-5D278DD9ABE8}.Debug|Mixed Platforms.Build.0 = Debug|Any CPU
		{C8548661-C061-48E9-9F47-5D278DD9ABE8}.Debug|x86.ActiveCfg = Debug|Any CPU
		{C8548661-C061-48E9-9F47-5D278DD9ABE8}.Release|Any CPU.ActiveCfg = Release|Any CPU
		{C8548661-C061-48E9-9F47-5D278DD9ABE8}.Release|Any CPU.Build.0 = Release|Any CPU
		{C8548661-C061-48E9-9F47-5D278DD9ABE8}.Release|Mixed Platforms.ActiveCfg = Release|Any CPU
		{C8548661-C061-48E9-9F47-5D278DD9ABE8}.Release|Mixed Platforms.Build.0 = Release|Any CPU
		{C8548661-C061-48E9-9F47-5D278DD9ABE8}.Release|x86.ActiveCfg = Release|x86
		{C8548661-C061-48E9-9F47-5D278DD9ABE8}.Release|x86.Build.0 = Release|x86
		{E4A98CD1-7841-4821-87EC-7D0BF623A464}.Debug|Any CPU.ActiveCfg = Debug
		{E4A98CD1-7841-4821-87EC-7D0BF623A464}.Debug|Any CPU.Build.0 = Debug
		{E4A98CD1-7841-4821-87EC-7D0BF623A464}.Debug|Mixed Platforms.ActiveCfg = Debug
		{E4A98CD1-7841-4821-87EC-7D0BF623A464}.Debug|Mixed Platforms.Build.0 = Debug
		{E4A98CD1-7841-4821-87EC-7D0BF623A464}.Debug|x86.ActiveCfg = Debug
		{E4A98CD1-7841-4821-87EC-7D0BF623A464}.Debug|x86.Build.0 = Debug
		{E4A98CD1-7841-4821-87EC-7D0BF623A464}.Release|Any CPU.ActiveCfg = Release
		{E4A98CD1-7841-4821-87EC-7D0BF623A464}.Release|Any CPU.Build.0 = Release
		{E4A98CD1-7841-4821-87EC-7D0BF623A464}.Release|Mixed Platforms.ActiveCfg = Release
		{E4A98CD1-7841-4821-87EC-7D0BF623A464}.Release|Mixed Platforms.Build.0 = Release
		{E4A98CD1-7841-4821-87EC-7D0BF623A464}.Release|x86.ActiveCfg = Release
		{E4A98CD1-7841-4821-87EC-7D0BF623A464}.Release|x86.Build.0 = Release
		{B7FCC83A-995C-4A39-8F7D-8A4B783FEA9C}.Debug|Any CPU.ActiveCfg = Debug|Any CPU
		{B7FCC83A-995C-4A39-8F7D-8A4B783FEA9C}.Debug|Any CPU.Build.0 = Debug|Any CPU
		{B7FCC83A-995C-4A39-8F7D-8A4B783FEA9C}.Debug|Mixed Platforms.ActiveCfg = Debug|Any CPU
		{B7FCC83A-995C-4A39-8F7D-8A4B783FEA9C}.Debug|Mixed Platforms.Build.0 = Debug|Any CPU
		{B7FCC83A-995C-4A39-8F7D-8A4B783FEA9C}.Debug|x86.ActiveCfg = Debug|Any CPU
		{B7FCC83A-995C-4A39-8F7D-8A4B783FEA9C}.Release|Any CPU.ActiveCfg = Release|Any CPU
		{B7FCC83A-995C-4A39-8F7D-8A4B783FEA9C}.Release|Any CPU.Build.0 = Release|Any CPU
		{B7FCC83A-995C-4A39-8F7D-8A4B783FEA9C}.Release|Mixed Platforms.ActiveCfg = Release|Any CPU
		{B7FCC83A-995C-4A39-8F7D-8A4B783FEA9C}.Release|Mixed Platforms.Build.0 = Release|Any CPU
		{B7FCC83A-995C-4A39-8F7D-8A4B783FEA9C}.Release|x86.ActiveCfg = Release|x86
		{B7FCC83A-995C-4A39-8F7D-8A4B783FEA9C}.Release|x86.Build.0 = Release|x86
		{0C2FE779-7323-43E4-BDD5-E747DD1CA728}.Debug|Any CPU.ActiveCfg = Debug|Any CPU
		{0C2FE779-7323-43E4-BDD5-E747DD1CA728}.Debug|Any CPU.Build.0 = Debug|Any CPU
		{0C2FE779-7323-43E4-BDD5-E747DD1CA728}.Debug|Mixed Platforms.ActiveCfg = Debug|Any CPU
		{0C2FE779-7323-43E4-BDD5-E747DD1CA728}.Debug|Mixed Platforms.Build.0 = Debug|Any CPU
		{0C2FE779-7323-43E4-BDD5-E747DD1CA728}.Debug|x86.ActiveCfg = Debug|Any CPU
		{0C2FE779-7323-43E4-BDD5-E747DD1CA728}.Release|Any CPU.ActiveCfg = Release|Any CPU
		{0C2FE779-7323-43E4-BDD5-E747DD1CA728}.Release|Any CPU.Build.0 = Release|Any CPU
		{0C2FE779-7323-43E4-BDD5-E747DD1CA728}.Release|Mixed Platforms.ActiveCfg = Release|Any CPU
		{0C2FE779-7323-43E4-BDD5-E747DD1CA728}.Release|Mixed Platforms.Build.0 = Release|Any CPU
		{0C2FE779-7323-43E4-BDD5-E747DD1CA728}.Release|x86.ActiveCfg = Release|x86
		{0C2FE779-7323-43E4-BDD5-E747DD1CA728}.Release|x86.Build.0 = Release|x86
		{CC070CA7-A305-43CC-996C-C5ED318F1D19}.Debug|Any CPU.ActiveCfg = Debug|Any CPU
		{CC070CA7-A305-43CC-996C-C5ED318F1D19}.Debug|Any CPU.Build.0 = Debug|Any CPU
		{CC070CA7-A305-43CC-996C-C5ED318F1D19}.Debug|Mixed Platforms.ActiveCfg = Debug|Any CPU
		{CC070CA7-A305-43CC-996C-C5ED318F1D19}.Debug|Mixed Platforms.Build.0 = Debug|Any CPU
		{CC070CA7-A305-43CC-996C-C5ED318F1D19}.Debug|x86.ActiveCfg = Debug|Any CPU
		{CC070CA7-A305-43CC-996C-C5ED318F1D19}.Release|Any CPU.ActiveCfg = Release|Any CPU
		{CC070CA7-A305-43CC-996C-C5ED318F1D19}.Release|Any CPU.Build.0 = Release|Any CPU
		{CC070CA7-A305-43CC-996C-C5ED318F1D19}.Release|Mixed Platforms.ActiveCfg = Release|Any CPU
		{CC070CA7-A305-43CC-996C-C5ED318F1D19}.Release|Mixed Platforms.Build.0 = Release|Any CPU
		{CC070CA7-A305-43CC-996C-C5ED318F1D19}.Release|x86.ActiveCfg = Release|x86
		{CC070CA7-A305-43CC-996C-C5ED318F1D19}.Release|x86.Build.0 = Release|x86
		{8DDA1375-574C-45F4-970D-714544C5D89E}.Debug|Any CPU.ActiveCfg = Debug|Any CPU
		{8DDA1375-574C-45F4-970D-714544C5D89E}.Debug|Any CPU.Build.0 = Debug|Any CPU
		{8DDA1375-574C-45F4-970D-714544C5D89E}.Debug|Mixed Platforms.ActiveCfg = Debug|Any CPU
		{8DDA1375-574C-45F4-970D-714544C5D89E}.Debug|Mixed Platforms.Build.0 = Debug|Any CPU
		{8DDA1375-574C-45F4-970D-714544C5D89E}.Debug|x86.ActiveCfg = Debug|Any CPU
		{8DDA1375-574C-45F4-970D-714544C5D89E}.Release|Any CPU.ActiveCfg = Release|Any CPU
		{8DDA1375-574C-45F4-970D-714544C5D89E}.Release|Any CPU.Build.0 = Release|Any CPU
		{8DDA1375-574C-45F4-970D-714544C5D89E}.Release|Mixed Platforms.ActiveCfg = Release|Any CPU
		{8DDA1375-574C-45F4-970D-714544C5D89E}.Release|Mixed Platforms.Build.0 = Release|Any CPU
		{8DDA1375-574C-45F4-970D-714544C5D89E}.Release|x86.ActiveCfg = Release|x86
		{8DDA1375-574C-45F4-970D-714544C5D89E}.Release|x86.Build.0 = Release|x86
		{AD76C02B-E7FB-49B7-B8B4-50A7F17E1D16}.Debug|Any CPU.ActiveCfg = Debug|Any CPU
		{AD76C02B-E7FB-49B7-B8B4-50A7F17E1D16}.Debug|Any CPU.Build.0 = Debug|Any CPU
		{AD76C02B-E7FB-49B7-B8B4-50A7F17E1D16}.Debug|Mixed Platforms.ActiveCfg = Debug|Any CPU
		{AD76C02B-E7FB-49B7-B8B4-50A7F17E1D16}.Debug|Mixed Platforms.Build.0 = Debug|Any CPU
		{AD76C02B-E7FB-49B7-B8B4-50A7F17E1D16}.Debug|x86.ActiveCfg = Debug|Any CPU
		{AD76C02B-E7FB-49B7-B8B4-50A7F17E1D16}.Release|Any CPU.ActiveCfg = Release|Any CPU
		{AD76C02B-E7FB-49B7-B8B4-50A7F17E1D16}.Release|Any CPU.Build.0 = Release|Any CPU
		{AD76C02B-E7FB-49B7-B8B4-50A7F17E1D16}.Release|Mixed Platforms.ActiveCfg = Release|Any CPU
		{AD76C02B-E7FB-49B7-B8B4-50A7F17E1D16}.Release|Mixed Platforms.Build.0 = Release|Any CPU
		{AD76C02B-E7FB-49B7-B8B4-50A7F17E1D16}.Release|x86.ActiveCfg = Release|x86
		{AD76C02B-E7FB-49B7-B8B4-50A7F17E1D16}.Release|x86.Build.0 = Release|x86
		{E0054E3B-2912-429C-BD44-EB91D1C3B158}.Debug|Any CPU.ActiveCfg = Debug|Any CPU
		{E0054E3B-2912-429C-BD44-EB91D1C3B158}.Debug|Any CPU.Build.0 = Debug|Any CPU
		{E0054E3B-2912-429C-BD44-EB91D1C3B158}.Debug|Mixed Platforms.ActiveCfg = Debug|Any CPU
		{E0054E3B-2912-429C-BD44-EB91D1C3B158}.Debug|Mixed Platforms.Build.0 = Debug|Any CPU
		{E0054E3B-2912-429C-BD44-EB91D1C3B158}.Debug|x86.ActiveCfg = Debug|Any CPU
		{E0054E3B-2912-429C-BD44-EB91D1C3B158}.Release|Any CPU.ActiveCfg = Release|Any CPU
		{E0054E3B-2912-429C-BD44-EB91D1C3B158}.Release|Any CPU.Build.0 = Release|Any CPU
		{E0054E3B-2912-429C-BD44-EB91D1C3B158}.Release|Mixed Platforms.ActiveCfg = Release|Any CPU
		{E0054E3B-2912-429C-BD44-EB91D1C3B158}.Release|Mixed Platforms.Build.0 = Release|Any CPU
		{E0054E3B-2912-429C-BD44-EB91D1C3B158}.Release|x86.ActiveCfg = Release|x86
		{E0054E3B-2912-429C-BD44-EB91D1C3B158}.Release|x86.Build.0 = Release|x86
		{511CAC8B-8070-4562-A8C1-882F67C97B7C}.Debug|Any CPU.ActiveCfg = Debug|Any CPU
		{511CAC8B-8070-4562-A8C1-882F67C97B7C}.Debug|Any CPU.Build.0 = Debug|Any CPU
		{511CAC8B-8070-4562-A8C1-882F67C97B7C}.Debug|Mixed Platforms.ActiveCfg = Debug|Any CPU
		{511CAC8B-8070-4562-A8C1-882F67C97B7C}.Debug|Mixed Platforms.Build.0 = Debug|Any CPU
		{511CAC8B-8070-4562-A8C1-882F67C97B7C}.Debug|x86.ActiveCfg = Debug|Any CPU
		{511CAC8B-8070-4562-A8C1-882F67C97B7C}.Release|Any CPU.ActiveCfg = Release|Any CPU
		{511CAC8B-8070-4562-A8C1-882F67C97B7C}.Release|Any CPU.Build.0 = Release|Any CPU
		{511CAC8B-8070-4562-A8C1-882F67C97B7C}.Release|Mixed Platforms.ActiveCfg = Release|Any CPU
		{511CAC8B-8070-4562-A8C1-882F67C97B7C}.Release|Mixed Platforms.Build.0 = Release|Any CPU
		{511CAC8B-8070-4562-A8C1-882F67C97B7C}.Release|x86.ActiveCfg = Release|x86
		{511CAC8B-8070-4562-A8C1-882F67C97B7C}.Release|x86.Build.0 = Release|x86
		{5E54B9F1-7681-4F4E-AA81-FEBC39CA0476}.Debug|Any CPU.ActiveCfg = Debug|Any CPU
		{5E54B9F1-7681-4F4E-AA81-FEBC39CA0476}.Debug|Any CPU.Build.0 = Debug|Any CPU
		{5E54B9F1-7681-4F4E-AA81-FEBC39CA0476}.Debug|Mixed Platforms.ActiveCfg = Debug|Any CPU
		{5E54B9F1-7681-4F4E-AA81-FEBC39CA0476}.Debug|Mixed Platforms.Build.0 = Debug|Any CPU
		{5E54B9F1-7681-4F4E-AA81-FEBC39CA0476}.Debug|x86.ActiveCfg = Debug|Any CPU
		{5E54B9F1-7681-4F4E-AA81-FEBC39CA0476}.Debug|x86.Build.0 = Debug|Any CPU
		{5E54B9F1-7681-4F4E-AA81-FEBC39CA0476}.Release|Any CPU.ActiveCfg = Release|Any CPU
		{5E54B9F1-7681-4F4E-AA81-FEBC39CA0476}.Release|Any CPU.Build.0 = Release|Any CPU
		{5E54B9F1-7681-4F4E-AA81-FEBC39CA0476}.Release|Mixed Platforms.ActiveCfg = Release|Any CPU
		{5E54B9F1-7681-4F4E-AA81-FEBC39CA0476}.Release|Mixed Platforms.Build.0 = Release|Any CPU
		{5E54B9F1-7681-4F4E-AA81-FEBC39CA0476}.Release|x86.ActiveCfg = Release|x86
		{5E54B9F1-7681-4F4E-AA81-FEBC39CA0476}.Release|x86.Build.0 = Release|x86
		{35B31171-5245-449F-8F40-AB626197789B}.Debug|Any CPU.ActiveCfg = Debug|Any CPU
		{35B31171-5245-449F-8F40-AB626197789B}.Debug|Any CPU.Build.0 = Debug|Any CPU
		{35B31171-5245-449F-8F40-AB626197789B}.Debug|Mixed Platforms.ActiveCfg = Debug|Any CPU
		{35B31171-5245-449F-8F40-AB626197789B}.Debug|Mixed Platforms.Build.0 = Debug|Any CPU
		{35B31171-5245-449F-8F40-AB626197789B}.Debug|x86.ActiveCfg = Debug|Any CPU
		{35B31171-5245-449F-8F40-AB626197789B}.Debug|x86.Build.0 = Debug|Any CPU
		{35B31171-5245-449F-8F40-AB626197789B}.Release|Any CPU.ActiveCfg = Release|Any CPU
		{35B31171-5245-449F-8F40-AB626197789B}.Release|Any CPU.Build.0 = Release|Any CPU
		{35B31171-5245-449F-8F40-AB626197789B}.Release|Mixed Platforms.ActiveCfg = Release|Any CPU
		{35B31171-5245-449F-8F40-AB626197789B}.Release|Mixed Platforms.Build.0 = Release|Any CPU
		{35B31171-5245-449F-8F40-AB626197789B}.Release|x86.ActiveCfg = Release|x86
		{35B31171-5245-449F-8F40-AB626197789B}.Release|x86.Build.0 = Release|x86
		{85B03CB4-8949-440E-9370-0F3DD0FADC42}.Debug|Any CPU.ActiveCfg = Debug|x86
		{85B03CB4-8949-440E-9370-0F3DD0FADC42}.Debug|Mixed Platforms.ActiveCfg = Debug|x86
		{85B03CB4-8949-440E-9370-0F3DD0FADC42}.Debug|Mixed Platforms.Build.0 = Debug|x86
		{85B03CB4-8949-440E-9370-0F3DD0FADC42}.Debug|x86.ActiveCfg = Debug|x86
		{85B03CB4-8949-440E-9370-0F3DD0FADC42}.Debug|x86.Build.0 = Debug|x86
		{85B03CB4-8949-440E-9370-0F3DD0FADC42}.Release|Any CPU.ActiveCfg = Release|x86
		{85B03CB4-8949-440E-9370-0F3DD0FADC42}.Release|Mixed Platforms.ActiveCfg = Release|x86
		{85B03CB4-8949-440E-9370-0F3DD0FADC42}.Release|Mixed Platforms.Build.0 = Release|x86
		{85B03CB4-8949-440E-9370-0F3DD0FADC42}.Release|x86.ActiveCfg = Release|x86
		{85B03CB4-8949-440E-9370-0F3DD0FADC42}.Release|x86.Build.0 = Release|x86
	EndGlobalSection
	GlobalSection(SolutionProperties) = preSolution
		HideSolutionNode = FALSE
	EndGlobalSection
	GlobalSection(NestedProjects) = preSolution
		{346E3C64-7497-4110-A350-38C774429C16} = {54AE99E5-4BCF-49E1-A26D-FF3AF91A5026}
		{CA199CCF-3E07-4F57-84E1-3CB6E5B44C2B} = {54AE99E5-4BCF-49E1-A26D-FF3AF91A5026}
		{8B0D936A-DF16-49B1-AE29-58909CF5D791} = {54AE99E5-4BCF-49E1-A26D-FF3AF91A5026}
		{0E366875-1A30-43C7-B418-CBD4E5FC78DB} = {54AE99E5-4BCF-49E1-A26D-FF3AF91A5026}
		{C84195CD-C0A0-46AA-9435-E45B6D2833BE} = {54AE99E5-4BCF-49E1-A26D-FF3AF91A5026}
		{9FA13213-EC7A-4E62-9955-003200B56CFB} = {54AE99E5-4BCF-49E1-A26D-FF3AF91A5026}
		{4C1BD4D8-AC6D-4CE5-9FB5-7E1F25100DED} = {54AE99E5-4BCF-49E1-A26D-FF3AF91A5026}
		{184FEF52-FFEB-4A23-96BB-7BC1ED6299A5} = {54AE99E5-4BCF-49E1-A26D-FF3AF91A5026}
		{165D35AA-8573-4591-A491-E9A26F9802D6} = {54AE99E5-4BCF-49E1-A26D-FF3AF91A5026}
		{08B03E0C-2A45-479C-9E51-FBC6A4255D39} = {54AE99E5-4BCF-49E1-A26D-FF3AF91A5026}
		{8DDA1375-574C-45F4-970D-714544C5D89E} = {54AE99E5-4BCF-49E1-A26D-FF3AF91A5026}
		{AFEA0AB5-F77D-4DD4-9005-B6447B297AC3} = {C5A2E175-1D11-49C1-8EB9-A2F3D99B8B74}
		{3DF912C2-51EF-4B8C-AA22-17ABC2EFD58B} = {C5A2E175-1D11-49C1-8EB9-A2F3D99B8B74}
		{F176E914-E0C9-45D9-8531-1BD54786EF46} = {C5A2E175-1D11-49C1-8EB9-A2F3D99B8B74}
		{042F31E3-71B6-4AC2-8AC3-B1620E15F62A} = {17B38A52-CA16-483D-A783-1318359B6C44}
		{19DEEA79-AC15-44E8-9634-981D4E506C45} = {17B38A52-CA16-483D-A783-1318359B6C44}
		{882C310A-2797-44C4-B928-D8971E74FC52} = {17B38A52-CA16-483D-A783-1318359B6C44}
		{1CF56440-3A28-41E0-8A57-FEDFF7535FEA} = {17B38A52-CA16-483D-A783-1318359B6C44}
		{4416544D-1006-41DB-BB34-E99D9E865DB0} = {17B38A52-CA16-483D-A783-1318359B6C44}
		{0BB9887E-2DC3-48A9-B454-0527669B52E1} = {17B38A52-CA16-483D-A783-1318359B6C44}
		{C8548661-C061-48E9-9F47-5D278DD9ABE8} = {17B38A52-CA16-483D-A783-1318359B6C44}
		{E0054E3B-2912-429C-BD44-EB91D1C3B158} = {17B38A52-CA16-483D-A783-1318359B6C44}
		{A38CA833-600C-47DE-B95E-2A2C880DC40D} = {3E5F8E2F-BA19-4907-A42A-7B72311ADA62}
		{CEC4BE87-986A-4621-8341-E57C4D05F96D} = {3E5F8E2F-BA19-4907-A42A-7B72311ADA62}
		{26F3CAF3-E68C-47C6-B960-94D550CB8BD4} = {3E5F8E2F-BA19-4907-A42A-7B72311ADA62}
		{26D53DDA-8C96-44D5-B4F2-B27AD94AEF66} = {3E5F8E2F-BA19-4907-A42A-7B72311ADA62}
		{8F8AE632-09A2-4CB1-BE6D-CA712DB35F08} = {3E5F8E2F-BA19-4907-A42A-7B72311ADA62}
		{764EF976-64F0-4E24-951D-E99BE14FAAC4} = {3E5F8E2F-BA19-4907-A42A-7B72311ADA62}
		{B7FCC83A-995C-4A39-8F7D-8A4B783FEA9C} = {3E5F8E2F-BA19-4907-A42A-7B72311ADA62}
		{0C2FE779-7323-43E4-BDD5-E747DD1CA728} = {3E5F8E2F-BA19-4907-A42A-7B72311ADA62}
		{AD76C02B-E7FB-49B7-B8B4-50A7F17E1D16} = {3E5F8E2F-BA19-4907-A42A-7B72311ADA62}
		{8B7FA04B-F4FE-4178-9C28-1E00098A27B0} = {CC84EF93-7C69-4977-964D-C7EF9F1AC56D}
		{38FD7175-244A-48BA-89AC-623E51EA964E} = {CC84EF93-7C69-4977-964D-C7EF9F1AC56D}
		{4B95FD7A-F991-4331-AA5F-7AD1D76604DF} = {CC84EF93-7C69-4977-964D-C7EF9F1AC56D}
		{7FF13B4B-B041-48CB-8C1B-52A17803A852} = {C7945F11-9445-4EF4-8F1D-7DE753B63280}
		{525C5AF8-654B-417E-8FBF-D872D2D74466} = {C7945F11-9445-4EF4-8F1D-7DE753B63280}
		{FEBB253E-A5E0-42D4-905D-24F2B2AEEEE5} = {C7945F11-9445-4EF4-8F1D-7DE753B63280}
		{F6AAE40A-529D-4E1C-9D0B-A20B921CCB93} = {C7945F11-9445-4EF4-8F1D-7DE753B63280}
	EndGlobalSection
EndGlobal
