
Microsoft Visual Studio Solution File, Format Version 12.00
# Visual Studio 14
VisualStudioVersion = 14.0.25420.1
MinimumVisualStudioVersion = 10.0.40219.1
Project("{FAE04EC0-301F-11D3-BF4B-00C04F79EFBC}") = "VrManager", "VrManager\VrManager.csproj", "{7AC7E0E4-DC68-49A6-89CC-9705AA3DEC0F}"
EndProject
Project("{FAE04EC0-301F-11D3-BF4B-00C04F79EFBC}") = "ScreenDefinition", "VrPlayer\ScreenDefinition\ScreenDefinition.csproj", "{511CAC8B-8070-4562-A8C1-882F67C97B7C}"
EndProject
Project("{FAE04EC0-301F-11D3-BF4B-00C04F79EFBC}") = "Vr.Licence.Generate", "VrPlayer\Vr.Licence.Generate\Vr.Licence.Generate.csproj", "{35B31171-5245-449F-8F40-AB626197789B}"
EndProject
Project("{FAE04EC0-301F-11D3-BF4B-00C04F79EFBC}") = "Vr.License", "VrPlayer\Vr.License\Vr.License.csproj", "{5E54B9F1-7681-4F4E-AA81-FEBC39CA0476}"
EndProject
Project("{FAE04EC0-301F-11D3-BF4B-00C04F79EFBC}") = "VrPlayer.Contracts", "VrPlayer\VrPlayer.Contracts\VrPlayer.Contracts.csproj", "{463D0CFD-915F-41ED-9807-D509EBE1124C}"
EndProject
Project("{FAE04EC0-301F-11D3-BF4B-00C04F79EFBC}") = "VrPlayer.Helpers", "VrPlayer\VrPlayer.Helpers\VrPlayer.Helpers.csproj", "{D4A54A70-3BB5-4BE5-BEDB-3A41B6C43033}"
EndProject
Project("{FAE04EC0-301F-11D3-BF4B-00C04F79EFBC}") = "VrPlayer.Licence.Client", "VrPlayer\VrPlayer.Licence.Client\VrPlayer.Licence.Client.csproj", "{85B03CB4-8949-440E-9370-0F3DD0FADC42}"
EndProject
Project("{FAE04EC0-301F-11D3-BF4B-00C04F79EFBC}") = "VrPlayer.Specs", "VrPlayer\VrPlayer.Specs\VrPlayer.Specs.csproj", "{CC070CA7-A305-43CC-996C-C5ED318F1D19}"
EndProject
Project("{54435603-DBB4-11D2-8724-00A0C9A8B90C}") = "VrPlayer.Setup", "VrPlayer\VrPlayer.Setup\VrPlayer.Setup.vdproj", "{7D34A7B9-BFA3-4824-B7B8-DDB5E8CF5D03}"
EndProject
Project("{2150E333-8FDC-42A3-9474-1A3956D46DE8}") = "Distortions", "Distortions", "{3D45238F-0157-4405-9A31-AEA48EF9C63B}"
EndProject
Project("{FAE04EC0-301F-11D3-BF4B-00C04F79EFBC}") = "VrPlayer.Distortions.Barrel", "VrPlayer\VrPlayer.Distortions\VrPlayer.Distortions.Barrel\VrPlayer.Distortions.Barrel.csproj", "{AFEA0AB5-F77D-4DD4-9005-B6447B297AC3}"
EndProject
Project("{FAE04EC0-301F-11D3-BF4B-00C04F79EFBC}") = "VrPlayer.Distortions.NoDistortion", "VrPlayer\VrPlayer.Distortions\VrPlayer.Distortions.NoDistortion\VrPlayer.Distortions.NoDistortion.csproj", "{F176E914-E0C9-45D9-8531-1BD54786EF46}"
EndProject
Project("{FAE04EC0-301F-11D3-BF4B-00C04F79EFBC}") = "VrPlayer.Distortions.Pincushion", "VrPlayer\VrPlayer.Distortions\VrPlayer.Distortions.Pincushion\VrPlayer.Distortions.Pincushion.csproj", "{3DF912C2-51EF-4B8C-AA22-17ABC2EFD58B}"
EndProject
Project("{2150E333-8FDC-42A3-9474-1A3956D46DE8}") = "Effects", "Effects", "{C10A45FC-9344-4787-8A17-8360DDF1EA92}"
EndProject
Project("{FAE04EC0-301F-11D3-BF4B-00C04F79EFBC}") = "VrPlayer.Effects.Anaglyph", "VrPlayer\VrPlayer.Effects\VrPlayer.Effects.Anaglyph\VrPlayer.Effects.Anaglyph.csproj", "{C8548661-C061-48E9-9F47-5D278DD9ABE8}"
EndProject
Project("{FAE04EC0-301F-11D3-BF4B-00C04F79EFBC}") = "VrPlayer.Effects.ColorKeyAlpha", "VrPlayer\VrPlayer.Effects\VrPlayer.Effects.ColorKeyAlphaEffect\VrPlayer.Effects.ColorKeyAlpha.csproj", "{042F31E3-71B6-4AC2-8AC3-B1620E15F62A}"
EndProject
Project("{FAE04EC0-301F-11D3-BF4B-00C04F79EFBC}") = "VrPlayer.Effects.DepthMapOverUnder", "VrPlayer\VrPlayer.Effects\VrPlayer.Effects.DepthMapOverUnder\VrPlayer.Effects.DepthMapOverUnder.csproj", "{19DEEA79-AC15-44E8-9634-981D4E506C45}"
EndProject
Project("{FAE04EC0-301F-11D3-BF4B-00C04F79EFBC}") = "VrPlayer.Effects.DepthMapSbs", "VrPlayer\VrPlayer.Effects\VrPlayer.Effects.DepthMapSbs\VrPlayer.Effects.DepthMapSbs.csproj", "{882C310A-2797-44C4-B928-D8971E74FC52}"
EndProject
Project("{FAE04EC0-301F-11D3-BF4B-00C04F79EFBC}") = "VrPlayer.Effects.NoEffect", "VrPlayer\VrPlayer.Effects\VrPlayer.Effects.None\VrPlayer.Effects.NoEffect.csproj", "{0BB9887E-2DC3-48A9-B454-0527669B52E1}"
EndProject
Project("{FAE04EC0-301F-11D3-BF4B-00C04F79EFBC}") = "VrPlayer.Effects.Shazzam", "VrPlayer\VrPlayer.Effects\VrPlayer.Effects.Shazzam\VrPlayer.Effects.Shazzam.csproj", "{E0054E3B-2912-429C-BD44-EB91D1C3B158}"
EndProject
Project("{FAE04EC0-301F-11D3-BF4B-00C04F79EFBC}") = "VrPlayer.Effects.UnwrapFishEye", "VrPlayer\VrPlayer.Effects\VrPlayer.Effects.UnwrapFishEye\VrPlayer.Effects.UnwrapFishEye.csproj", "{1CF56440-3A28-41E0-8A57-FEDFF7535FEA}"
EndProject
Project("{FAE04EC0-301F-11D3-BF4B-00C04F79EFBC}") = "VrPlayer.Effects.UnwrapFishEyeStereo", "VrPlayer\VrPlayer.Effects\VrPlayer.Effects.UnwrapFishEyeStereo\VrPlayer.Effects.UnwrapFishEyeStereo.csproj", "{4416544D-1006-41DB-BB34-E99D9E865DB0}"
EndProject
Project("{2150E333-8FDC-42A3-9474-1A3956D46DE8}") = "Medias", "Medias", "{E493F49C-61BB-49F5-B237-40EAC3805F86}"
EndProject
Project("{FAE04EC0-301F-11D3-BF4B-00C04F79EFBC}") = "VrPlayer.Medias.Gdi", "VrPlayer\VrPlayer.Medias\VrPlayer.Medias.Gdi\VrPlayer.Medias.Gdi.csproj", "{F6AAE40A-529D-4E1C-9D0B-A20B921CCB93}"
EndProject
Project("{FAE04EC0-301F-11D3-BF4B-00C04F79EFBC}") = "VrPlayer.Medias.NoMedia", "VrPlayer\VrPlayer.Medias\VrPlayer.Medias.NoMedia\VrPlayer.Medias.NoMedia.csproj", "{7FF13B4B-B041-48CB-8C1B-52A17803A852}"
EndProject
Project("{FAE04EC0-301F-11D3-BF4B-00C04F79EFBC}") = "VrPlayer.Medias.VlcDotNet", "VrPlayer\VrPlayer.Medias\VrPlayer.Medias.VlcDotNet\VrPlayer.Medias.VlcDotNet.csproj", "{FEBB253E-A5E0-42D4-905D-24F2B2AEEEE5}"
EndProject
Project("{FAE04EC0-301F-11D3-BF4B-00C04F79EFBC}") = "VrPlayer.Medias.WpfMediaKit", "VrPlayer\VrPlayer.Medias\VrPlayer.Medias.WpfMediaKit\VrPlayer.Medias.WpfMediaKit.csproj", "{525C5AF8-654B-417E-8FBF-D872D2D74466}"
EndProject
Project("{2150E333-8FDC-42A3-9474-1A3956D46DE8}") = "Projections", "Projections", "{3D5D656F-C157-401E-AE30-5F35AEFC4DCA}"
EndProject
Project("{FAE04EC0-301F-11D3-BF4B-00C04F79EFBC}") = "VrPlayer.Projections.Cube", "VrPlayer\VrPlayer.Projections\VrPlayer.Projections.Cube\VrPlayer.Projections.Cube.csproj", "{A38CA833-600C-47DE-B95E-2A2C880DC40D}"
EndProject
Project("{FAE04EC0-301F-11D3-BF4B-00C04F79EFBC}") = "VrPlayer.Projections.Cylinder", "VrPlayer\VrPlayer.Projections\VrPlayer.Projections.Cylinder\VrPlayer.Projections.Cylinder.csproj", "{CEC4BE87-986A-4621-8341-E57C4D05F96D}"
EndProject
Project("{FAE04EC0-301F-11D3-BF4B-00C04F79EFBC}") = "VrPlayer.Projections.Dome", "VrPlayer\VrPlayer.Projections\VrPlayer.Projections.Dome\VrPlayer.Projections.Dome.csproj", "{26F3CAF3-E68C-47C6-B960-94D550CB8BD4}"
EndProject
Project("{FAE04EC0-301F-11D3-BF4B-00C04F79EFBC}") = "VrPlayer.Projections.DualDome", "VrPlayer\VrPlayer.Projections\VrPlayer.Projections.DualDome\VrPlayer.Projections.DualDome.csproj", "{0C2FE779-7323-43E4-BDD5-E747DD1CA728}"
EndProject
Project("{FAE04EC0-301F-11D3-BF4B-00C04F79EFBC}") = "VrPlayer.Projections.DualFullDome", "VrPlayer\VrPlayer.Projections\VrPlayer.Projections.DualFullDome\VrPlayer.Projections.DualFullDome.csproj", "{AD76C02B-E7FB-49B7-B8B4-50A7F17E1D16}"
EndProject
Project("{FAE04EC0-301F-11D3-BF4B-00C04F79EFBC}") = "VrPlayer.Projections.File", "VrPlayer\VrPlayer.Projections\VrPlayer.Projections.File\VrPlayer.Projections.File.csproj", "{764EF976-64F0-4E24-951D-E99BE14FAAC4}"
EndProject
Project("{FAE04EC0-301F-11D3-BF4B-00C04F79EFBC}") = "VrPlayer.Projections.FullDome", "VrPlayer\VrPlayer.Projections\VrPlayer.Projections.FullDome\VrPlayer.Projections.FullDome.csproj", "{B7FCC83A-995C-4A39-8F7D-8A4B783FEA9C}"
EndProject
Project("{FAE04EC0-301F-11D3-BF4B-00C04F79EFBC}") = "VrPlayer.Projections.Plane", "VrPlayer\VrPlayer.Projections\VrPlayer.Projections.Plane\VrPlayer.Projections.Plane.csproj", "{26D53DDA-8C96-44D5-B4F2-B27AD94AEF66}"
EndProject
Project("{FAE04EC0-301F-11D3-BF4B-00C04F79EFBC}") = "VrPlayer.Projections.Sphere", "VrPlayer\VrPlayer.Projections\VrPlayer.Projections.Sphere\VrPlayer.Projections.Sphere.csproj", "{8F8AE632-09A2-4CB1-BE6D-CA712DB35F08}"
EndProject
Project("{2150E333-8FDC-42A3-9474-1A3956D46DE8}") = "Stabilizer", "Stabilizer", "{8DDC684D-FC45-4577-99C3-49B146285BC6}"
EndProject
Project("{FAE04EC0-301F-11D3-BF4B-00C04F79EFBC}") = "VrPlayer.Stabilizers.Csv", "VrPlayer\VrPlayer.Stabilizers\VrPlayer.Stabilizers.Csv\VrPlayer.Stabilizers.Csv.csproj", "{4B95FD7A-F991-4331-AA5F-7AD1D76604DF}"
EndProject
Project("{FAE04EC0-301F-11D3-BF4B-00C04F79EFBC}") = "VrPlayer.Stabilizers.Deshaker", "VrPlayer\VrPlayer.Stabilizers\VrPlayer.Stabilizers.Deshaker\VrPlayer.Stabilizers.Deshaker.csproj", "{8B7FA04B-F4FE-4178-9C28-1E00098A27B0}"
EndProject
Project("{FAE04EC0-301F-11D3-BF4B-00C04F79EFBC}") = "VrPlayer.Stabilizers.NoStabilizer", "VrPlayer\VrPlayer.Stabilizers\VrPlayer.Stabilizers.NoStabilizer\VrPlayer.Stabilizers.NoStabilizer.csproj", "{38FD7175-244A-48BA-89AC-623E51EA964E}"
EndProject
Project("{2150E333-8FDC-42A3-9474-1A3956D46DE8}") = "Trackers", "Trackers", "{B3616141-A0D7-4FF7-BCED-A56152686C07}"
EndProject
Project("{FAE04EC0-301F-11D3-BF4B-00C04F79EFBC}") = "VrPlayer.Trackers.KinectTracker", "VrPlayer\VrPlayer.Trackers\VrPlayer.Trackers.KinectTracker\VrPlayer.Trackers.KinectTracker.csproj", "{346E3C64-7497-4110-A350-38C774429C16}"
EndProject
Project("{FAE04EC0-301F-11D3-BF4B-00C04F79EFBC}") = "VrPlayer.Trackers.LeapTracker", "VrPlayer\VrPlayer.Trackers\VrPlayer.Trackers.LeapTracker\VrPlayer.Trackers.LeapTracker.csproj", "{CA199CCF-3E07-4F57-84E1-3CB6E5B44C2B}"
EndProject
Project("{FAE04EC0-301F-11D3-BF4B-00C04F79EFBC}") = "VrPlayer.Trackers.MouseTracker", "VrPlayer\VrPlayer.Trackers\VrPlayer.Trackers.MouseTracker\VrPlayer.Trackers.MouseTracker.csproj", "{184FEF52-FFEB-4A23-96BB-7BC1ED6299A5}"
EndProject
Project("{FAE04EC0-301F-11D3-BF4B-00C04F79EFBC}") = "VrPlayer.Trackers.NoTracker", "VrPlayer\VrPlayer.Trackers\VrPlayer.Trackers.NoTracker\VrPlayer.Trackers.NoTracker.csproj", "{08B03E0C-2A45-479C-9E51-FBC6A4255D39}"
EndProject
Project("{FAE04EC0-301F-11D3-BF4B-00C04F79EFBC}") = "VrPlayer.Trackers.OculusRiftTracker", "VrPlayer\VrPlayer.Trackers\VrPlayer.Trackers.OculusRiftTracker\VrPlayer.Trackers.OculusRiftTracker.csproj", "{4C1BD4D8-AC6D-4CE5-9FB5-7E1F25100DED}"
EndProject
Project("{FAE04EC0-301F-11D3-BF4B-00C04F79EFBC}") = "VrPlayer.Trackers.PsMoveTracker", "VrPlayer\VrPlayer.Trackers\VrPlayer.Trackers.PsMoveTracker\VrPlayer.Trackers.PsMoveTracker.csproj", "{8B0D936A-DF16-49B1-AE29-58909CF5D791}"
EndProject
Project("{FAE04EC0-301F-11D3-BF4B-00C04F79EFBC}") = "VrPlayer.Trackers.RazerHydraTracker", "VrPlayer\VrPlayer.Trackers\VrPlayer.Trackers.RazerHydraTracker\VrPlayer.Trackers.RazerHydraTracker.csproj", "{0E366875-1A30-43C7-B418-CBD4E5FC78DB}"
EndProject
Project("{FAE04EC0-301F-11D3-BF4B-00C04F79EFBC}") = "VrPlayer.Trackers.TrackIrTracker", "VrPlayer\VrPlayer.Trackers\VrPlayer.Trackers.TrackIrTracker\VrPlayer.Trackers.TrackIrTracker.csproj", "{165D35AA-8573-4591-A491-E9A26F9802D6}"
EndProject
Project("{FAE04EC0-301F-11D3-BF4B-00C04F79EFBC}") = "VrPlayer.Trackers.VrpnTracker", "VrPlayer\VrPlayer.Trackers\VrPlayer.Trackers.VrpnTracker\VrPlayer.Trackers.VrpnTracker.csproj", "{C84195CD-C0A0-46AA-9435-E45B6D2833BE}"
EndProject
Project("{FAE04EC0-301F-11D3-BF4B-00C04F79EFBC}") = "VrPlayer.Trackers.WiimoteTracker", "VrPlayer\VrPlayer.Trackers\VrPlayer.Trackers.WiimoteTracker\VrPlayer.Trackers.WiimoteTracker.csproj", "{9FA13213-EC7A-4E62-9955-003200B56CFB}"
EndProject
Project("{FAE04EC0-301F-11D3-BF4B-00C04F79EFBC}") = "VrPlayer.Trackers.YEI3SpaceTracker", "VrPlayer\VrPlayer.Trackers\VrPlayer.Trackers.YEI3SpaceTracker\VrPlayer.Trackers.YEI3SpaceTracker.csproj", "{8DDA1375-574C-45F4-970D-714544C5D89E}"
EndProject
Project("{FAE04EC0-301F-11D3-BF4B-00C04F79EFBC}") = "VrPlayer", "VrPlayer\VrPlayer\VrPlayer.csproj", "{D57FC621-BC2F-48B8-804C-F836C0BD1B3C}"
EndProject
Project("{2150E333-8FDC-42A3-9474-1A3956D46DE8}") = "VrPlayerProject", "VrPlayerProject", "{70B5CA77-DB73-457A-A711-5C013B059AAB}"
EndProject
Project("{FAE04EC0-301F-11D3-BF4B-00C04F79EFBC}") = "VrManager.Data", "VrManager.Data\VrManager.Data.csproj", "{2DF2244A-3AC8-4BD6-8851-C2F34BD7A3D4}"
EndProject
Project("{2150E333-8FDC-42A3-9474-1A3956D46DE8}") = "VrComPortSending", "VrComPortSending", "{48E9E576-042B-471C-A3D0-5E59BC1777CB}"
EndProject
Project("{FAE04EC0-301F-11D3-BF4B-00C04F79EFBC}") = "ComPortPackages.Core", "VrComPortSending\ComPortPackages.Core\ComPortPackages.Core.csproj", "{33C4D04E-0166-4024-8E2E-CFEEF79C9F84}"
EndProject
Project("{FAE04EC0-301F-11D3-BF4B-00C04F79EFBC}") = "ComPortPackages.Console", "VrComPortSending\ComPortPackages.Console\ComPortPackages.Console.csproj", "{CDD36C59-C76C-4DFF-AD6C-28E8C085288B}"
EndProject
Project("{54435603-DBB4-11D2-8724-00A0C9A8B90C}") = "VrManager.Setup", "VrManager.Setup\VrManager.Setup.vdproj", "{CF6F1962-2FA4-4987-895D-C6D24A5112F4}"
EndProject
Project("{FAE04EC0-301F-11D3-BF4B-00C04F79EFBC}") = "LicenseCreator", "LicenseCreator\LicenseCreator.csproj", "{35D8878D-9BE5-4ADD-ABAD-62EE9AA84BE9}"
EndProject
Global
	GlobalSection(SolutionConfigurationPlatforms) = preSolution
		Debug|Any CPU = Debug|Any CPU
		Debug|x86 = Debug|x86
		Release|Any CPU = Release|Any CPU
		Release|x86 = Release|x86
	EndGlobalSection
	GlobalSection(ProjectConfigurationPlatforms) = postSolution
		{7AC7E0E4-DC68-49A6-89CC-9705AA3DEC0F}.Debug|Any CPU.ActiveCfg = Debug|Any CPU
		{7AC7E0E4-DC68-49A6-89CC-9705AA3DEC0F}.Debug|Any CPU.Build.0 = Debug|Any CPU
		{7AC7E0E4-DC68-49A6-89CC-9705AA3DEC0F}.Debug|x86.ActiveCfg = Debug|Any CPU
		{7AC7E0E4-DC68-49A6-89CC-9705AA3DEC0F}.Debug|x86.Build.0 = Debug|Any CPU
		{7AC7E0E4-DC68-49A6-89CC-9705AA3DEC0F}.Release|Any CPU.ActiveCfg = Release|Any CPU
		{7AC7E0E4-DC68-49A6-89CC-9705AA3DEC0F}.Release|Any CPU.Build.0 = Release|Any CPU
		{7AC7E0E4-DC68-49A6-89CC-9705AA3DEC0F}.Release|x86.ActiveCfg = Release|Any CPU
		{7AC7E0E4-DC68-49A6-89CC-9705AA3DEC0F}.Release|x86.Build.0 = Release|Any CPU
		{511CAC8B-8070-4562-A8C1-882F67C97B7C}.Debug|Any CPU.ActiveCfg = Debug|Any CPU
		{511CAC8B-8070-4562-A8C1-882F67C97B7C}.Debug|Any CPU.Build.0 = Debug|Any CPU
		{511CAC8B-8070-4562-A8C1-882F67C97B7C}.Debug|x86.ActiveCfg = Debug|x86
		{511CAC8B-8070-4562-A8C1-882F67C97B7C}.Debug|x86.Build.0 = Debug|x86
		{511CAC8B-8070-4562-A8C1-882F67C97B7C}.Release|Any CPU.ActiveCfg = Release|Any CPU
		{511CAC8B-8070-4562-A8C1-882F67C97B7C}.Release|Any CPU.Build.0 = Release|Any CPU
		{511CAC8B-8070-4562-A8C1-882F67C97B7C}.Release|x86.ActiveCfg = Release|x86
		{511CAC8B-8070-4562-A8C1-882F67C97B7C}.Release|x86.Build.0 = Release|x86
		{35B31171-5245-449F-8F40-AB626197789B}.Debug|Any CPU.ActiveCfg = Debug|Any CPU
		{35B31171-5245-449F-8F40-AB626197789B}.Debug|Any CPU.Build.0 = Debug|Any CPU
		{35B31171-5245-449F-8F40-AB626197789B}.Debug|x86.ActiveCfg = Debug|x86
		{35B31171-5245-449F-8F40-AB626197789B}.Debug|x86.Build.0 = Debug|x86
		{35B31171-5245-449F-8F40-AB626197789B}.Release|Any CPU.ActiveCfg = Release|Any CPU
		{35B31171-5245-449F-8F40-AB626197789B}.Release|Any CPU.Build.0 = Release|Any CPU
		{35B31171-5245-449F-8F40-AB626197789B}.Release|x86.ActiveCfg = Release|x86
		{35B31171-5245-449F-8F40-AB626197789B}.Release|x86.Build.0 = Release|x86
		{5E54B9F1-7681-4F4E-AA81-FEBC39CA0476}.Debug|Any CPU.ActiveCfg = Debug|Any CPU
		{5E54B9F1-7681-4F4E-AA81-FEBC39CA0476}.Debug|Any CPU.Build.0 = Debug|Any CPU
		{5E54B9F1-7681-4F4E-AA81-FEBC39CA0476}.Debug|x86.ActiveCfg = Debug|x86
		{5E54B9F1-7681-4F4E-AA81-FEBC39CA0476}.Debug|x86.Build.0 = Debug|x86
		{5E54B9F1-7681-4F4E-AA81-FEBC39CA0476}.Release|Any CPU.ActiveCfg = Release|Any CPU
		{5E54B9F1-7681-4F4E-AA81-FEBC39CA0476}.Release|Any CPU.Build.0 = Release|Any CPU
		{5E54B9F1-7681-4F4E-AA81-FEBC39CA0476}.Release|x86.ActiveCfg = Release|x86
		{5E54B9F1-7681-4F4E-AA81-FEBC39CA0476}.Release|x86.Build.0 = Release|x86
		{463D0CFD-915F-41ED-9807-D509EBE1124C}.Debug|Any CPU.ActiveCfg = Debug|Any CPU
		{463D0CFD-915F-41ED-9807-D509EBE1124C}.Debug|Any CPU.Build.0 = Debug|Any CPU
		{463D0CFD-915F-41ED-9807-D509EBE1124C}.Debug|x86.ActiveCfg = Debug|x86
		{463D0CFD-915F-41ED-9807-D509EBE1124C}.Debug|x86.Build.0 = Debug|x86
		{463D0CFD-915F-41ED-9807-D509EBE1124C}.Release|Any CPU.ActiveCfg = Release|Any CPU
		{463D0CFD-915F-41ED-9807-D509EBE1124C}.Release|Any CPU.Build.0 = Release|Any CPU
		{463D0CFD-915F-41ED-9807-D509EBE1124C}.Release|x86.ActiveCfg = Release|x86
		{463D0CFD-915F-41ED-9807-D509EBE1124C}.Release|x86.Build.0 = Release|x86
		{D4A54A70-3BB5-4BE5-BEDB-3A41B6C43033}.Debug|Any CPU.ActiveCfg = Debug|Any CPU
		{D4A54A70-3BB5-4BE5-BEDB-3A41B6C43033}.Debug|Any CPU.Build.0 = Debug|Any CPU
		{D4A54A70-3BB5-4BE5-BEDB-3A41B6C43033}.Debug|x86.ActiveCfg = Debug|x86
		{D4A54A70-3BB5-4BE5-BEDB-3A41B6C43033}.Debug|x86.Build.0 = Debug|x86
		{D4A54A70-3BB5-4BE5-BEDB-3A41B6C43033}.Release|Any CPU.ActiveCfg = Release|Any CPU
		{D4A54A70-3BB5-4BE5-BEDB-3A41B6C43033}.Release|Any CPU.Build.0 = Release|Any CPU
		{D4A54A70-3BB5-4BE5-BEDB-3A41B6C43033}.Release|x86.ActiveCfg = Release|x86
		{D4A54A70-3BB5-4BE5-BEDB-3A41B6C43033}.Release|x86.Build.0 = Release|x86
		{85B03CB4-8949-440E-9370-0F3DD0FADC42}.Debug|Any CPU.ActiveCfg = Debug|x86
		{85B03CB4-8949-440E-9370-0F3DD0FADC42}.Debug|x86.ActiveCfg = Debug|x86
		{85B03CB4-8949-440E-9370-0F3DD0FADC42}.Debug|x86.Build.0 = Debug|x86
		{85B03CB4-8949-440E-9370-0F3DD0FADC42}.Release|Any CPU.ActiveCfg = Release|x86
		{85B03CB4-8949-440E-9370-0F3DD0FADC42}.Release|x86.ActiveCfg = Release|x86
		{85B03CB4-8949-440E-9370-0F3DD0FADC42}.Release|x86.Build.0 = Release|x86
		{CC070CA7-A305-43CC-996C-C5ED318F1D19}.Debug|Any CPU.ActiveCfg = Debug|Any CPU
		{CC070CA7-A305-43CC-996C-C5ED318F1D19}.Debug|Any CPU.Build.0 = Debug|Any CPU
		{CC070CA7-A305-43CC-996C-C5ED318F1D19}.Debug|x86.ActiveCfg = Debug|x86
		{CC070CA7-A305-43CC-996C-C5ED318F1D19}.Debug|x86.Build.0 = Debug|x86
		{CC070CA7-A305-43CC-996C-C5ED318F1D19}.Release|Any CPU.ActiveCfg = Release|Any CPU
		{CC070CA7-A305-43CC-996C-C5ED318F1D19}.Release|Any CPU.Build.0 = Release|Any CPU
		{CC070CA7-A305-43CC-996C-C5ED318F1D19}.Release|x86.ActiveCfg = Release|x86
		{CC070CA7-A305-43CC-996C-C5ED318F1D19}.Release|x86.Build.0 = Release|x86
		{7D34A7B9-BFA3-4824-B7B8-DDB5E8CF5D03}.Debug|Any CPU.ActiveCfg = Debug
		{7D34A7B9-BFA3-4824-B7B8-DDB5E8CF5D03}.Debug|Any CPU.Build.0 = Debug
		{7D34A7B9-BFA3-4824-B7B8-DDB5E8CF5D03}.Debug|x86.ActiveCfg = Debug
		{7D34A7B9-BFA3-4824-B7B8-DDB5E8CF5D03}.Debug|x86.Build.0 = Debug
		{7D34A7B9-BFA3-4824-B7B8-DDB5E8CF5D03}.Release|Any CPU.ActiveCfg = Release
		{7D34A7B9-BFA3-4824-B7B8-DDB5E8CF5D03}.Release|Any CPU.Build.0 = Release
		{7D34A7B9-BFA3-4824-B7B8-DDB5E8CF5D03}.Release|x86.ActiveCfg = Release
		{7D34A7B9-BFA3-4824-B7B8-DDB5E8CF5D03}.Release|x86.Build.0 = Release
		{AFEA0AB5-F77D-4DD4-9005-B6447B297AC3}.Debug|Any CPU.ActiveCfg = Debug|Any CPU
		{AFEA0AB5-F77D-4DD4-9005-B6447B297AC3}.Debug|Any CPU.Build.0 = Debug|Any CPU
		{AFEA0AB5-F77D-4DD4-9005-B6447B297AC3}.Debug|x86.ActiveCfg = Debug|x86
		{AFEA0AB5-F77D-4DD4-9005-B6447B297AC3}.Debug|x86.Build.0 = Debug|x86
		{AFEA0AB5-F77D-4DD4-9005-B6447B297AC3}.Release|Any CPU.ActiveCfg = Release|Any CPU
		{AFEA0AB5-F77D-4DD4-9005-B6447B297AC3}.Release|Any CPU.Build.0 = Release|Any CPU
		{AFEA0AB5-F77D-4DD4-9005-B6447B297AC3}.Release|x86.ActiveCfg = Release|x86
		{AFEA0AB5-F77D-4DD4-9005-B6447B297AC3}.Release|x86.Build.0 = Release|x86
		{F176E914-E0C9-45D9-8531-1BD54786EF46}.Debug|Any CPU.ActiveCfg = Debug|Any CPU
		{F176E914-E0C9-45D9-8531-1BD54786EF46}.Debug|Any CPU.Build.0 = Debug|Any CPU
		{F176E914-E0C9-45D9-8531-1BD54786EF46}.Debug|x86.ActiveCfg = Debug|x86
		{F176E914-E0C9-45D9-8531-1BD54786EF46}.Debug|x86.Build.0 = Debug|x86
		{F176E914-E0C9-45D9-8531-1BD54786EF46}.Release|Any CPU.ActiveCfg = Release|Any CPU
		{F176E914-E0C9-45D9-8531-1BD54786EF46}.Release|Any CPU.Build.0 = Release|Any CPU
		{F176E914-E0C9-45D9-8531-1BD54786EF46}.Release|x86.ActiveCfg = Release|x86
		{F176E914-E0C9-45D9-8531-1BD54786EF46}.Release|x86.Build.0 = Release|x86
		{3DF912C2-51EF-4B8C-AA22-17ABC2EFD58B}.Debug|Any CPU.ActiveCfg = Debug|Any CPU
		{3DF912C2-51EF-4B8C-AA22-17ABC2EFD58B}.Debug|Any CPU.Build.0 = Debug|Any CPU
		{3DF912C2-51EF-4B8C-AA22-17ABC2EFD58B}.Debug|x86.ActiveCfg = Debug|x86
		{3DF912C2-51EF-4B8C-AA22-17ABC2EFD58B}.Debug|x86.Build.0 = Debug|x86
		{3DF912C2-51EF-4B8C-AA22-17ABC2EFD58B}.Release|Any CPU.ActiveCfg = Release|Any CPU
		{3DF912C2-51EF-4B8C-AA22-17ABC2EFD58B}.Release|Any CPU.Build.0 = Release|Any CPU
		{3DF912C2-51EF-4B8C-AA22-17ABC2EFD58B}.Release|x86.ActiveCfg = Release|x86
		{3DF912C2-51EF-4B8C-AA22-17ABC2EFD58B}.Release|x86.Build.0 = Release|x86
		{C8548661-C061-48E9-9F47-5D278DD9ABE8}.Debug|Any CPU.ActiveCfg = Debug|Any CPU
		{C8548661-C061-48E9-9F47-5D278DD9ABE8}.Debug|Any CPU.Build.0 = Debug|Any CPU
		{C8548661-C061-48E9-9F47-5D278DD9ABE8}.Debug|x86.ActiveCfg = Debug|x86
		{C8548661-C061-48E9-9F47-5D278DD9ABE8}.Debug|x86.Build.0 = Debug|x86
		{C8548661-C061-48E9-9F47-5D278DD9ABE8}.Release|Any CPU.ActiveCfg = Release|Any CPU
		{C8548661-C061-48E9-9F47-5D278DD9ABE8}.Release|Any CPU.Build.0 = Release|Any CPU
		{C8548661-C061-48E9-9F47-5D278DD9ABE8}.Release|x86.ActiveCfg = Release|x86
		{C8548661-C061-48E9-9F47-5D278DD9ABE8}.Release|x86.Build.0 = Release|x86
		{042F31E3-71B6-4AC2-8AC3-B1620E15F62A}.Debug|Any CPU.ActiveCfg = Debug|Any CPU
		{042F31E3-71B6-4AC2-8AC3-B1620E15F62A}.Debug|Any CPU.Build.0 = Debug|Any CPU
		{042F31E3-71B6-4AC2-8AC3-B1620E15F62A}.Debug|x86.ActiveCfg = Debug|x86
		{042F31E3-71B6-4AC2-8AC3-B1620E15F62A}.Debug|x86.Build.0 = Debug|x86
		{042F31E3-71B6-4AC2-8AC3-B1620E15F62A}.Release|Any CPU.ActiveCfg = Release|Any CPU
		{042F31E3-71B6-4AC2-8AC3-B1620E15F62A}.Release|Any CPU.Build.0 = Release|Any CPU
		{042F31E3-71B6-4AC2-8AC3-B1620E15F62A}.Release|x86.ActiveCfg = Release|x86
		{042F31E3-71B6-4AC2-8AC3-B1620E15F62A}.Release|x86.Build.0 = Release|x86
		{19DEEA79-AC15-44E8-9634-981D4E506C45}.Debug|Any CPU.ActiveCfg = Debug|Any CPU
		{19DEEA79-AC15-44E8-9634-981D4E506C45}.Debug|Any CPU.Build.0 = Debug|Any CPU
		{19DEEA79-AC15-44E8-9634-981D4E506C45}.Debug|x86.ActiveCfg = Debug|x86
		{19DEEA79-AC15-44E8-9634-981D4E506C45}.Debug|x86.Build.0 = Debug|x86
		{19DEEA79-AC15-44E8-9634-981D4E506C45}.Release|Any CPU.ActiveCfg = Release|Any CPU
		{19DEEA79-AC15-44E8-9634-981D4E506C45}.Release|Any CPU.Build.0 = Release|Any CPU
		{19DEEA79-AC15-44E8-9634-981D4E506C45}.Release|x86.ActiveCfg = Release|x86
		{19DEEA79-AC15-44E8-9634-981D4E506C45}.Release|x86.Build.0 = Release|x86
		{882C310A-2797-44C4-B928-D8971E74FC52}.Debug|Any CPU.ActiveCfg = Debug|Any CPU
		{882C310A-2797-44C4-B928-D8971E74FC52}.Debug|Any CPU.Build.0 = Debug|Any CPU
		{882C310A-2797-44C4-B928-D8971E74FC52}.Debug|x86.ActiveCfg = Debug|x86
		{882C310A-2797-44C4-B928-D8971E74FC52}.Debug|x86.Build.0 = Debug|x86
		{882C310A-2797-44C4-B928-D8971E74FC52}.Release|Any CPU.ActiveCfg = Release|Any CPU
		{882C310A-2797-44C4-B928-D8971E74FC52}.Release|Any CPU.Build.0 = Release|Any CPU
		{882C310A-2797-44C4-B928-D8971E74FC52}.Release|x86.ActiveCfg = Release|x86
		{882C310A-2797-44C4-B928-D8971E74FC52}.Release|x86.Build.0 = Release|x86
		{0BB9887E-2DC3-48A9-B454-0527669B52E1}.Debug|Any CPU.ActiveCfg = Debug|Any CPU
		{0BB9887E-2DC3-48A9-B454-0527669B52E1}.Debug|Any CPU.Build.0 = Debug|Any CPU
		{0BB9887E-2DC3-48A9-B454-0527669B52E1}.Debug|x86.ActiveCfg = Debug|x86
		{0BB9887E-2DC3-48A9-B454-0527669B52E1}.Debug|x86.Build.0 = Debug|x86
		{0BB9887E-2DC3-48A9-B454-0527669B52E1}.Release|Any CPU.ActiveCfg = Release|Any CPU
		{0BB9887E-2DC3-48A9-B454-0527669B52E1}.Release|Any CPU.Build.0 = Release|Any CPU
		{0BB9887E-2DC3-48A9-B454-0527669B52E1}.Release|x86.ActiveCfg = Release|x86
		{0BB9887E-2DC3-48A9-B454-0527669B52E1}.Release|x86.Build.0 = Release|x86
		{E0054E3B-2912-429C-BD44-EB91D1C3B158}.Debug|Any CPU.ActiveCfg = Debug|Any CPU
		{E0054E3B-2912-429C-BD44-EB91D1C3B158}.Debug|Any CPU.Build.0 = Debug|Any CPU
		{E0054E3B-2912-429C-BD44-EB91D1C3B158}.Debug|x86.ActiveCfg = Debug|x86
		{E0054E3B-2912-429C-BD44-EB91D1C3B158}.Debug|x86.Build.0 = Debug|x86
		{E0054E3B-2912-429C-BD44-EB91D1C3B158}.Release|Any CPU.ActiveCfg = Release|Any CPU
		{E0054E3B-2912-429C-BD44-EB91D1C3B158}.Release|Any CPU.Build.0 = Release|Any CPU
		{E0054E3B-2912-429C-BD44-EB91D1C3B158}.Release|x86.ActiveCfg = Release|x86
		{E0054E3B-2912-429C-BD44-EB91D1C3B158}.Release|x86.Build.0 = Release|x86
		{1CF56440-3A28-41E0-8A57-FEDFF7535FEA}.Debug|Any CPU.ActiveCfg = Debug|Any CPU
		{1CF56440-3A28-41E0-8A57-FEDFF7535FEA}.Debug|Any CPU.Build.0 = Debug|Any CPU
		{1CF56440-3A28-41E0-8A57-FEDFF7535FEA}.Debug|x86.ActiveCfg = Debug|x86
		{1CF56440-3A28-41E0-8A57-FEDFF7535FEA}.Debug|x86.Build.0 = Debug|x86
		{1CF56440-3A28-41E0-8A57-FEDFF7535FEA}.Release|Any CPU.ActiveCfg = Release|Any CPU
		{1CF56440-3A28-41E0-8A57-FEDFF7535FEA}.Release|Any CPU.Build.0 = Release|Any CPU
		{1CF56440-3A28-41E0-8A57-FEDFF7535FEA}.Release|x86.ActiveCfg = Release|x86
		{1CF56440-3A28-41E0-8A57-FEDFF7535FEA}.Release|x86.Build.0 = Release|x86
		{4416544D-1006-41DB-BB34-E99D9E865DB0}.Debug|Any CPU.ActiveCfg = Debug|Any CPU
		{4416544D-1006-41DB-BB34-E99D9E865DB0}.Debug|Any CPU.Build.0 = Debug|Any CPU
		{4416544D-1006-41DB-BB34-E99D9E865DB0}.Debug|x86.ActiveCfg = Debug|x86
		{4416544D-1006-41DB-BB34-E99D9E865DB0}.Debug|x86.Build.0 = Debug|x86
		{4416544D-1006-41DB-BB34-E99D9E865DB0}.Release|Any CPU.ActiveCfg = Release|Any CPU
		{4416544D-1006-41DB-BB34-E99D9E865DB0}.Release|Any CPU.Build.0 = Release|Any CPU
		{4416544D-1006-41DB-BB34-E99D9E865DB0}.Release|x86.ActiveCfg = Release|x86
		{4416544D-1006-41DB-BB34-E99D9E865DB0}.Release|x86.Build.0 = Release|x86
		{F6AAE40A-529D-4E1C-9D0B-A20B921CCB93}.Debug|Any CPU.ActiveCfg = Debug|Any CPU
		{F6AAE40A-529D-4E1C-9D0B-A20B921CCB93}.Debug|Any CPU.Build.0 = Debug|Any CPU
		{F6AAE40A-529D-4E1C-9D0B-A20B921CCB93}.Debug|x86.ActiveCfg = Debug|x86
		{F6AAE40A-529D-4E1C-9D0B-A20B921CCB93}.Debug|x86.Build.0 = Debug|x86
		{F6AAE40A-529D-4E1C-9D0B-A20B921CCB93}.Release|Any CPU.ActiveCfg = Release|Any CPU
		{F6AAE40A-529D-4E1C-9D0B-A20B921CCB93}.Release|Any CPU.Build.0 = Release|Any CPU
		{F6AAE40A-529D-4E1C-9D0B-A20B921CCB93}.Release|x86.ActiveCfg = Release|x86
		{F6AAE40A-529D-4E1C-9D0B-A20B921CCB93}.Release|x86.Build.0 = Release|x86
		{7FF13B4B-B041-48CB-8C1B-52A17803A852}.Debug|Any CPU.ActiveCfg = Debug|Any CPU
		{7FF13B4B-B041-48CB-8C1B-52A17803A852}.Debug|Any CPU.Build.0 = Debug|Any CPU
		{7FF13B4B-B041-48CB-8C1B-52A17803A852}.Debug|x86.ActiveCfg = Debug|x86
		{7FF13B4B-B041-48CB-8C1B-52A17803A852}.Debug|x86.Build.0 = Debug|x86
		{7FF13B4B-B041-48CB-8C1B-52A17803A852}.Release|Any CPU.ActiveCfg = Release|Any CPU
		{7FF13B4B-B041-48CB-8C1B-52A17803A852}.Release|Any CPU.Build.0 = Release|Any CPU
		{7FF13B4B-B041-48CB-8C1B-52A17803A852}.Release|x86.ActiveCfg = Release|x86
		{7FF13B4B-B041-48CB-8C1B-52A17803A852}.Release|x86.Build.0 = Release|x86
		{FEBB253E-A5E0-42D4-905D-24F2B2AEEEE5}.Debug|Any CPU.ActiveCfg = Debug|Any CPU
		{FEBB253E-A5E0-42D4-905D-24F2B2AEEEE5}.Debug|Any CPU.Build.0 = Debug|Any CPU
		{FEBB253E-A5E0-42D4-905D-24F2B2AEEEE5}.Debug|x86.ActiveCfg = Debug|x86
		{FEBB253E-A5E0-42D4-905D-24F2B2AEEEE5}.Debug|x86.Build.0 = Debug|x86
		{FEBB253E-A5E0-42D4-905D-24F2B2AEEEE5}.Release|Any CPU.ActiveCfg = Release|Any CPU
		{FEBB253E-A5E0-42D4-905D-24F2B2AEEEE5}.Release|Any CPU.Build.0 = Release|Any CPU
		{FEBB253E-A5E0-42D4-905D-24F2B2AEEEE5}.Release|x86.ActiveCfg = Release|x86
		{FEBB253E-A5E0-42D4-905D-24F2B2AEEEE5}.Release|x86.Build.0 = Release|x86
		{525C5AF8-654B-417E-8FBF-D872D2D74466}.Debug|Any CPU.ActiveCfg = Debug|Any CPU
		{525C5AF8-654B-417E-8FBF-D872D2D74466}.Debug|Any CPU.Build.0 = Debug|Any CPU
		{525C5AF8-654B-417E-8FBF-D872D2D74466}.Debug|x86.ActiveCfg = Debug|x86
		{525C5AF8-654B-417E-8FBF-D872D2D74466}.Debug|x86.Build.0 = Debug|x86
		{525C5AF8-654B-417E-8FBF-D872D2D74466}.Release|Any CPU.ActiveCfg = Release|Any CPU
		{525C5AF8-654B-417E-8FBF-D872D2D74466}.Release|Any CPU.Build.0 = Release|Any CPU
		{525C5AF8-654B-417E-8FBF-D872D2D74466}.Release|x86.ActiveCfg = Release|x86
		{525C5AF8-654B-417E-8FBF-D872D2D74466}.Release|x86.Build.0 = Release|x86
		{A38CA833-600C-47DE-B95E-2A2C880DC40D}.Debug|Any CPU.ActiveCfg = Debug|Any CPU
		{A38CA833-600C-47DE-B95E-2A2C880DC40D}.Debug|Any CPU.Build.0 = Debug|Any CPU
		{A38CA833-600C-47DE-B95E-2A2C880DC40D}.Debug|x86.ActiveCfg = Debug|x86
		{A38CA833-600C-47DE-B95E-2A2C880DC40D}.Debug|x86.Build.0 = Debug|x86
		{A38CA833-600C-47DE-B95E-2A2C880DC40D}.Release|Any CPU.ActiveCfg = Release|Any CPU
		{A38CA833-600C-47DE-B95E-2A2C880DC40D}.Release|Any CPU.Build.0 = Release|Any CPU
		{A38CA833-600C-47DE-B95E-2A2C880DC40D}.Release|x86.ActiveCfg = Release|x86
		{A38CA833-600C-47DE-B95E-2A2C880DC40D}.Release|x86.Build.0 = Release|x86
		{CEC4BE87-986A-4621-8341-E57C4D05F96D}.Debug|Any CPU.ActiveCfg = Debug|Any CPU
		{CEC4BE87-986A-4621-8341-E57C4D05F96D}.Debug|Any CPU.Build.0 = Debug|Any CPU
		{CEC4BE87-986A-4621-8341-E57C4D05F96D}.Debug|x86.ActiveCfg = Debug|x86
		{CEC4BE87-986A-4621-8341-E57C4D05F96D}.Debug|x86.Build.0 = Debug|x86
		{CEC4BE87-986A-4621-8341-E57C4D05F96D}.Release|Any CPU.ActiveCfg = Release|Any CPU
		{CEC4BE87-986A-4621-8341-E57C4D05F96D}.Release|Any CPU.Build.0 = Release|Any CPU
		{CEC4BE87-986A-4621-8341-E57C4D05F96D}.Release|x86.ActiveCfg = Release|x86
		{CEC4BE87-986A-4621-8341-E57C4D05F96D}.Release|x86.Build.0 = Release|x86
		{26F3CAF3-E68C-47C6-B960-94D550CB8BD4}.Debug|Any CPU.ActiveCfg = Debug|Any CPU
		{26F3CAF3-E68C-47C6-B960-94D550CB8BD4}.Debug|Any CPU.Build.0 = Debug|Any CPU
		{26F3CAF3-E68C-47C6-B960-94D550CB8BD4}.Debug|x86.ActiveCfg = Debug|x86
		{26F3CAF3-E68C-47C6-B960-94D550CB8BD4}.Debug|x86.Build.0 = Debug|x86
		{26F3CAF3-E68C-47C6-B960-94D550CB8BD4}.Release|Any CPU.ActiveCfg = Release|Any CPU
		{26F3CAF3-E68C-47C6-B960-94D550CB8BD4}.Release|Any CPU.Build.0 = Release|Any CPU
		{26F3CAF3-E68C-47C6-B960-94D550CB8BD4}.Release|x86.ActiveCfg = Release|x86
		{26F3CAF3-E68C-47C6-B960-94D550CB8BD4}.Release|x86.Build.0 = Release|x86
		{0C2FE779-7323-43E4-BDD5-E747DD1CA728}.Debug|Any CPU.ActiveCfg = Debug|Any CPU
		{0C2FE779-7323-43E4-BDD5-E747DD1CA728}.Debug|Any CPU.Build.0 = Debug|Any CPU
		{0C2FE779-7323-43E4-BDD5-E747DD1CA728}.Debug|x86.ActiveCfg = Debug|x86
		{0C2FE779-7323-43E4-BDD5-E747DD1CA728}.Debug|x86.Build.0 = Debug|x86
		{0C2FE779-7323-43E4-BDD5-E747DD1CA728}.Release|Any CPU.ActiveCfg = Release|Any CPU
		{0C2FE779-7323-43E4-BDD5-E747DD1CA728}.Release|Any CPU.Build.0 = Release|Any CPU
		{0C2FE779-7323-43E4-BDD5-E747DD1CA728}.Release|x86.ActiveCfg = Release|x86
		{0C2FE779-7323-43E4-BDD5-E747DD1CA728}.Release|x86.Build.0 = Release|x86
		{AD76C02B-E7FB-49B7-B8B4-50A7F17E1D16}.Debug|Any CPU.ActiveCfg = Debug|Any CPU
		{AD76C02B-E7FB-49B7-B8B4-50A7F17E1D16}.Debug|Any CPU.Build.0 = Debug|Any CPU
		{AD76C02B-E7FB-49B7-B8B4-50A7F17E1D16}.Debug|x86.ActiveCfg = Debug|x86
		{AD76C02B-E7FB-49B7-B8B4-50A7F17E1D16}.Debug|x86.Build.0 = Debug|x86
		{AD76C02B-E7FB-49B7-B8B4-50A7F17E1D16}.Release|Any CPU.ActiveCfg = Release|Any CPU
		{AD76C02B-E7FB-49B7-B8B4-50A7F17E1D16}.Release|Any CPU.Build.0 = Release|Any CPU
		{AD76C02B-E7FB-49B7-B8B4-50A7F17E1D16}.Release|x86.ActiveCfg = Release|x86
		{AD76C02B-E7FB-49B7-B8B4-50A7F17E1D16}.Release|x86.Build.0 = Release|x86
		{764EF976-64F0-4E24-951D-E99BE14FAAC4}.Debug|Any CPU.ActiveCfg = Debug|Any CPU
		{764EF976-64F0-4E24-951D-E99BE14FAAC4}.Debug|Any CPU.Build.0 = Debug|Any CPU
		{764EF976-64F0-4E24-951D-E99BE14FAAC4}.Debug|x86.ActiveCfg = Debug|x86
		{764EF976-64F0-4E24-951D-E99BE14FAAC4}.Debug|x86.Build.0 = Debug|x86
		{764EF976-64F0-4E24-951D-E99BE14FAAC4}.Release|Any CPU.ActiveCfg = Release|Any CPU
		{764EF976-64F0-4E24-951D-E99BE14FAAC4}.Release|Any CPU.Build.0 = Release|Any CPU
		{764EF976-64F0-4E24-951D-E99BE14FAAC4}.Release|x86.ActiveCfg = Release|x86
		{764EF976-64F0-4E24-951D-E99BE14FAAC4}.Release|x86.Build.0 = Release|x86
		{B7FCC83A-995C-4A39-8F7D-8A4B783FEA9C}.Debug|Any CPU.ActiveCfg = Debug|Any CPU
		{B7FCC83A-995C-4A39-8F7D-8A4B783FEA9C}.Debug|Any CPU.Build.0 = Debug|Any CPU
		{B7FCC83A-995C-4A39-8F7D-8A4B783FEA9C}.Debug|x86.ActiveCfg = Debug|x86
		{B7FCC83A-995C-4A39-8F7D-8A4B783FEA9C}.Debug|x86.Build.0 = Debug|x86
		{B7FCC83A-995C-4A39-8F7D-8A4B783FEA9C}.Release|Any CPU.ActiveCfg = Release|Any CPU
		{B7FCC83A-995C-4A39-8F7D-8A4B783FEA9C}.Release|Any CPU.Build.0 = Release|Any CPU
		{B7FCC83A-995C-4A39-8F7D-8A4B783FEA9C}.Release|x86.ActiveCfg = Release|x86
		{B7FCC83A-995C-4A39-8F7D-8A4B783FEA9C}.Release|x86.Build.0 = Release|x86
		{26D53DDA-8C96-44D5-B4F2-B27AD94AEF66}.Debug|Any CPU.ActiveCfg = Debug|Any CPU
		{26D53DDA-8C96-44D5-B4F2-B27AD94AEF66}.Debug|Any CPU.Build.0 = Debug|Any CPU
		{26D53DDA-8C96-44D5-B4F2-B27AD94AEF66}.Debug|x86.ActiveCfg = Debug|x86
		{26D53DDA-8C96-44D5-B4F2-B27AD94AEF66}.Debug|x86.Build.0 = Debug|x86
		{26D53DDA-8C96-44D5-B4F2-B27AD94AEF66}.Release|Any CPU.ActiveCfg = Release|Any CPU
		{26D53DDA-8C96-44D5-B4F2-B27AD94AEF66}.Release|Any CPU.Build.0 = Release|Any CPU
		{26D53DDA-8C96-44D5-B4F2-B27AD94AEF66}.Release|x86.ActiveCfg = Release|x86
		{26D53DDA-8C96-44D5-B4F2-B27AD94AEF66}.Release|x86.Build.0 = Release|x86
		{8F8AE632-09A2-4CB1-BE6D-CA712DB35F08}.Debug|Any CPU.ActiveCfg = Debug|Any CPU
		{8F8AE632-09A2-4CB1-BE6D-CA712DB35F08}.Debug|Any CPU.Build.0 = Debug|Any CPU
		{8F8AE632-09A2-4CB1-BE6D-CA712DB35F08}.Debug|x86.ActiveCfg = Debug|x86
		{8F8AE632-09A2-4CB1-BE6D-CA712DB35F08}.Debug|x86.Build.0 = Debug|x86
		{8F8AE632-09A2-4CB1-BE6D-CA712DB35F08}.Release|Any CPU.ActiveCfg = Release|Any CPU
		{8F8AE632-09A2-4CB1-BE6D-CA712DB35F08}.Release|Any CPU.Build.0 = Release|Any CPU
		{8F8AE632-09A2-4CB1-BE6D-CA712DB35F08}.Release|x86.ActiveCfg = Release|x86
		{8F8AE632-09A2-4CB1-BE6D-CA712DB35F08}.Release|x86.Build.0 = Release|x86
		{4B95FD7A-F991-4331-AA5F-7AD1D76604DF}.Debug|Any CPU.ActiveCfg = Debug|Any CPU
		{4B95FD7A-F991-4331-AA5F-7AD1D76604DF}.Debug|Any CPU.Build.0 = Debug|Any CPU
		{4B95FD7A-F991-4331-AA5F-7AD1D76604DF}.Debug|x86.ActiveCfg = Debug|x86
		{4B95FD7A-F991-4331-AA5F-7AD1D76604DF}.Debug|x86.Build.0 = Debug|x86
		{4B95FD7A-F991-4331-AA5F-7AD1D76604DF}.Release|Any CPU.ActiveCfg = Release|Any CPU
		{4B95FD7A-F991-4331-AA5F-7AD1D76604DF}.Release|Any CPU.Build.0 = Release|Any CPU
		{4B95FD7A-F991-4331-AA5F-7AD1D76604DF}.Release|x86.ActiveCfg = Release|x86
		{4B95FD7A-F991-4331-AA5F-7AD1D76604DF}.Release|x86.Build.0 = Release|x86
		{8B7FA04B-F4FE-4178-9C28-1E00098A27B0}.Debug|Any CPU.ActiveCfg = Debug|Any CPU
		{8B7FA04B-F4FE-4178-9C28-1E00098A27B0}.Debug|Any CPU.Build.0 = Debug|Any CPU
		{8B7FA04B-F4FE-4178-9C28-1E00098A27B0}.Debug|x86.ActiveCfg = Debug|x86
		{8B7FA04B-F4FE-4178-9C28-1E00098A27B0}.Debug|x86.Build.0 = Debug|x86
		{8B7FA04B-F4FE-4178-9C28-1E00098A27B0}.Release|Any CPU.ActiveCfg = Release|Any CPU
		{8B7FA04B-F4FE-4178-9C28-1E00098A27B0}.Release|Any CPU.Build.0 = Release|Any CPU
		{8B7FA04B-F4FE-4178-9C28-1E00098A27B0}.Release|x86.ActiveCfg = Release|x86
		{8B7FA04B-F4FE-4178-9C28-1E00098A27B0}.Release|x86.Build.0 = Release|x86
		{38FD7175-244A-48BA-89AC-623E51EA964E}.Debug|Any CPU.ActiveCfg = Debug|Any CPU
		{38FD7175-244A-48BA-89AC-623E51EA964E}.Debug|Any CPU.Build.0 = Debug|Any CPU
		{38FD7175-244A-48BA-89AC-623E51EA964E}.Debug|x86.ActiveCfg = Debug|x86
		{38FD7175-244A-48BA-89AC-623E51EA964E}.Debug|x86.Build.0 = Debug|x86
		{38FD7175-244A-48BA-89AC-623E51EA964E}.Release|Any CPU.ActiveCfg = Release|Any CPU
		{38FD7175-244A-48BA-89AC-623E51EA964E}.Release|Any CPU.Build.0 = Release|Any CPU
		{38FD7175-244A-48BA-89AC-623E51EA964E}.Release|x86.ActiveCfg = Release|x86
		{38FD7175-244A-48BA-89AC-623E51EA964E}.Release|x86.Build.0 = Release|x86
		{346E3C64-7497-4110-A350-38C774429C16}.Debug|Any CPU.ActiveCfg = Debug|Any CPU
		{346E3C64-7497-4110-A350-38C774429C16}.Debug|Any CPU.Build.0 = Debug|Any CPU
		{346E3C64-7497-4110-A350-38C774429C16}.Debug|x86.ActiveCfg = Debug|x86
		{346E3C64-7497-4110-A350-38C774429C16}.Debug|x86.Build.0 = Debug|x86
		{346E3C64-7497-4110-A350-38C774429C16}.Release|Any CPU.ActiveCfg = Release|Any CPU
		{346E3C64-7497-4110-A350-38C774429C16}.Release|Any CPU.Build.0 = Release|Any CPU
		{346E3C64-7497-4110-A350-38C774429C16}.Release|x86.ActiveCfg = Release|x86
		{346E3C64-7497-4110-A350-38C774429C16}.Release|x86.Build.0 = Release|x86
		{CA199CCF-3E07-4F57-84E1-3CB6E5B44C2B}.Debug|Any CPU.ActiveCfg = Debug|Any CPU
		{CA199CCF-3E07-4F57-84E1-3CB6E5B44C2B}.Debug|Any CPU.Build.0 = Debug|Any CPU
		{CA199CCF-3E07-4F57-84E1-3CB6E5B44C2B}.Debug|x86.ActiveCfg = Debug|x86
		{CA199CCF-3E07-4F57-84E1-3CB6E5B44C2B}.Debug|x86.Build.0 = Debug|x86
		{CA199CCF-3E07-4F57-84E1-3CB6E5B44C2B}.Release|Any CPU.ActiveCfg = Release|Any CPU
		{CA199CCF-3E07-4F57-84E1-3CB6E5B44C2B}.Release|Any CPU.Build.0 = Release|Any CPU
		{CA199CCF-3E07-4F57-84E1-3CB6E5B44C2B}.Release|x86.ActiveCfg = Release|x86
		{CA199CCF-3E07-4F57-84E1-3CB6E5B44C2B}.Release|x86.Build.0 = Release|x86
		{184FEF52-FFEB-4A23-96BB-7BC1ED6299A5}.Debug|Any CPU.ActiveCfg = Debug|Any CPU
		{184FEF52-FFEB-4A23-96BB-7BC1ED6299A5}.Debug|Any CPU.Build.0 = Debug|Any CPU
		{184FEF52-FFEB-4A23-96BB-7BC1ED6299A5}.Debug|x86.ActiveCfg = Debug|x86
		{184FEF52-FFEB-4A23-96BB-7BC1ED6299A5}.Debug|x86.Build.0 = Debug|x86
		{184FEF52-FFEB-4A23-96BB-7BC1ED6299A5}.Release|Any CPU.ActiveCfg = Release|Any CPU
		{184FEF52-FFEB-4A23-96BB-7BC1ED6299A5}.Release|Any CPU.Build.0 = Release|Any CPU
		{184FEF52-FFEB-4A23-96BB-7BC1ED6299A5}.Release|x86.ActiveCfg = Release|x86
		{184FEF52-FFEB-4A23-96BB-7BC1ED6299A5}.Release|x86.Build.0 = Release|x86
		{08B03E0C-2A45-479C-9E51-FBC6A4255D39}.Debug|Any CPU.ActiveCfg = Debug|Any CPU
		{08B03E0C-2A45-479C-9E51-FBC6A4255D39}.Debug|Any CPU.Build.0 = Debug|Any CPU
		{08B03E0C-2A45-479C-9E51-FBC6A4255D39}.Debug|x86.ActiveCfg = Debug|x86
		{08B03E0C-2A45-479C-9E51-FBC6A4255D39}.Debug|x86.Build.0 = Debug|x86
		{08B03E0C-2A45-479C-9E51-FBC6A4255D39}.Release|Any CPU.ActiveCfg = Release|Any CPU
		{08B03E0C-2A45-479C-9E51-FBC6A4255D39}.Release|Any CPU.Build.0 = Release|Any CPU
		{08B03E0C-2A45-479C-9E51-FBC6A4255D39}.Release|x86.ActiveCfg = Release|x86
		{08B03E0C-2A45-479C-9E51-FBC6A4255D39}.Release|x86.Build.0 = Release|x86
		{4C1BD4D8-AC6D-4CE5-9FB5-7E1F25100DED}.Debug|Any CPU.ActiveCfg = Debug|Any CPU
		{4C1BD4D8-AC6D-4CE5-9FB5-7E1F25100DED}.Debug|Any CPU.Build.0 = Debug|Any CPU
		{4C1BD4D8-AC6D-4CE5-9FB5-7E1F25100DED}.Debug|x86.ActiveCfg = Debug|x86
		{4C1BD4D8-AC6D-4CE5-9FB5-7E1F25100DED}.Debug|x86.Build.0 = Debug|x86
		{4C1BD4D8-AC6D-4CE5-9FB5-7E1F25100DED}.Release|Any CPU.ActiveCfg = Release|Any CPU
		{4C1BD4D8-AC6D-4CE5-9FB5-7E1F25100DED}.Release|Any CPU.Build.0 = Release|Any CPU
		{4C1BD4D8-AC6D-4CE5-9FB5-7E1F25100DED}.Release|x86.ActiveCfg = Release|x86
		{4C1BD4D8-AC6D-4CE5-9FB5-7E1F25100DED}.Release|x86.Build.0 = Release|x86
		{8B0D936A-DF16-49B1-AE29-58909CF5D791}.Debug|Any CPU.ActiveCfg = Debug|Any CPU
		{8B0D936A-DF16-49B1-AE29-58909CF5D791}.Debug|Any CPU.Build.0 = Debug|Any CPU
		{8B0D936A-DF16-49B1-AE29-58909CF5D791}.Debug|x86.ActiveCfg = Debug|x86
		{8B0D936A-DF16-49B1-AE29-58909CF5D791}.Debug|x86.Build.0 = Debug|x86
		{8B0D936A-DF16-49B1-AE29-58909CF5D791}.Release|Any CPU.ActiveCfg = Release|Any CPU
		{8B0D936A-DF16-49B1-AE29-58909CF5D791}.Release|Any CPU.Build.0 = Release|Any CPU
		{8B0D936A-DF16-49B1-AE29-58909CF5D791}.Release|x86.ActiveCfg = Release|x86
		{8B0D936A-DF16-49B1-AE29-58909CF5D791}.Release|x86.Build.0 = Release|x86
		{0E366875-1A30-43C7-B418-CBD4E5FC78DB}.Debug|Any CPU.ActiveCfg = Debug|Any CPU
		{0E366875-1A30-43C7-B418-CBD4E5FC78DB}.Debug|Any CPU.Build.0 = Debug|Any CPU
		{0E366875-1A30-43C7-B418-CBD4E5FC78DB}.Debug|x86.ActiveCfg = Debug|x86
		{0E366875-1A30-43C7-B418-CBD4E5FC78DB}.Debug|x86.Build.0 = Debug|x86
		{0E366875-1A30-43C7-B418-CBD4E5FC78DB}.Release|Any CPU.ActiveCfg = Release|Any CPU
		{0E366875-1A30-43C7-B418-CBD4E5FC78DB}.Release|Any CPU.Build.0 = Release|Any CPU
		{0E366875-1A30-43C7-B418-CBD4E5FC78DB}.Release|x86.ActiveCfg = Release|x86
		{0E366875-1A30-43C7-B418-CBD4E5FC78DB}.Release|x86.Build.0 = Release|x86
		{165D35AA-8573-4591-A491-E9A26F9802D6}.Debug|Any CPU.ActiveCfg = Debug|Any CPU
		{165D35AA-8573-4591-A491-E9A26F9802D6}.Debug|Any CPU.Build.0 = Debug|Any CPU
		{165D35AA-8573-4591-A491-E9A26F9802D6}.Debug|x86.ActiveCfg = Debug|x86
		{165D35AA-8573-4591-A491-E9A26F9802D6}.Debug|x86.Build.0 = Debug|x86
		{165D35AA-8573-4591-A491-E9A26F9802D6}.Release|Any CPU.ActiveCfg = Release|Any CPU
		{165D35AA-8573-4591-A491-E9A26F9802D6}.Release|Any CPU.Build.0 = Release|Any CPU
		{165D35AA-8573-4591-A491-E9A26F9802D6}.Release|x86.ActiveCfg = Release|x86
		{165D35AA-8573-4591-A491-E9A26F9802D6}.Release|x86.Build.0 = Release|x86
		{C84195CD-C0A0-46AA-9435-E45B6D2833BE}.Debug|Any CPU.ActiveCfg = Debug|Any CPU
		{C84195CD-C0A0-46AA-9435-E45B6D2833BE}.Debug|Any CPU.Build.0 = Debug|Any CPU
		{C84195CD-C0A0-46AA-9435-E45B6D2833BE}.Debug|x86.ActiveCfg = Debug|x86
		{C84195CD-C0A0-46AA-9435-E45B6D2833BE}.Debug|x86.Build.0 = Debug|x86
		{C84195CD-C0A0-46AA-9435-E45B6D2833BE}.Release|Any CPU.ActiveCfg = Release|Any CPU
		{C84195CD-C0A0-46AA-9435-E45B6D2833BE}.Release|Any CPU.Build.0 = Release|Any CPU
		{C84195CD-C0A0-46AA-9435-E45B6D2833BE}.Release|x86.ActiveCfg = Release|x86
		{C84195CD-C0A0-46AA-9435-E45B6D2833BE}.Release|x86.Build.0 = Release|x86
		{9FA13213-EC7A-4E62-9955-003200B56CFB}.Debug|Any CPU.ActiveCfg = Debug|Any CPU
		{9FA13213-EC7A-4E62-9955-003200B56CFB}.Debug|Any CPU.Build.0 = Debug|Any CPU
		{9FA13213-EC7A-4E62-9955-003200B56CFB}.Debug|x86.ActiveCfg = Debug|x86
		{9FA13213-EC7A-4E62-9955-003200B56CFB}.Debug|x86.Build.0 = Debug|x86
		{9FA13213-EC7A-4E62-9955-003200B56CFB}.Release|Any CPU.ActiveCfg = Release|Any CPU
		{9FA13213-EC7A-4E62-9955-003200B56CFB}.Release|Any CPU.Build.0 = Release|Any CPU
		{9FA13213-EC7A-4E62-9955-003200B56CFB}.Release|x86.ActiveCfg = Release|x86
		{9FA13213-EC7A-4E62-9955-003200B56CFB}.Release|x86.Build.0 = Release|x86
		{8DDA1375-574C-45F4-970D-714544C5D89E}.Debug|Any CPU.ActiveCfg = Debug|Any CPU
		{8DDA1375-574C-45F4-970D-714544C5D89E}.Debug|Any CPU.Build.0 = Debug|Any CPU
		{8DDA1375-574C-45F4-970D-714544C5D89E}.Debug|x86.ActiveCfg = Debug|x86
		{8DDA1375-574C-45F4-970D-714544C5D89E}.Debug|x86.Build.0 = Debug|x86
		{8DDA1375-574C-45F4-970D-714544C5D89E}.Release|Any CPU.ActiveCfg = Release|Any CPU
		{8DDA1375-574C-45F4-970D-714544C5D89E}.Release|Any CPU.Build.0 = Release|Any CPU
		{8DDA1375-574C-45F4-970D-714544C5D89E}.Release|x86.ActiveCfg = Release|x86
		{8DDA1375-574C-45F4-970D-714544C5D89E}.Release|x86.Build.0 = Release|x86
		{D57FC621-BC2F-48B8-804C-F836C0BD1B3C}.Debug|Any CPU.ActiveCfg = Debug|Any CPU
		{D57FC621-BC2F-48B8-804C-F836C0BD1B3C}.Debug|Any CPU.Build.0 = Debug|Any CPU
		{D57FC621-BC2F-48B8-804C-F836C0BD1B3C}.Debug|x86.ActiveCfg = Debug|x86
		{D57FC621-BC2F-48B8-804C-F836C0BD1B3C}.Debug|x86.Build.0 = Debug|x86
		{D57FC621-BC2F-48B8-804C-F836C0BD1B3C}.Release|Any CPU.ActiveCfg = Release|Any CPU
		{D57FC621-BC2F-48B8-804C-F836C0BD1B3C}.Release|Any CPU.Build.0 = Release|Any CPU
		{D57FC621-BC2F-48B8-804C-F836C0BD1B3C}.Release|x86.ActiveCfg = Release|x86
		{D57FC621-BC2F-48B8-804C-F836C0BD1B3C}.Release|x86.Build.0 = Release|x86
		{2DF2244A-3AC8-4BD6-8851-C2F34BD7A3D4}.Debug|Any CPU.ActiveCfg = Debug|Any CPU
		{2DF2244A-3AC8-4BD6-8851-C2F34BD7A3D4}.Debug|Any CPU.Build.0 = Debug|Any CPU
		{2DF2244A-3AC8-4BD6-8851-C2F34BD7A3D4}.Debug|x86.ActiveCfg = Debug|Any CPU
		{2DF2244A-3AC8-4BD6-8851-C2F34BD7A3D4}.Debug|x86.Build.0 = Debug|Any CPU
		{2DF2244A-3AC8-4BD6-8851-C2F34BD7A3D4}.Release|Any CPU.ActiveCfg = Release|Any CPU
		{2DF2244A-3AC8-4BD6-8851-C2F34BD7A3D4}.Release|Any CPU.Build.0 = Release|Any CPU
		{2DF2244A-3AC8-4BD6-8851-C2F34BD7A3D4}.Release|x86.ActiveCfg = Release|Any CPU
		{2DF2244A-3AC8-4BD6-8851-C2F34BD7A3D4}.Release|x86.Build.0 = Release|Any CPU
		{33C4D04E-0166-4024-8E2E-CFEEF79C9F84}.Debug|Any CPU.ActiveCfg = Debug|Any CPU
		{33C4D04E-0166-4024-8E2E-CFEEF79C9F84}.Debug|Any CPU.Build.0 = Debug|Any CPU
		{33C4D04E-0166-4024-8E2E-CFEEF79C9F84}.Debug|x86.ActiveCfg = Debug|x86
		{33C4D04E-0166-4024-8E2E-CFEEF79C9F84}.Debug|x86.Build.0 = Debug|x86
		{33C4D04E-0166-4024-8E2E-CFEEF79C9F84}.Release|Any CPU.ActiveCfg = Release|Any CPU
		{33C4D04E-0166-4024-8E2E-CFEEF79C9F84}.Release|Any CPU.Build.0 = Release|Any CPU
		{33C4D04E-0166-4024-8E2E-CFEEF79C9F84}.Release|x86.ActiveCfg = Release|x86
		{33C4D04E-0166-4024-8E2E-CFEEF79C9F84}.Release|x86.Build.0 = Release|x86
		{CDD36C59-C76C-4DFF-AD6C-28E8C085288B}.Debug|Any CPU.ActiveCfg = Debug|Any CPU
		{CDD36C59-C76C-4DFF-AD6C-28E8C085288B}.Debug|Any CPU.Build.0 = Debug|Any CPU
		{CDD36C59-C76C-4DFF-AD6C-28E8C085288B}.Debug|x86.ActiveCfg = Debug|x86
		{CDD36C59-C76C-4DFF-AD6C-28E8C085288B}.Debug|x86.Build.0 = Debug|x86
		{CDD36C59-C76C-4DFF-AD6C-28E8C085288B}.Release|Any CPU.ActiveCfg = Release|Any CPU
		{CDD36C59-C76C-4DFF-AD6C-28E8C085288B}.Release|Any CPU.Build.0 = Release|Any CPU
		{CDD36C59-C76C-4DFF-AD6C-28E8C085288B}.Release|x86.ActiveCfg = Release|x86
		{CDD36C59-C76C-4DFF-AD6C-28E8C085288B}.Release|x86.Build.0 = Release|x86
		{CF6F1962-2FA4-4987-895D-C6D24A5112F4}.Debug|Any CPU.ActiveCfg = Debug
		{CF6F1962-2FA4-4987-895D-C6D24A5112F4}.Debug|x86.ActiveCfg = Debug
		{CF6F1962-2FA4-4987-895D-C6D24A5112F4}.Release|Any CPU.ActiveCfg = Release
		{CF6F1962-2FA4-4987-895D-C6D24A5112F4}.Release|x86.ActiveCfg = Release
		{35D8878D-9BE5-4ADD-ABAD-62EE9AA84BE9}.Debug|Any CPU.ActiveCfg = Debug|Any CPU
		{35D8878D-9BE5-4ADD-ABAD-62EE9AA84BE9}.Debug|Any CPU.Build.0 = Debug|Any CPU
		{35D8878D-9BE5-4ADD-ABAD-62EE9AA84BE9}.Debug|x86.ActiveCfg = Debug|Any CPU
		{35D8878D-9BE5-4ADD-ABAD-62EE9AA84BE9}.Debug|x86.Build.0 = Debug|Any CPU
		{35D8878D-9BE5-4ADD-ABAD-62EE9AA84BE9}.Release|Any CPU.ActiveCfg = Release|Any CPU
		{35D8878D-9BE5-4ADD-ABAD-62EE9AA84BE9}.Release|Any CPU.Build.0 = Release|Any CPU
		{35D8878D-9BE5-4ADD-ABAD-62EE9AA84BE9}.Release|x86.ActiveCfg = Release|Any CPU
		{35D8878D-9BE5-4ADD-ABAD-62EE9AA84BE9}.Release|x86.Build.0 = Release|Any CPU
	EndGlobalSection
	GlobalSection(SolutionProperties) = preSolution
		HideSolutionNode = FALSE
	EndGlobalSection
	GlobalSection(NestedProjects) = preSolution
		{511CAC8B-8070-4562-A8C1-882F67C97B7C} = {70B5CA77-DB73-457A-A711-5C013B059AAB}
		{35B31171-5245-449F-8F40-AB626197789B} = {70B5CA77-DB73-457A-A711-5C013B059AAB}
		{5E54B9F1-7681-4F4E-AA81-FEBC39CA0476} = {70B5CA77-DB73-457A-A711-5C013B059AAB}
		{463D0CFD-915F-41ED-9807-D509EBE1124C} = {70B5CA77-DB73-457A-A711-5C013B059AAB}
		{D4A54A70-3BB5-4BE5-BEDB-3A41B6C43033} = {70B5CA77-DB73-457A-A711-5C013B059AAB}
		{85B03CB4-8949-440E-9370-0F3DD0FADC42} = {70B5CA77-DB73-457A-A711-5C013B059AAB}
		{CC070CA7-A305-43CC-996C-C5ED318F1D19} = {70B5CA77-DB73-457A-A711-5C013B059AAB}
		{7D34A7B9-BFA3-4824-B7B8-DDB5E8CF5D03} = {70B5CA77-DB73-457A-A711-5C013B059AAB}
		{3D45238F-0157-4405-9A31-AEA48EF9C63B} = {70B5CA77-DB73-457A-A711-5C013B059AAB}
		{AFEA0AB5-F77D-4DD4-9005-B6447B297AC3} = {3D45238F-0157-4405-9A31-AEA48EF9C63B}
		{F176E914-E0C9-45D9-8531-1BD54786EF46} = {3D45238F-0157-4405-9A31-AEA48EF9C63B}
		{3DF912C2-51EF-4B8C-AA22-17ABC2EFD58B} = {3D45238F-0157-4405-9A31-AEA48EF9C63B}
		{C10A45FC-9344-4787-8A17-8360DDF1EA92} = {70B5CA77-DB73-457A-A711-5C013B059AAB}
		{C8548661-C061-48E9-9F47-5D278DD9ABE8} = {C10A45FC-9344-4787-8A17-8360DDF1EA92}
		{042F31E3-71B6-4AC2-8AC3-B1620E15F62A} = {C10A45FC-9344-4787-8A17-8360DDF1EA92}
		{19DEEA79-AC15-44E8-9634-981D4E506C45} = {C10A45FC-9344-4787-8A17-8360DDF1EA92}
		{882C310A-2797-44C4-B928-D8971E74FC52} = {C10A45FC-9344-4787-8A17-8360DDF1EA92}
		{0BB9887E-2DC3-48A9-B454-0527669B52E1} = {C10A45FC-9344-4787-8A17-8360DDF1EA92}
		{E0054E3B-2912-429C-BD44-EB91D1C3B158} = {C10A45FC-9344-4787-8A17-8360DDF1EA92}
		{1CF56440-3A28-41E0-8A57-FEDFF7535FEA} = {C10A45FC-9344-4787-8A17-8360DDF1EA92}
		{4416544D-1006-41DB-BB34-E99D9E865DB0} = {C10A45FC-9344-4787-8A17-8360DDF1EA92}
		{E493F49C-61BB-49F5-B237-40EAC3805F86} = {70B5CA77-DB73-457A-A711-5C013B059AAB}
		{F6AAE40A-529D-4E1C-9D0B-A20B921CCB93} = {E493F49C-61BB-49F5-B237-40EAC3805F86}
		{7FF13B4B-B041-48CB-8C1B-52A17803A852} = {E493F49C-61BB-49F5-B237-40EAC3805F86}
		{FEBB253E-A5E0-42D4-905D-24F2B2AEEEE5} = {E493F49C-61BB-49F5-B237-40EAC3805F86}
		{525C5AF8-654B-417E-8FBF-D872D2D74466} = {E493F49C-61BB-49F5-B237-40EAC3805F86}
		{3D5D656F-C157-401E-AE30-5F35AEFC4DCA} = {70B5CA77-DB73-457A-A711-5C013B059AAB}
		{A38CA833-600C-47DE-B95E-2A2C880DC40D} = {3D5D656F-C157-401E-AE30-5F35AEFC4DCA}
		{CEC4BE87-986A-4621-8341-E57C4D05F96D} = {3D5D656F-C157-401E-AE30-5F35AEFC4DCA}
		{26F3CAF3-E68C-47C6-B960-94D550CB8BD4} = {3D5D656F-C157-401E-AE30-5F35AEFC4DCA}
		{0C2FE779-7323-43E4-BDD5-E747DD1CA728} = {3D5D656F-C157-401E-AE30-5F35AEFC4DCA}
		{AD76C02B-E7FB-49B7-B8B4-50A7F17E1D16} = {3D5D656F-C157-401E-AE30-5F35AEFC4DCA}
		{764EF976-64F0-4E24-951D-E99BE14FAAC4} = {3D5D656F-C157-401E-AE30-5F35AEFC4DCA}
		{B7FCC83A-995C-4A39-8F7D-8A4B783FEA9C} = {3D5D656F-C157-401E-AE30-5F35AEFC4DCA}
		{26D53DDA-8C96-44D5-B4F2-B27AD94AEF66} = {3D5D656F-C157-401E-AE30-5F35AEFC4DCA}
		{8F8AE632-09A2-4CB1-BE6D-CA712DB35F08} = {3D5D656F-C157-401E-AE30-5F35AEFC4DCA}
		{8DDC684D-FC45-4577-99C3-49B146285BC6} = {70B5CA77-DB73-457A-A711-5C013B059AAB}
		{4B95FD7A-F991-4331-AA5F-7AD1D76604DF} = {8DDC684D-FC45-4577-99C3-49B146285BC6}
		{8B7FA04B-F4FE-4178-9C28-1E00098A27B0} = {8DDC684D-FC45-4577-99C3-49B146285BC6}
		{38FD7175-244A-48BA-89AC-623E51EA964E} = {8DDC684D-FC45-4577-99C3-49B146285BC6}
		{B3616141-A0D7-4FF7-BCED-A56152686C07} = {70B5CA77-DB73-457A-A711-5C013B059AAB}
		{346E3C64-7497-4110-A350-38C774429C16} = {B3616141-A0D7-4FF7-BCED-A56152686C07}
		{CA199CCF-3E07-4F57-84E1-3CB6E5B44C2B} = {B3616141-A0D7-4FF7-BCED-A56152686C07}
		{184FEF52-FFEB-4A23-96BB-7BC1ED6299A5} = {B3616141-A0D7-4FF7-BCED-A56152686C07}
		{08B03E0C-2A45-479C-9E51-FBC6A4255D39} = {B3616141-A0D7-4FF7-BCED-A56152686C07}
		{4C1BD4D8-AC6D-4CE5-9FB5-7E1F25100DED} = {B3616141-A0D7-4FF7-BCED-A56152686C07}
		{8B0D936A-DF16-49B1-AE29-58909CF5D791} = {B3616141-A0D7-4FF7-BCED-A56152686C07}
		{0E366875-1A30-43C7-B418-CBD4E5FC78DB} = {B3616141-A0D7-4FF7-BCED-A56152686C07}
		{165D35AA-8573-4591-A491-E9A26F9802D6} = {B3616141-A0D7-4FF7-BCED-A56152686C07}
		{C84195CD-C0A0-46AA-9435-E45B6D2833BE} = {B3616141-A0D7-4FF7-BCED-A56152686C07}
		{9FA13213-EC7A-4E62-9955-003200B56CFB} = {B3616141-A0D7-4FF7-BCED-A56152686C07}
		{8DDA1375-574C-45F4-970D-714544C5D89E} = {B3616141-A0D7-4FF7-BCED-A56152686C07}
		{D57FC621-BC2F-48B8-804C-F836C0BD1B3C} = {70B5CA77-DB73-457A-A711-5C013B059AAB}
		{33C4D04E-0166-4024-8E2E-CFEEF79C9F84} = {48E9E576-042B-471C-A3D0-5E59BC1777CB}
		{CDD36C59-C76C-4DFF-AD6C-28E8C085288B} = {48E9E576-042B-471C-A3D0-5E59BC1777CB}
	EndGlobalSection
	GlobalSection(TeamFoundationVersionControl) = preSolution
		SccNumberOfProjects = 54
		SccEnterpriseProvider = {4CA58AB2-18FA-4F8D-95D4-32DDF27D184C}
		SccTeamFoundationServer = https://struggleendlessly.visualstudio.com/
		SccLocalPath0 = .
		SccProjectUniqueName1 = VrComPortSending\\ComPortPackages.Console\\ComPortPackages.Console.csproj
		SccProjectTopLevelParentUniqueName1 = VrProject.sln
		SccProjectName1 = VrComPortSending/ComPortPackages.Console
		SccLocalPath1 = VrComPortSending\\ComPortPackages.Console
		SccProjectUniqueName2 = VrComPortSending\\ComPortPackages.Core\\ComPortPackages.Core.csproj
		SccProjectTopLevelParentUniqueName2 = VrProject.sln
		SccProjectName2 = VrComPortSending/ComPortPackages.Core
		SccLocalPath2 = VrComPortSending\\ComPortPackages.Core
		SccProjectUniqueName3 = VrManager.Data\\VrManager.Data.csproj
		SccProjectName3 = VrManager.Data
		SccLocalPath3 = VrManager.Data
		SccProjectUniqueName4 = VrManager\\VrManager.csproj
		SccProjectName4 = VrManager
		SccLocalPath4 = VrManager
		SccProjectUniqueName5 = VrPlayer\\ScreenDefinition\\ScreenDefinition.csproj
		SccProjectTopLevelParentUniqueName5 = VrProject.sln
		SccProjectName5 = VrPlayer/ScreenDefinition
		SccLocalPath5 = VrPlayer\\ScreenDefinition
		SccProjectUniqueName6 = VrPlayer\\Vr.Licence.Generate\\Vr.Licence.Generate.csproj
		SccProjectTopLevelParentUniqueName6 = VrProject.sln
		SccProjectName6 = VrPlayer/Vr.Licence.Generate
		SccLocalPath6 = VrPlayer\\Vr.Licence.Generate
		SccProjectUniqueName7 = VrPlayer\\Vr.License\\Vr.License.csproj
		SccProjectTopLevelParentUniqueName7 = VrProject.sln
		SccProjectName7 = VrPlayer/Vr.License
		SccLocalPath7 = VrPlayer\\Vr.License
		SccProjectUniqueName8 = VrPlayer\\VrPlayer.Contracts\\VrPlayer.Contracts.csproj
		SccProjectTopLevelParentUniqueName8 = VrProject.sln
		SccProjectName8 = VrPlayer/VrPlayer.Contracts
		SccLocalPath8 = VrPlayer\\VrPlayer.Contracts
		SccProjectUniqueName9 = VrPlayer\\VrPlayer.Distortions\\VrPlayer.Distortions.Barrel\\VrPlayer.Distortions.Barrel.csproj
		SccProjectTopLevelParentUniqueName9 = VrProject.sln
		SccProjectName9 = VrPlayer/VrPlayer.Distortions/VrPlayer.Distortions.Barrel
		SccLocalPath9 = VrPlayer\\VrPlayer.Distortions\\VrPlayer.Distortions.Barrel
		SccProjectUniqueName10 = VrPlayer\\VrPlayer.Distortions\\VrPlayer.Distortions.NoDistortion\\VrPlayer.Distortions.NoDistortion.csproj
		SccProjectTopLevelParentUniqueName10 = VrProject.sln
		SccProjectName10 = VrPlayer/VrPlayer.Distortions/VrPlayer.Distortions.NoDistortion
		SccLocalPath10 = VrPlayer\\VrPlayer.Distortions\\VrPlayer.Distortions.NoDistortion
		SccProjectUniqueName11 = VrPlayer\\VrPlayer.Distortions\\VrPlayer.Distortions.Pincushion\\VrPlayer.Distortions.Pincushion.csproj
		SccProjectTopLevelParentUniqueName11 = VrProject.sln
		SccProjectName11 = VrPlayer/VrPlayer.Distortions/VrPlayer.Distortions.Pincushion
		SccLocalPath11 = VrPlayer\\VrPlayer.Distortions\\VrPlayer.Distortions.Pincushion
		SccProjectUniqueName12 = VrPlayer\\VrPlayer.Effects\\VrPlayer.Effects.Anaglyph\\VrPlayer.Effects.Anaglyph.csproj
		SccProjectTopLevelParentUniqueName12 = VrProject.sln
		SccProjectName12 = VrPlayer/VrPlayer.Effects/VrPlayer.Effects.Anaglyph
		SccLocalPath12 = VrPlayer\\VrPlayer.Effects\\VrPlayer.Effects.Anaglyph
		SccProjectUniqueName13 = VrPlayer\\VrPlayer.Effects\\VrPlayer.Effects.ColorKeyAlphaEffect\\VrPlayer.Effects.ColorKeyAlpha.csproj
		SccProjectTopLevelParentUniqueName13 = VrProject.sln
		SccProjectName13 = VrPlayer/VrPlayer.Effects/VrPlayer.Effects.ColorKeyAlphaEffect
		SccLocalPath13 = VrPlayer\\VrPlayer.Effects\\VrPlayer.Effects.ColorKeyAlphaEffect
		SccProjectUniqueName14 = VrPlayer\\VrPlayer.Effects\\VrPlayer.Effects.DepthMapOverUnder\\VrPlayer.Effects.DepthMapOverUnder.csproj
		SccProjectTopLevelParentUniqueName14 = VrProject.sln
		SccProjectName14 = VrPlayer/VrPlayer.Effects/VrPlayer.Effects.DepthMapOverUnder
		SccLocalPath14 = VrPlayer\\VrPlayer.Effects\\VrPlayer.Effects.DepthMapOverUnder
		SccProjectUniqueName15 = VrPlayer\\VrPlayer.Effects\\VrPlayer.Effects.DepthMapSbs\\VrPlayer.Effects.DepthMapSbs.csproj
		SccProjectTopLevelParentUniqueName15 = VrProject.sln
		SccProjectName15 = VrPlayer/VrPlayer.Effects/VrPlayer.Effects.DepthMapSbs
		SccLocalPath15 = VrPlayer\\VrPlayer.Effects\\VrPlayer.Effects.DepthMapSbs
		SccProjectUniqueName16 = VrPlayer\\VrPlayer.Effects\\VrPlayer.Effects.None\\VrPlayer.Effects.NoEffect.csproj
		SccProjectTopLevelParentUniqueName16 = VrProject.sln
		SccProjectName16 = VrPlayer/VrPlayer.Effects/VrPlayer.Effects.None
		SccLocalPath16 = VrPlayer\\VrPlayer.Effects\\VrPlayer.Effects.None
		SccProjectUniqueName17 = VrPlayer\\VrPlayer.Effects\\VrPlayer.Effects.Shazzam\\VrPlayer.Effects.Shazzam.csproj
		SccProjectTopLevelParentUniqueName17 = VrProject.sln
		SccProjectName17 = VrPlayer/VrPlayer.Effects/VrPlayer.Effects.Shazzam
		SccLocalPath17 = VrPlayer\\VrPlayer.Effects\\VrPlayer.Effects.Shazzam
		SccProjectUniqueName18 = VrPlayer\\VrPlayer.Effects\\VrPlayer.Effects.UnwrapFishEye\\VrPlayer.Effects.UnwrapFishEye.csproj
		SccProjectTopLevelParentUniqueName18 = VrProject.sln
		SccProjectName18 = VrPlayer/VrPlayer.Effects/VrPlayer.Effects.UnwrapFishEye
		SccLocalPath18 = VrPlayer\\VrPlayer.Effects\\VrPlayer.Effects.UnwrapFishEye
		SccProjectUniqueName19 = VrPlayer\\VrPlayer.Effects\\VrPlayer.Effects.UnwrapFishEyeStereo\\VrPlayer.Effects.UnwrapFishEyeStereo.csproj
		SccProjectTopLevelParentUniqueName19 = VrProject.sln
		SccProjectName19 = VrPlayer/VrPlayer.Effects/VrPlayer.Effects.UnwrapFishEyeStereo
		SccLocalPath19 = VrPlayer\\VrPlayer.Effects\\VrPlayer.Effects.UnwrapFishEyeStereo
		SccProjectUniqueName20 = VrPlayer\\VrPlayer.Helpers\\VrPlayer.Helpers.csproj
		SccProjectTopLevelParentUniqueName20 = VrProject.sln
		SccProjectName20 = VrPlayer/VrPlayer.Helpers
		SccLocalPath20 = VrPlayer\\VrPlayer.Helpers
		SccProjectUniqueName21 = VrPlayer\\VrPlayer.Licence.Client\\VrPlayer.Licence.Client.csproj
		SccProjectTopLevelParentUniqueName21 = VrProject.sln
		SccProjectName21 = VrPlayer/VrPlayer.Licence.Client
		SccLocalPath21 = VrPlayer\\VrPlayer.Licence.Client
		SccProjectUniqueName22 = VrPlayer\\VrPlayer.Medias\\VrPlayer.Medias.Gdi\\VrPlayer.Medias.Gdi.csproj
		SccProjectTopLevelParentUniqueName22 = VrProject.sln
		SccProjectName22 = VrPlayer/VrPlayer.Medias/VrPlayer.Medias.Gdi
		SccLocalPath22 = VrPlayer\\VrPlayer.Medias\\VrPlayer.Medias.Gdi
		SccProjectUniqueName23 = VrPlayer\\VrPlayer.Medias\\VrPlayer.Medias.NoMedia\\VrPlayer.Medias.NoMedia.csproj
		SccProjectTopLevelParentUniqueName23 = VrProject.sln
		SccProjectName23 = VrPlayer/VrPlayer.Medias/VrPlayer.Medias.NoMedia
		SccLocalPath23 = VrPlayer\\VrPlayer.Medias\\VrPlayer.Medias.NoMedia
		SccProjectUniqueName24 = VrPlayer\\VrPlayer.Medias\\VrPlayer.Medias.VlcDotNet\\VrPlayer.Medias.VlcDotNet.csproj
		SccProjectTopLevelParentUniqueName24 = VrProject.sln
		SccProjectName24 = VrPlayer/VrPlayer.Medias/VrPlayer.Medias.VlcDotNet
		SccLocalPath24 = VrPlayer\\VrPlayer.Medias\\VrPlayer.Medias.VlcDotNet
		SccProjectUniqueName25 = VrPlayer\\VrPlayer.Medias\\VrPlayer.Medias.WpfMediaKit\\VrPlayer.Medias.WpfMediaKit.csproj
		SccProjectTopLevelParentUniqueName25 = VrProject.sln
		SccProjectName25 = VrPlayer/VrPlayer.Medias/VrPlayer.Medias.WpfMediaKit
		SccLocalPath25 = VrPlayer\\VrPlayer.Medias\\VrPlayer.Medias.WpfMediaKit
		SccProjectUniqueName26 = VrPlayer\\VrPlayer.Projections\\VrPlayer.Projections.Cube\\VrPlayer.Projections.Cube.csproj
		SccProjectTopLevelParentUniqueName26 = VrProject.sln
		SccProjectName26 = VrPlayer/VrPlayer.Projections/VrPlayer.Projections.Cube
		SccLocalPath26 = VrPlayer\\VrPlayer.Projections\\VrPlayer.Projections.Cube
		SccProjectUniqueName27 = VrPlayer\\VrPlayer.Projections\\VrPlayer.Projections.Cylinder\\VrPlayer.Projections.Cylinder.csproj
		SccProjectTopLevelParentUniqueName27 = VrProject.sln
		SccProjectName27 = VrPlayer/VrPlayer.Projections/VrPlayer.Projections.Cylinder
		SccLocalPath27 = VrPlayer\\VrPlayer.Projections\\VrPlayer.Projections.Cylinder
		SccProjectUniqueName28 = VrPlayer\\VrPlayer.Projections\\VrPlayer.Projections.Dome\\VrPlayer.Projections.Dome.csproj
		SccProjectTopLevelParentUniqueName28 = VrProject.sln
		SccProjectName28 = VrPlayer/VrPlayer.Projections/VrPlayer.Projections.Dome
		SccLocalPath28 = VrPlayer\\VrPlayer.Projections\\VrPlayer.Projections.Dome
		SccProjectUniqueName29 = VrPlayer\\VrPlayer.Projections\\VrPlayer.Projections.DualDome\\VrPlayer.Projections.DualDome.csproj
		SccProjectTopLevelParentUniqueName29 = VrProject.sln
		SccProjectName29 = VrPlayer/VrPlayer.Projections/VrPlayer.Projections.DualDome
		SccLocalPath29 = VrPlayer\\VrPlayer.Projections\\VrPlayer.Projections.DualDome
		SccProjectUniqueName30 = VrPlayer\\VrPlayer.Projections\\VrPlayer.Projections.DualFullDome\\VrPlayer.Projections.DualFullDome.csproj
		SccProjectTopLevelParentUniqueName30 = VrProject.sln
		SccProjectName30 = VrPlayer/VrPlayer.Projections/VrPlayer.Projections.DualFullDome
		SccLocalPath30 = VrPlayer\\VrPlayer.Projections\\VrPlayer.Projections.DualFullDome
		SccProjectUniqueName31 = VrPlayer\\VrPlayer.Projections\\VrPlayer.Projections.File\\VrPlayer.Projections.File.csproj
		SccProjectTopLevelParentUniqueName31 = VrProject.sln
		SccProjectName31 = VrPlayer/VrPlayer.Projections/VrPlayer.Projections.File
		SccLocalPath31 = VrPlayer\\VrPlayer.Projections\\VrPlayer.Projections.File
		SccProjectUniqueName32 = VrPlayer\\VrPlayer.Projections\\VrPlayer.Projections.FullDome\\VrPlayer.Projections.FullDome.csproj
		SccProjectTopLevelParentUniqueName32 = VrProject.sln
		SccProjectName32 = VrPlayer/VrPlayer.Projections/VrPlayer.Projections.FullDome
		SccLocalPath32 = VrPlayer\\VrPlayer.Projections\\VrPlayer.Projections.FullDome
		SccProjectUniqueName33 = VrPlayer\\VrPlayer.Projections\\VrPlayer.Projections.Plane\\VrPlayer.Projections.Plane.csproj
		SccProjectTopLevelParentUniqueName33 = VrProject.sln
		SccProjectName33 = VrPlayer/VrPlayer.Projections/VrPlayer.Projections.Plane
		SccLocalPath33 = VrPlayer\\VrPlayer.Projections\\VrPlayer.Projections.Plane
		SccProjectUniqueName34 = VrPlayer\\VrPlayer.Projections\\VrPlayer.Projections.Sphere\\VrPlayer.Projections.Sphere.csproj
		SccProjectTopLevelParentUniqueName34 = VrProject.sln
		SccProjectName34 = VrPlayer/VrPlayer.Projections/VrPlayer.Projections.Sphere
		SccLocalPath34 = VrPlayer\\VrPlayer.Projections\\VrPlayer.Projections.Sphere
		SccProjectUniqueName35 = VrPlayer\\VrPlayer.Specs\\VrPlayer.Specs.csproj
		SccProjectTopLevelParentUniqueName35 = VrProject.sln
		SccProjectName35 = VrPlayer/VrPlayer.Specs
		SccLocalPath35 = VrPlayer\\VrPlayer.Specs
		SccProjectUniqueName36 = VrPlayer\\VrPlayer.Stabilizers\\VrPlayer.Stabilizers.Csv\\VrPlayer.Stabilizers.Csv.csproj
		SccProjectTopLevelParentUniqueName36 = VrProject.sln
		SccProjectName36 = VrPlayer/VrPlayer.Stabilizers/VrPlayer.Stabilizers.Csv
		SccLocalPath36 = VrPlayer\\VrPlayer.Stabilizers\\VrPlayer.Stabilizers.Csv
		SccProjectUniqueName37 = VrPlayer\\VrPlayer.Stabilizers\\VrPlayer.Stabilizers.Deshaker\\VrPlayer.Stabilizers.Deshaker.csproj
		SccProjectTopLevelParentUniqueName37 = VrProject.sln
		SccProjectName37 = VrPlayer/VrPlayer.Stabilizers/VrPlayer.Stabilizers.Deshaker
		SccLocalPath37 = VrPlayer\\VrPlayer.Stabilizers\\VrPlayer.Stabilizers.Deshaker
		SccProjectUniqueName38 = VrPlayer\\VrPlayer.Stabilizers\\VrPlayer.Stabilizers.NoStabilizer\\VrPlayer.Stabilizers.NoStabilizer.csproj
		SccProjectTopLevelParentUniqueName38 = VrProject.sln
		SccProjectName38 = VrPlayer/VrPlayer.Stabilizers/VrPlayer.Stabilizers.NoStabilizer
		SccLocalPath38 = VrPlayer\\VrPlayer.Stabilizers\\VrPlayer.Stabilizers.NoStabilizer
		SccProjectUniqueName39 = VrPlayer\\VrPlayer.Trackers\\VrPlayer.Trackers.KinectTracker\\VrPlayer.Trackers.KinectTracker.csproj
		SccProjectTopLevelParentUniqueName39 = VrProject.sln
		SccProjectName39 = VrPlayer/VrPlayer.Trackers/VrPlayer.Trackers.KinectTracker
		SccLocalPath39 = VrPlayer\\VrPlayer.Trackers\\VrPlayer.Trackers.KinectTracker
		SccProjectUniqueName40 = VrPlayer\\VrPlayer.Trackers\\VrPlayer.Trackers.LeapTracker\\VrPlayer.Trackers.LeapTracker.csproj
		SccProjectTopLevelParentUniqueName40 = VrProject.sln
		SccProjectName40 = VrPlayer/VrPlayer.Trackers/VrPlayer.Trackers.LeapTracker
		SccLocalPath40 = VrPlayer\\VrPlayer.Trackers\\VrPlayer.Trackers.LeapTracker
		SccProjectUniqueName41 = VrPlayer\\VrPlayer.Trackers\\VrPlayer.Trackers.MouseTracker\\VrPlayer.Trackers.MouseTracker.csproj
		SccProjectTopLevelParentUniqueName41 = VrProject.sln
		SccProjectName41 = VrPlayer/VrPlayer.Trackers/VrPlayer.Trackers.MouseTracker
		SccLocalPath41 = VrPlayer\\VrPlayer.Trackers\\VrPlayer.Trackers.MouseTracker
		SccProjectUniqueName42 = VrPlayer\\VrPlayer.Trackers\\VrPlayer.Trackers.NoTracker\\VrPlayer.Trackers.NoTracker.csproj
		SccProjectTopLevelParentUniqueName42 = VrProject.sln
		SccProjectName42 = VrPlayer/VrPlayer.Trackers/VrPlayer.Trackers.NoTracker
		SccLocalPath42 = VrPlayer\\VrPlayer.Trackers\\VrPlayer.Trackers.NoTracker
		SccProjectUniqueName43 = VrPlayer\\VrPlayer.Trackers\\VrPlayer.Trackers.OculusRiftTracker\\VrPlayer.Trackers.OculusRiftTracker.csproj
		SccProjectTopLevelParentUniqueName43 = VrProject.sln
		SccProjectName43 = VrPlayer/VrPlayer.Trackers/VrPlayer.Trackers.OculusRiftTracker
		SccLocalPath43 = VrPlayer\\VrPlayer.Trackers\\VrPlayer.Trackers.OculusRiftTracker
		SccProjectUniqueName44 = VrPlayer\\VrPlayer.Trackers\\VrPlayer.Trackers.PsMoveTracker\\VrPlayer.Trackers.PsMoveTracker.csproj
		SccProjectTopLevelParentUniqueName44 = VrProject.sln
		SccProjectName44 = VrPlayer/VrPlayer.Trackers/VrPlayer.Trackers.PsMoveTracker
		SccLocalPath44 = VrPlayer\\VrPlayer.Trackers\\VrPlayer.Trackers.PsMoveTracker
		SccProjectUniqueName45 = VrPlayer\\VrPlayer.Trackers\\VrPlayer.Trackers.RazerHydraTracker\\VrPlayer.Trackers.RazerHydraTracker.csproj
		SccProjectTopLevelParentUniqueName45 = VrProject.sln
		SccProjectName45 = VrPlayer/VrPlayer.Trackers/VrPlayer.Trackers.RazerHydraTracker
		SccLocalPath45 = VrPlayer\\VrPlayer.Trackers\\VrPlayer.Trackers.RazerHydraTracker
		SccProjectUniqueName46 = VrPlayer\\VrPlayer.Trackers\\VrPlayer.Trackers.TrackIrTracker\\VrPlayer.Trackers.TrackIrTracker.csproj
		SccProjectTopLevelParentUniqueName46 = VrProject.sln
		SccProjectName46 = VrPlayer/VrPlayer.Trackers/VrPlayer.Trackers.TrackIrTracker
		SccLocalPath46 = VrPlayer\\VrPlayer.Trackers\\VrPlayer.Trackers.TrackIrTracker
		SccProjectUniqueName47 = VrPlayer\\VrPlayer.Trackers\\VrPlayer.Trackers.VrpnTracker\\VrPlayer.Trackers.VrpnTracker.csproj
		SccProjectTopLevelParentUniqueName47 = VrProject.sln
		SccProjectName47 = VrPlayer/VrPlayer.Trackers/VrPlayer.Trackers.VrpnTracker
		SccLocalPath47 = VrPlayer\\VrPlayer.Trackers\\VrPlayer.Trackers.VrpnTracker
		SccProjectUniqueName48 = VrPlayer\\VrPlayer.Trackers\\VrPlayer.Trackers.WiimoteTracker\\VrPlayer.Trackers.WiimoteTracker.csproj
		SccProjectTopLevelParentUniqueName48 = VrProject.sln
		SccProjectName48 = VrPlayer/VrPlayer.Trackers/VrPlayer.Trackers.WiimoteTracker
		SccLocalPath48 = VrPlayer\\VrPlayer.Trackers\\VrPlayer.Trackers.WiimoteTracker
		SccProjectUniqueName49 = VrPlayer\\VrPlayer.Trackers\\VrPlayer.Trackers.YEI3SpaceTracker\\VrPlayer.Trackers.YEI3SpaceTracker.csproj
		SccProjectTopLevelParentUniqueName49 = VrProject.sln
		SccProjectName49 = VrPlayer/VrPlayer.Trackers/VrPlayer.Trackers.YEI3SpaceTracker
		SccLocalPath49 = VrPlayer\\VrPlayer.Trackers\\VrPlayer.Trackers.YEI3SpaceTracker
		SccProjectUniqueName50 = VrPlayer\\VrPlayer\\VrPlayer.csproj
		SccProjectTopLevelParentUniqueName50 = VrProject.sln
		SccProjectName50 = VrPlayer/VrPlayer
		SccLocalPath50 = VrPlayer\\VrPlayer
		SccProjectUniqueName51 = VrPlayer\\VrPlayer.Setup\\VrPlayer.Setup.vdproj
		SccProjectTopLevelParentUniqueName51 = VrProject.sln
		SccProjectName51 = VrPlayer/VrPlayer.Setup
		SccLocalPath51 = VrPlayer\\VrPlayer.Setup
		SccProjectUniqueName52 = VrManager.Setup\\VrManager.Setup.vdproj
		SccProjectName52 = VrManager.Setup
		SccLocalPath52 = VrManager.Setup
		SccProjectUniqueName53 = LicenseCreator\\LicenseCreator.csproj
		SccProjectName53 = LicenseCreator
		SccLocalPath53 = LicenseCreator
	EndGlobalSection
EndGlobal
